<?xml version="1.0" encoding="utf-8"?>
<Project ToolsVersion="4.0" xmlns="http://schemas.microsoft.com/developer/msbuild/2003">
  <ItemGroup>
    <Filter Include="Source Files">
      <UniqueIdentifier>{4FC737F1-C7A5-4376-A066-2A32D752A2FF}</UniqueIdentifier>
      <Extensions>cpp;c;cc;cxx;def;odl;idl;hpj;bat;asm;asmx</Extensions>
    </Filter>
    <Filter Include="Header Files">
      <UniqueIdentifier>{93995380-89BD-4b04-88EB-625FBE52EBFB}</UniqueIdentifier>
      <Extensions>h;hpp;hxx;hm;inl;inc;xsd</Extensions>
    </Filter>
    <Filter Include="Header Files\audiosystems">
      <UniqueIdentifier>{9a4c43aa-a1fe-4e74-846c-d2d9c7ff1d89}</UniqueIdentifier>
    </Filter>
    <Filter Include="Source Files\audiosystems">
      <UniqueIdentifier>{a5d68b12-7cd6-482a-a897-31b980118b19}</UniqueIdentifier>
    </Filter>
    <Filter Include="Source Files\decoders">
      <UniqueIdentifier>{702009bc-a09b-428c-bcf0-41664c26dbf6}</UniqueIdentifier>
    </Filter>
    <Filter Include="Header Files\decoders">
      <UniqueIdentifier>{f2ce05a8-226a-43ed-8496-c44f1a9a62d2}</UniqueIdentifier>
    </Filter>
  </ItemGroup>
  <ItemGroup>
    <ClCompile Include="src\AudioManager.cpp">
      <Filter>Source Files</Filter>
    </ClCompile>
    <ClCompile Include="audiosystems\DirectSound\DirectSound_AudioManager.cpp">
      <Filter>Source Files\audiosystems</Filter>
    </ClCompile>
    <ClCompile Include="audiosystems\OpenAL\OpenAL_AudioManager.cpp">
      <Filter>Source Files\audiosystems</Filter>
    </ClCompile>
    <ClCompile Include="src\xal.cpp">
      <Filter>Source Files</Filter>
    </ClCompile>
    <ClCompile Include="src\Player.cpp">
      <Filter>Source Files</Filter>
    </ClCompile>
    <ClCompile Include="src\Buffer.cpp">
      <Filter>Source Files</Filter>
    </ClCompile>
    <ClCompile Include="src\Category.cpp">
      <Filter>Source Files</Filter>
    </ClCompile>
    <ClCompile Include="audiosystems\OpenAL\OpenAL_Player.cpp">
      <Filter>Source Files\audiosystems</Filter>
    </ClCompile>
    <ClCompile Include="decoders\OGG_Decoder.cpp">
      <Filter>Source Files\decoders</Filter>
    </ClCompile>
    <ClCompile Include="src\Decoder.cpp">
      <Filter>Source Files</Filter>
    </ClCompile>
    <ClCompile Include="audiosystems\DirectSound\DirectSound_Player.cpp">
      <Filter>Source Files\audiosystems</Filter>
    </ClCompile>
    <ClCompile Include="audiosystems\SDL\SDL_AudioManager.cpp">
      <Filter>Source Files\audiosystems</Filter>
    </ClCompile>
    <ClCompile Include="audiosystems\SDL\SDL_Player.cpp">
      <Filter>Source Files\audiosystems</Filter>
    </ClCompile>
    <ClCompile Include="src\Sound.cpp">
      <Filter>Source Files</Filter>
    </ClCompile>
  </ItemGroup>
  <ItemGroup>
    <ClInclude Include="src\Endianess.h">
      <Filter>Source Files</Filter>
    </ClInclude>
    <ClInclude Include="include\xal\AudioManager.h">
      <Filter>Header Files</Filter>
    </ClInclude>
    <ClInclude Include="include\xal\xalExport.h">
      <Filter>Header Files</Filter>
    </ClInclude>
    <ClInclude Include="audiosystems\DirectSound\DirectSound_AudioManager.h">
      <Filter>Header Files\audiosystems</Filter>
    </ClInclude>
    <ClInclude Include="audiosystems\OpenAL\OpenAL_AudioManager.h">
      <Filter>Header Files\audiosystems</Filter>
    </ClInclude>
    <ClInclude Include="include\xal\xal.h">
      <Filter>Header Files</Filter>
    </ClInclude>
    <ClInclude Include="include\xal\Buffer.h">
      <Filter>Header Files</Filter>
    </ClInclude>
    <ClInclude Include="include\xal\Player.h">
      <Filter>Header Files</Filter>
    </ClInclude>
    <ClInclude Include="include\xal\Category.h">
      <Filter>Header Files</Filter>
    </ClInclude>
    <ClInclude Include="audiosystems\OpenAL\OpenAL_Player.h">
      <Filter>Header Files\audiosystems</Filter>
    </ClInclude>
    <ClInclude Include="decoders\OGG_Decoder.h">
      <Filter>Header Files\decoders</Filter>
    </ClInclude>
    <ClInclude Include="include\xal\Decoder.h">
      <Filter>Header Files</Filter>
    </ClInclude>
    <ClInclude Include="audiosystems\DirectSound\DirectSound_Player.h">
      <Filter>Header Files\audiosystems</Filter>
    </ClInclude>
    <ClInclude Include="audiosystems\SDL\SDL_AudioManager.h">
      <Filter>Header Files\audiosystems</Filter>
    </ClInclude>
    <ClInclude Include="audiosystems\SDL\SDL_Player.h">
      <Filter>Header Files\audiosystems</Filter>
    </ClInclude>
    <ClInclude Include="include\xal\Sound.h">
      <Filter>Header Files</Filter>
    </ClInclude>
  </ItemGroup>
</Project>