
Microsoft Visual Studio Solution File, Format Version 12.00
# Visual Studio Express 2012 for Windows 8
Project("{8BC9CEB8-8B4A-11D0-8D11-00A0C91BC942}") = "libxal", "libxal_WinRT.vcxproj", "{6B6C070B-7DD7-41B9-8DD7-12AFBF0F6C08}"
	ProjectSection(ProjectDependencies) = postProject
		{3A214E06-B95E-4D61-A291-1F8DF2EC10FD} = {3A214E06-B95E-4D61-A291-1F8DF2EC10FD}
		{CEBDE98B-A6AA-46E6-BC79-FAAF823DB9EC} = {CEBDE98B-A6AA-46E6-BC79-FAAF823DB9EC}
	EndProjectSection
EndProject
Project("{8BC9CEB8-8B4A-11D0-8D11-00A0C91BC942}") = "libhltypes", "..\hltypes\libhltypes_WinRT.vcxproj", "{E4D373BF-E227-48B9-99E6-84987E8674EC}"
EndProject
Project("{8BC9CEB8-8B4A-11D0-8D11-00A0C91BC942}") = "libxalutil", "xalutil\libxalutil_WinRT.vcxproj", "{B3E8DF67-FEE1-4660-902C-3D31D1F0735F}"
	ProjectSection(ProjectDependencies) = postProject
		{6B6C070B-7DD7-41B9-8DD7-12AFBF0F6C08} = {6B6C070B-7DD7-41B9-8DD7-12AFBF0F6C08}
	EndProjectSection
EndProject
Project("{8BC9CEB8-8B4A-11D0-8D11-00A0C91BC942}") = "demo_simple", "demos\demo_simple\demo_simple_WinRT.vcxproj", "{8ED4EDB5-7C0E-411F-BCC6-E96882CC73F3}"
EndProject
Project("{8BC9CEB8-8B4A-11D0-8D11-00A0C91BC942}") = "demo_test", "demos\demo_test\demo_test_WinRT.vcxproj", "{4F1CA1B9-AB81-4B23-9A26-DEA67B983744}"
EndProject
Project("{8BC9CEB8-8B4A-11D0-8D11-00A0C91BC942}") = "libogg", "..\ogg\win32\VS2012-WinRT\libogg_dynamic.vcxproj", "{15CBFEFF-7965-41F5-B4E2-21E8795C9159}"
EndProject
Project("{8BC9CEB8-8B4A-11D0-8D11-00A0C91BC942}") = "libvorbis", "..\vorbis\win32\VS2012-WinRT\libvorbis\libvorbis_dynamic.vcxproj", "{3A214E06-B95E-4D61-A291-1F8DF2EC10FD}"
EndProject
Project("{8BC9CEB8-8B4A-11D0-8D11-00A0C91BC942}") = "libvorbisfile", "..\vorbis\win32\VS2012-WinRT\libvorbisfile\libvorbisfile_dynamic.vcxproj", "{CEBDE98B-A6AA-46E6-BC79-FAAF823DB9EC}"
	ProjectSection(ProjectDependencies) = postProject
		{15CBFEFF-7965-41F5-B4E2-21E8795C9159} = {15CBFEFF-7965-41F5-B4E2-21E8795C9159}
	EndProjectSection
EndProject
Global
	GlobalSection(SolutionConfigurationPlatforms) = preSolution
		Debug|ARM = Debug|ARM
		Debug|Win32 = Debug|Win32
		DebugP8|ARM = DebugP8|ARM
		DebugP8|Win32 = DebugP8|Win32
		Release|ARM = Release|ARM
		Release|Win32 = Release|Win32
		ReleaseP8|ARM = ReleaseP8|ARM
		ReleaseP8|Win32 = ReleaseP8|Win32
	EndGlobalSection
	GlobalSection(ProjectConfigurationPlatforms) = postSolution
		{6B6C070B-7DD7-41B9-8DD7-12AFBF0F6C08}.Debug|ARM.ActiveCfg = Debug_XAudio2|ARM
		{6B6C070B-7DD7-41B9-8DD7-12AFBF0F6C08}.Debug|ARM.Build.0 = Debug_XAudio2|ARM
		{6B6C070B-7DD7-41B9-8DD7-12AFBF0F6C08}.Debug|Win32.ActiveCfg = Debug_XAudio2|Win32
		{6B6C070B-7DD7-41B9-8DD7-12AFBF0F6C08}.Debug|Win32.Build.0 = Debug_XAudio2|Win32
		{6B6C070B-7DD7-41B9-8DD7-12AFBF0F6C08}.DebugP8|ARM.ActiveCfg = DebugP8_XAudio2|ARM
		{6B6C070B-7DD7-41B9-8DD7-12AFBF0F6C08}.DebugP8|ARM.Build.0 = DebugP8_XAudio2|ARM
		{6B6C070B-7DD7-41B9-8DD7-12AFBF0F6C08}.DebugP8|Win32.ActiveCfg = DebugP8_XAudio2|Win32
		{6B6C070B-7DD7-41B9-8DD7-12AFBF0F6C08}.DebugP8|Win32.Build.0 = DebugP8_XAudio2|Win32
		{6B6C070B-7DD7-41B9-8DD7-12AFBF0F6C08}.Release|ARM.ActiveCfg = Release_XAudio2|ARM
		{6B6C070B-7DD7-41B9-8DD7-12AFBF0F6C08}.Release|ARM.Build.0 = Release_XAudio2|ARM
		{6B6C070B-7DD7-41B9-8DD7-12AFBF0F6C08}.Release|Win32.ActiveCfg = Release_XAudio2|Win32
		{6B6C070B-7DD7-41B9-8DD7-12AFBF0F6C08}.Release|Win32.Build.0 = Release_XAudio2|Win32
		{6B6C070B-7DD7-41B9-8DD7-12AFBF0F6C08}.ReleaseP8|ARM.ActiveCfg = ReleaseP8_XAudio2|ARM
		{6B6C070B-7DD7-41B9-8DD7-12AFBF0F6C08}.ReleaseP8|ARM.Build.0 = ReleaseP8_XAudio2|ARM
		{6B6C070B-7DD7-41B9-8DD7-12AFBF0F6C08}.ReleaseP8|Win32.ActiveCfg = ReleaseP8_XAudio2|Win32
		{6B6C070B-7DD7-41B9-8DD7-12AFBF0F6C08}.ReleaseP8|Win32.Build.0 = ReleaseP8_XAudio2|Win32
		{E4D373BF-E227-48B9-99E6-84987E8674EC}.Debug|ARM.ActiveCfg = Debug|ARM
		{E4D373BF-E227-48B9-99E6-84987E8674EC}.Debug|ARM.Build.0 = Debug|ARM
		{E4D373BF-E227-48B9-99E6-84987E8674EC}.Debug|Win32.ActiveCfg = Debug|Win32
		{E4D373BF-E227-48B9-99E6-84987E8674EC}.Debug|Win32.Build.0 = Debug|Win32
		{E4D373BF-E227-48B9-99E6-84987E8674EC}.DebugP8|ARM.ActiveCfg = DebugP8|ARM
		{E4D373BF-E227-48B9-99E6-84987E8674EC}.DebugP8|ARM.Build.0 = DebugP8|ARM
		{E4D373BF-E227-48B9-99E6-84987E8674EC}.DebugP8|Win32.ActiveCfg = DebugP8|Win32
		{E4D373BF-E227-48B9-99E6-84987E8674EC}.DebugP8|Win32.Build.0 = DebugP8|Win32
		{E4D373BF-E227-48B9-99E6-84987E8674EC}.Release|ARM.ActiveCfg = Release|ARM
		{E4D373BF-E227-48B9-99E6-84987E8674EC}.Release|ARM.Build.0 = Release|ARM
		{E4D373BF-E227-48B9-99E6-84987E8674EC}.Release|Win32.ActiveCfg = Release|Win32
		{E4D373BF-E227-48B9-99E6-84987E8674EC}.Release|Win32.Build.0 = Release|Win32
		{E4D373BF-E227-48B9-99E6-84987E8674EC}.ReleaseP8|ARM.ActiveCfg = ReleaseP8|ARM
		{E4D373BF-E227-48B9-99E6-84987E8674EC}.ReleaseP8|ARM.Build.0 = ReleaseP8|ARM
		{E4D373BF-E227-48B9-99E6-84987E8674EC}.ReleaseP8|Win32.ActiveCfg = ReleaseP8|Win32
		{E4D373BF-E227-48B9-99E6-84987E8674EC}.ReleaseP8|Win32.Build.0 = ReleaseP8|Win32
		{B3E8DF67-FEE1-4660-902C-3D31D1F0735F}.Debug|ARM.ActiveCfg = Debug|ARM
		{B3E8DF67-FEE1-4660-902C-3D31D1F0735F}.Debug|ARM.Build.0 = Debug|ARM
		{B3E8DF67-FEE1-4660-902C-3D31D1F0735F}.Debug|Win32.ActiveCfg = Debug|Win32
		{B3E8DF67-FEE1-4660-902C-3D31D1F0735F}.Debug|Win32.Build.0 = Debug|Win32
		{B3E8DF67-FEE1-4660-902C-3D31D1F0735F}.DebugP8|ARM.ActiveCfg = DebugP8|ARM
		{B3E8DF67-FEE1-4660-902C-3D31D1F0735F}.DebugP8|ARM.Build.0 = DebugP8|ARM
		{B3E8DF67-FEE1-4660-902C-3D31D1F0735F}.DebugP8|Win32.ActiveCfg = DebugP8|Win32
		{B3E8DF67-FEE1-4660-902C-3D31D1F0735F}.DebugP8|Win32.Build.0 = DebugP8|Win32
		{B3E8DF67-FEE1-4660-902C-3D31D1F0735F}.Release|ARM.ActiveCfg = Release|ARM
		{B3E8DF67-FEE1-4660-902C-3D31D1F0735F}.Release|ARM.Build.0 = Release|ARM
		{B3E8DF67-FEE1-4660-902C-3D31D1F0735F}.Release|Win32.ActiveCfg = Release|Win32
		{B3E8DF67-FEE1-4660-902C-3D31D1F0735F}.Release|Win32.Build.0 = Release|Win32
		{B3E8DF67-FEE1-4660-902C-3D31D1F0735F}.ReleaseP8|ARM.ActiveCfg = ReleaseP8|ARM
		{B3E8DF67-FEE1-4660-902C-3D31D1F0735F}.ReleaseP8|ARM.Build.0 = ReleaseP8|ARM
		{B3E8DF67-FEE1-4660-902C-3D31D1F0735F}.ReleaseP8|Win32.ActiveCfg = ReleaseP8|Win32
		{B3E8DF67-FEE1-4660-902C-3D31D1F0735F}.ReleaseP8|Win32.Build.0 = ReleaseP8|Win32
		{8ED4EDB5-7C0E-411F-BCC6-E96882CC73F3}.Debug|ARM.ActiveCfg = Debug|Win32
		{8ED4EDB5-7C0E-411F-BCC6-E96882CC73F3}.Debug|Win32.ActiveCfg = Debug|Win32
		{8ED4EDB5-7C0E-411F-BCC6-E96882CC73F3}.DebugP8|ARM.ActiveCfg = Debug|Win32
		{8ED4EDB5-7C0E-411F-BCC6-E96882CC73F3}.DebugP8|Win32.ActiveCfg = Debug|Win32
		{8ED4EDB5-7C0E-411F-BCC6-E96882CC73F3}.DebugP8|Win32.Build.0 = Debug|Win32
		{8ED4EDB5-7C0E-411F-BCC6-E96882CC73F3}.DebugP8|Win32.Deploy.0 = Debug|Win32
		{8ED4EDB5-7C0E-411F-BCC6-E96882CC73F3}.Release|ARM.ActiveCfg = Release|Win32
		{8ED4EDB5-7C0E-411F-BCC6-E96882CC73F3}.Release|Win32.ActiveCfg = Release|Win32
		{8ED4EDB5-7C0E-411F-BCC6-E96882CC73F3}.ReleaseP8|ARM.ActiveCfg = Release|Win32
		{8ED4EDB5-7C0E-411F-BCC6-E96882CC73F3}.ReleaseP8|Win32.ActiveCfg = Release|Win32
		{4F1CA1B9-AB81-4B23-9A26-DEA67B983744}.Debug|ARM.ActiveCfg = Debug|Win32
		{4F1CA1B9-AB81-4B23-9A26-DEA67B983744}.Debug|ARM.Build.0 = Debug|Win32
		{4F1CA1B9-AB81-4B23-9A26-DEA67B983744}.Debug|ARM.Deploy.0 = Debug|Win32
		{4F1CA1B9-AB81-4B23-9A26-DEA67B983744}.Debug|Win32.ActiveCfg = Debug|Win32
		{4F1CA1B9-AB81-4B23-9A26-DEA67B983744}.Debug|Win32.Build.0 = Debug|Win32
		{4F1CA1B9-AB81-4B23-9A26-DEA67B983744}.Debug|Win32.Deploy.0 = Debug|Win32
		{4F1CA1B9-AB81-4B23-9A26-DEA67B983744}.DebugP8|ARM.ActiveCfg = Debug|Win32
		{4F1CA1B9-AB81-4B23-9A26-DEA67B983744}.DebugP8|ARM.Build.0 = Debug|Win32
		{4F1CA1B9-AB81-4B23-9A26-DEA67B983744}.DebugP8|ARM.Deploy.0 = Debug|Win32
		{4F1CA1B9-AB81-4B23-9A26-DEA67B983744}.DebugP8|Win32.ActiveCfg = Debug|Win32
		{4F1CA1B9-AB81-4B23-9A26-DEA67B983744}.DebugP8|Win32.Build.0 = Debug|Win32
		{4F1CA1B9-AB81-4B23-9A26-DEA67B983744}.DebugP8|Win32.Deploy.0 = Debug|Win32
		{4F1CA1B9-AB81-4B23-9A26-DEA67B983744}.Release|ARM.ActiveCfg = Release|Win32
		{4F1CA1B9-AB81-4B23-9A26-DEA67B983744}.Release|ARM.Build.0 = Release|Win32
		{4F1CA1B9-AB81-4B23-9A26-DEA67B983744}.Release|ARM.Deploy.0 = Release|Win32
		{4F1CA1B9-AB81-4B23-9A26-DEA67B983744}.Release|Win32.ActiveCfg = Release|Win32
		{4F1CA1B9-AB81-4B23-9A26-DEA67B983744}.Release|Win32.Build.0 = Release|Win32
		{4F1CA1B9-AB81-4B23-9A26-DEA67B983744}.Release|Win32.Deploy.0 = Release|Win32
		{4F1CA1B9-AB81-4B23-9A26-DEA67B983744}.ReleaseP8|ARM.ActiveCfg = Release|Win32
		{4F1CA1B9-AB81-4B23-9A26-DEA67B983744}.ReleaseP8|ARM.Build.0 = Release|Win32
		{4F1CA1B9-AB81-4B23-9A26-DEA67B983744}.ReleaseP8|ARM.Deploy.0 = Release|Win32
		{4F1CA1B9-AB81-4B23-9A26-DEA67B983744}.ReleaseP8|Win32.ActiveCfg = Release|Win32
		{4F1CA1B9-AB81-4B23-9A26-DEA67B983744}.ReleaseP8|Win32.Build.0 = Release|Win32
		{4F1CA1B9-AB81-4B23-9A26-DEA67B983744}.ReleaseP8|Win32.Deploy.0 = Release|Win32
		{15CBFEFF-7965-41F5-B4E2-21E8795C9159}.Debug|ARM.ActiveCfg = Debug|ARM
		{15CBFEFF-7965-41F5-B4E2-21E8795C9159}.Debug|ARM.Build.0 = Debug|ARM
		{15CBFEFF-7965-41F5-B4E2-21E8795C9159}.Debug|Win32.ActiveCfg = Debug|Win32
		{15CBFEFF-7965-41F5-B4E2-21E8795C9159}.Debug|Win32.Build.0 = Debug|Win32
		{15CBFEFF-7965-41F5-B4E2-21E8795C9159}.DebugP8|ARM.ActiveCfg = DebugP8|ARM
		{15CBFEFF-7965-41F5-B4E2-21E8795C9159}.DebugP8|ARM.Build.0 = DebugP8|ARM
		{15CBFEFF-7965-41F5-B4E2-21E8795C9159}.DebugP8|Win32.ActiveCfg = DebugP8|Win32
		{15CBFEFF-7965-41F5-B4E2-21E8795C9159}.DebugP8|Win32.Build.0 = DebugP8|Win32
		{15CBFEFF-7965-41F5-B4E2-21E8795C9159}.Release|ARM.ActiveCfg = Release|ARM
		{15CBFEFF-7965-41F5-B4E2-21E8795C9159}.Release|ARM.Build.0 = Release|ARM
		{15CBFEFF-7965-41F5-B4E2-21E8795C9159}.Release|Win32.ActiveCfg = Release|Win32
		{15CBFEFF-7965-41F5-B4E2-21E8795C9159}.Release|Win32.Build.0 = Release|Win32
		{15CBFEFF-7965-41F5-B4E2-21E8795C9159}.ReleaseP8|ARM.ActiveCfg = ReleaseP8|ARM
		{15CBFEFF-7965-41F5-B4E2-21E8795C9159}.ReleaseP8|ARM.Build.0 = ReleaseP8|ARM
		{15CBFEFF-7965-41F5-B4E2-21E8795C9159}.ReleaseP8|Win32.ActiveCfg = ReleaseP8|Win32
		{15CBFEFF-7965-41F5-B4E2-21E8795C9159}.ReleaseP8|Win32.Build.0 = ReleaseP8|Win32
		{3A214E06-B95E-4D61-A291-1F8DF2EC10FD}.Debug|ARM.ActiveCfg = Debug|ARM
		{3A214E06-B95E-4D61-A291-1F8DF2EC10FD}.Debug|ARM.Build.0 = Debug|ARM
		{3A214E06-B95E-4D61-A291-1F8DF2EC10FD}.Debug|Win32.ActiveCfg = Debug|Win32
		{3A214E06-B95E-4D61-A291-1F8DF2EC10FD}.Debug|Win32.Build.0 = Debug|Win32
		{3A214E06-B95E-4D61-A291-1F8DF2EC10FD}.DebugP8|ARM.ActiveCfg = DebugP8|ARM
		{3A214E06-B95E-4D61-A291-1F8DF2EC10FD}.DebugP8|ARM.Build.0 = DebugP8|ARM
		{3A214E06-B95E-4D61-A291-1F8DF2EC10FD}.DebugP8|Win32.ActiveCfg = DebugP8|Win32
		{3A214E06-B95E-4D61-A291-1F8DF2EC10FD}.DebugP8|Win32.Build.0 = DebugP8|Win32
		{3A214E06-B95E-4D61-A291-1F8DF2EC10FD}.Release|ARM.ActiveCfg = Release|ARM
		{3A214E06-B95E-4D61-A291-1F8DF2EC10FD}.Release|ARM.Build.0 = Release|ARM
		{3A214E06-B95E-4D61-A291-1F8DF2EC10FD}.Release|Win32.ActiveCfg = Release|Win32
		{3A214E06-B95E-4D61-A291-1F8DF2EC10FD}.Release|Win32.Build.0 = Release|Win32
		{3A214E06-B95E-4D61-A291-1F8DF2EC10FD}.ReleaseP8|ARM.ActiveCfg = ReleaseP8|ARM
		{3A214E06-B95E-4D61-A291-1F8DF2EC10FD}.ReleaseP8|ARM.Build.0 = ReleaseP8|ARM
		{3A214E06-B95E-4D61-A291-1F8DF2EC10FD}.ReleaseP8|Win32.ActiveCfg = ReleaseP8|Win32
		{3A214E06-B95E-4D61-A291-1F8DF2EC10FD}.ReleaseP8|Win32.Build.0 = ReleaseP8|Win32
		{CEBDE98B-A6AA-46E6-BC79-FAAF823DB9EC}.Debug|ARM.ActiveCfg = Debug|ARM
		{CEBDE98B-A6AA-46E6-BC79-FAAF823DB9EC}.Debug|ARM.Build.0 = Debug|ARM
		{CEBDE98B-A6AA-46E6-BC79-FAAF823DB9EC}.Debug|Win32.ActiveCfg = Debug|Win32
		{CEBDE98B-A6AA-46E6-BC79-FAAF823DB9EC}.Debug|Win32.Build.0 = Debug|Win32
		{CEBDE98B-A6AA-46E6-BC79-FAAF823DB9EC}.DebugP8|ARM.ActiveCfg = DebugP8|ARM
		{CEBDE98B-A6AA-46E6-BC79-FAAF823DB9EC}.DebugP8|ARM.Build.0 = DebugP8|ARM
		{CEBDE98B-A6AA-46E6-BC79-FAAF823DB9EC}.DebugP8|Win32.ActiveCfg = DebugP8|Win32
		{CEBDE98B-A6AA-46E6-BC79-FAAF823DB9EC}.DebugP8|Win32.Build.0 = DebugP8|Win32
		{CEBDE98B-A6AA-46E6-BC79-FAAF823DB9EC}.Release|ARM.ActiveCfg = Release|ARM
		{CEBDE98B-A6AA-46E6-BC79-FAAF823DB9EC}.Release|ARM.Build.0 = Release|ARM
		{CEBDE98B-A6AA-46E6-BC79-FAAF823DB9EC}.Release|Win32.ActiveCfg = Release|Win32
		{CEBDE98B-A6AA-46E6-BC79-FAAF823DB9EC}.Release|Win32.Build.0 = Release|Win32
		{CEBDE98B-A6AA-46E6-BC79-FAAF823DB9EC}.ReleaseP8|ARM.ActiveCfg = ReleaseP8|ARM
		{CEBDE98B-A6AA-46E6-BC79-FAAF823DB9EC}.ReleaseP8|ARM.Build.0 = ReleaseP8|ARM
		{CEBDE98B-A6AA-46E6-BC79-FAAF823DB9EC}.ReleaseP8|Win32.ActiveCfg = ReleaseP8|Win32
		{CEBDE98B-A6AA-46E6-BC79-FAAF823DB9EC}.ReleaseP8|Win32.Build.0 = ReleaseP8|Win32
	EndGlobalSection
	GlobalSection(SolutionProperties) = preSolution
		HideSolutionNode = FALSE
	EndGlobalSection
EndGlobal
