
Microsoft Visual Studio Solution File, Format Version 11.00
# Visual C++ Express 2010
Project("{8BC9CEB8-8B4A-11D0-8D11-00A0C91BC942}") = "libxal", "libxal.vcxproj", "{6B6C070B-7DD7-41B9-8DD7-12AFBF0F6C08}"
EndProject
Project("{8BC9CEB8-8B4A-11D0-8D11-00A0C91BC942}") = "libhltypes", "..\hltypes\libhltypes.vcxproj", "{E4D373BF-E227-48B9-99E6-84987E8674EC}"
EndProject
Project("{8BC9CEB8-8B4A-11D0-8D11-00A0C91BC942}") = "libxalutil", "xalutil\libxalutil.vcxproj", "{B3E8DF67-FEE1-4660-902C-3D31D1F0735F}"
	ProjectSection(ProjectDependencies) = postProject
		{6B6C070B-7DD7-41B9-8DD7-12AFBF0F6C08} = {6B6C070B-7DD7-41B9-8DD7-12AFBF0F6C08}
	EndProjectSection
EndProject
Project("{8BC9CEB8-8B4A-11D0-8D11-00A0C91BC942}") = "demo_simple", "demos\demo_simple\demo_simple.vcxproj", "{8ED4EDB5-7C0E-411F-BCC6-E96882CC73F3}"
EndProject
Project("{8BC9CEB8-8B4A-11D0-8D11-00A0C91BC942}") = "demo_test", "demos\demo_test\demo_test.vcxproj", "{4F1CA1B9-AB81-4B23-9A26-DEA67B983744}"
EndProject
Global
	GlobalSection(SolutionConfigurationPlatforms) = preSolution
		Debug_All|Android = Debug_All|Android
		Debug_All|Win32 = Debug_All|Win32
		Debug_Android|Android = Debug_Android|Android
		Debug_Android|Win32 = Debug_Android|Win32
		Debug_DirectSound|Android = Debug_DirectSound|Android
		Debug_DirectSound|Win32 = Debug_DirectSound|Win32
		Debug_NoAudio|Android = Debug_NoAudio|Android
		Debug_NoAudio|Win32 = Debug_NoAudio|Win32
		Debug_OpenAL|Android = Debug_OpenAL|Android
		Debug_OpenAL|Win32 = Debug_OpenAL|Win32
		Debug_SDL|Android = Debug_SDL|Android
		Debug_SDL|Win32 = Debug_SDL|Win32
		Release_All|Android = Release_All|Android
		Release_All|Win32 = Release_All|Win32
		Release_Android|Android = Release_Android|Android
		Release_Android|Win32 = Release_Android|Win32
		Release_DirectSound|Android = Release_DirectSound|Android
		Release_DirectSound|Win32 = Release_DirectSound|Win32
		Release_NoAudio|Android = Release_NoAudio|Android
		Release_NoAudio|Win32 = Release_NoAudio|Win32
		Release_OpenAL|Android = Release_OpenAL|Android
		Release_OpenAL|Win32 = Release_OpenAL|Win32
		Release_SDL|Android = Release_SDL|Android
		Release_SDL|Win32 = Release_SDL|Win32
	EndGlobalSection
	GlobalSection(ProjectConfigurationPlatforms) = postSolution
		{6B6C070B-7DD7-41B9-8DD7-12AFBF0F6C08}.Debug_All|Android.ActiveCfg = Debug_All|Android
		{6B6C070B-7DD7-41B9-8DD7-12AFBF0F6C08}.Debug_All|Android.Build.0 = Debug_All|Android
		{6B6C070B-7DD7-41B9-8DD7-12AFBF0F6C08}.Debug_All|Win32.ActiveCfg = Debug_All|Win32
		{6B6C070B-7DD7-41B9-8DD7-12AFBF0F6C08}.Debug_All|Win32.Build.0 = Debug_All|Win32
		{6B6C070B-7DD7-41B9-8DD7-12AFBF0F6C08}.Debug_Android|Android.ActiveCfg = Debug_Android|Android
		{6B6C070B-7DD7-41B9-8DD7-12AFBF0F6C08}.Debug_Android|Android.Build.0 = Debug_Android|Android
		{6B6C070B-7DD7-41B9-8DD7-12AFBF0F6C08}.Debug_Android|Win32.ActiveCfg = Debug_Android|Win32
		{6B6C070B-7DD7-41B9-8DD7-12AFBF0F6C08}.Debug_Android|Win32.Build.0 = Debug_Android|Win32
		{6B6C070B-7DD7-41B9-8DD7-12AFBF0F6C08}.Debug_DirectSound|Android.ActiveCfg = Debug_DirectSound|Android
		{6B6C070B-7DD7-41B9-8DD7-12AFBF0F6C08}.Debug_DirectSound|Android.Build.0 = Debug_DirectSound|Android
		{6B6C070B-7DD7-41B9-8DD7-12AFBF0F6C08}.Debug_DirectSound|Win32.ActiveCfg = Debug_DirectSound|Win32
		{6B6C070B-7DD7-41B9-8DD7-12AFBF0F6C08}.Debug_DirectSound|Win32.Build.0 = Debug_DirectSound|Win32
		{6B6C070B-7DD7-41B9-8DD7-12AFBF0F6C08}.Debug_NoAudio|Android.ActiveCfg = Debug_NoAudio|Android
		{6B6C070B-7DD7-41B9-8DD7-12AFBF0F6C08}.Debug_NoAudio|Android.Build.0 = Debug_NoAudio|Android
		{6B6C070B-7DD7-41B9-8DD7-12AFBF0F6C08}.Debug_NoAudio|Win32.ActiveCfg = Debug_NoAudio|Win32
		{6B6C070B-7DD7-41B9-8DD7-12AFBF0F6C08}.Debug_NoAudio|Win32.Build.0 = Debug_NoAudio|Win32
		{6B6C070B-7DD7-41B9-8DD7-12AFBF0F6C08}.Debug_OpenAL|Android.ActiveCfg = Debug_OpenAL|Android
		{6B6C070B-7DD7-41B9-8DD7-12AFBF0F6C08}.Debug_OpenAL|Android.Build.0 = Debug_OpenAL|Android
		{6B6C070B-7DD7-41B9-8DD7-12AFBF0F6C08}.Debug_OpenAL|Win32.ActiveCfg = Debug_OpenAL|Win32
		{6B6C070B-7DD7-41B9-8DD7-12AFBF0F6C08}.Debug_OpenAL|Win32.Build.0 = Debug_OpenAL|Win32
		{6B6C070B-7DD7-41B9-8DD7-12AFBF0F6C08}.Debug_SDL|Android.ActiveCfg = Debug_SDL|Android
		{6B6C070B-7DD7-41B9-8DD7-12AFBF0F6C08}.Debug_SDL|Android.Build.0 = Debug_SDL|Android
		{6B6C070B-7DD7-41B9-8DD7-12AFBF0F6C08}.Debug_SDL|Win32.ActiveCfg = Debug_SDL|Win32
		{6B6C070B-7DD7-41B9-8DD7-12AFBF0F6C08}.Debug_SDL|Win32.Build.0 = Debug_SDL|Win32
		{6B6C070B-7DD7-41B9-8DD7-12AFBF0F6C08}.Release_All|Android.ActiveCfg = Release_All|Android
		{6B6C070B-7DD7-41B9-8DD7-12AFBF0F6C08}.Release_All|Android.Build.0 = Release_All|Android
		{6B6C070B-7DD7-41B9-8DD7-12AFBF0F6C08}.Release_All|Win32.ActiveCfg = Release_All|Win32
		{6B6C070B-7DD7-41B9-8DD7-12AFBF0F6C08}.Release_All|Win32.Build.0 = Release_All|Win32
		{6B6C070B-7DD7-41B9-8DD7-12AFBF0F6C08}.Release_Android|Android.ActiveCfg = Release_Android|Android
		{6B6C070B-7DD7-41B9-8DD7-12AFBF0F6C08}.Release_Android|Android.Build.0 = Release_Android|Android
		{6B6C070B-7DD7-41B9-8DD7-12AFBF0F6C08}.Release_Android|Win32.ActiveCfg = Release_Android|Win32
		{6B6C070B-7DD7-41B9-8DD7-12AFBF0F6C08}.Release_Android|Win32.Build.0 = Release_Android|Win32
		{6B6C070B-7DD7-41B9-8DD7-12AFBF0F6C08}.Release_DirectSound|Android.ActiveCfg = Release_DirectSound|Android
		{6B6C070B-7DD7-41B9-8DD7-12AFBF0F6C08}.Release_DirectSound|Android.Build.0 = Release_DirectSound|Android
		{6B6C070B-7DD7-41B9-8DD7-12AFBF0F6C08}.Release_DirectSound|Win32.ActiveCfg = Release_DirectSound|Win32
		{6B6C070B-7DD7-41B9-8DD7-12AFBF0F6C08}.Release_DirectSound|Win32.Build.0 = Release_DirectSound|Win32
		{6B6C070B-7DD7-41B9-8DD7-12AFBF0F6C08}.Release_NoAudio|Android.ActiveCfg = Release_NoAudio|Android
		{6B6C070B-7DD7-41B9-8DD7-12AFBF0F6C08}.Release_NoAudio|Android.Build.0 = Release_NoAudio|Android
		{6B6C070B-7DD7-41B9-8DD7-12AFBF0F6C08}.Release_NoAudio|Win32.ActiveCfg = Release_NoAudio|Win32
		{6B6C070B-7DD7-41B9-8DD7-12AFBF0F6C08}.Release_NoAudio|Win32.Build.0 = Release_NoAudio|Win32
		{6B6C070B-7DD7-41B9-8DD7-12AFBF0F6C08}.Release_OpenAL|Android.ActiveCfg = Release_OpenAL|Android
		{6B6C070B-7DD7-41B9-8DD7-12AFBF0F6C08}.Release_OpenAL|Android.Build.0 = Release_OpenAL|Android
		{6B6C070B-7DD7-41B9-8DD7-12AFBF0F6C08}.Release_OpenAL|Win32.ActiveCfg = Release_OpenAL|Win32
		{6B6C070B-7DD7-41B9-8DD7-12AFBF0F6C08}.Release_OpenAL|Win32.Build.0 = Release_OpenAL|Win32
		{6B6C070B-7DD7-41B9-8DD7-12AFBF0F6C08}.Release_SDL|Android.ActiveCfg = Release_SDL|Android
		{6B6C070B-7DD7-41B9-8DD7-12AFBF0F6C08}.Release_SDL|Android.Build.0 = Release_SDL|Android
		{6B6C070B-7DD7-41B9-8DD7-12AFBF0F6C08}.Release_SDL|Win32.ActiveCfg = Release_SDL|Win32
		{6B6C070B-7DD7-41B9-8DD7-12AFBF0F6C08}.Release_SDL|Win32.Build.0 = Release_SDL|Win32
		{E4D373BF-E227-48B9-99E6-84987E8674EC}.Debug_All|Android.ActiveCfg = Debug|Android
		{E4D373BF-E227-48B9-99E6-84987E8674EC}.Debug_All|Android.Build.0 = Release|Android
		{E4D373BF-E227-48B9-99E6-84987E8674EC}.Debug_All|Win32.ActiveCfg = Debug|Win32
		{E4D373BF-E227-48B9-99E6-84987E8674EC}.Debug_All|Win32.Build.0 = Debug|Win32
		{E4D373BF-E227-48B9-99E6-84987E8674EC}.Debug_Android|Android.ActiveCfg = Debug|Android
		{E4D373BF-E227-48B9-99E6-84987E8674EC}.Debug_Android|Android.Build.0 = Debug|Android
		{E4D373BF-E227-48B9-99E6-84987E8674EC}.Debug_Android|Win32.ActiveCfg = Debug|Win32
		{E4D373BF-E227-48B9-99E6-84987E8674EC}.Debug_Android|Win32.Build.0 = Debug|Win32
		{E4D373BF-E227-48B9-99E6-84987E8674EC}.Debug_DirectSound|Android.ActiveCfg = Debug|Android
		{E4D373BF-E227-48B9-99E6-84987E8674EC}.Debug_DirectSound|Android.Build.0 = Debug|Android
		{E4D373BF-E227-48B9-99E6-84987E8674EC}.Debug_DirectSound|Win32.ActiveCfg = Debug|Win32
		{E4D373BF-E227-48B9-99E6-84987E8674EC}.Debug_DirectSound|Win32.Build.0 = Debug|Win32
		{E4D373BF-E227-48B9-99E6-84987E8674EC}.Debug_NoAudio|Android.ActiveCfg = Debug|Android
		{E4D373BF-E227-48B9-99E6-84987E8674EC}.Debug_NoAudio|Android.Build.0 = Debug|Android
		{E4D373BF-E227-48B9-99E6-84987E8674EC}.Debug_NoAudio|Win32.ActiveCfg = Debug|Win32
		{E4D373BF-E227-48B9-99E6-84987E8674EC}.Debug_NoAudio|Win32.Build.0 = Debug|Win32
		{E4D373BF-E227-48B9-99E6-84987E8674EC}.Debug_OpenAL|Android.ActiveCfg = Debug|Android
		{E4D373BF-E227-48B9-99E6-84987E8674EC}.Debug_OpenAL|Android.Build.0 = Debug|Android
		{E4D373BF-E227-48B9-99E6-84987E8674EC}.Debug_OpenAL|Win32.ActiveCfg = Debug|Win32
		{E4D373BF-E227-48B9-99E6-84987E8674EC}.Debug_OpenAL|Win32.Build.0 = Debug|Win32
		{E4D373BF-E227-48B9-99E6-84987E8674EC}.Debug_SDL|Android.ActiveCfg = Debug|Android
		{E4D373BF-E227-48B9-99E6-84987E8674EC}.Debug_SDL|Android.Build.0 = Debug|Android
		{E4D373BF-E227-48B9-99E6-84987E8674EC}.Debug_SDL|Win32.ActiveCfg = Debug|Win32
		{E4D373BF-E227-48B9-99E6-84987E8674EC}.Debug_SDL|Win32.Build.0 = Debug|Win32
		{E4D373BF-E227-48B9-99E6-84987E8674EC}.Release_All|Android.ActiveCfg = Release|Android
		{E4D373BF-E227-48B9-99E6-84987E8674EC}.Release_All|Android.Build.0 = Release|Android
		{E4D373BF-E227-48B9-99E6-84987E8674EC}.Release_All|Win32.ActiveCfg = Release|Win32
		{E4D373BF-E227-48B9-99E6-84987E8674EC}.Release_All|Win32.Build.0 = Release|Win32
		{E4D373BF-E227-48B9-99E6-84987E8674EC}.Release_Android|Android.ActiveCfg = Release|Android
		{E4D373BF-E227-48B9-99E6-84987E8674EC}.Release_Android|Android.Build.0 = Release|Android
		{E4D373BF-E227-48B9-99E6-84987E8674EC}.Release_Android|Win32.ActiveCfg = Release|Win32
		{E4D373BF-E227-48B9-99E6-84987E8674EC}.Release_Android|Win32.Build.0 = Release|Win32
		{E4D373BF-E227-48B9-99E6-84987E8674EC}.Release_DirectSound|Android.ActiveCfg = Release|Android
		{E4D373BF-E227-48B9-99E6-84987E8674EC}.Release_DirectSound|Android.Build.0 = Release|Android
		{E4D373BF-E227-48B9-99E6-84987E8674EC}.Release_DirectSound|Win32.ActiveCfg = Release|Win32
		{E4D373BF-E227-48B9-99E6-84987E8674EC}.Release_DirectSound|Win32.Build.0 = Release|Win32
		{E4D373BF-E227-48B9-99E6-84987E8674EC}.Release_NoAudio|Android.ActiveCfg = Release|Android
		{E4D373BF-E227-48B9-99E6-84987E8674EC}.Release_NoAudio|Android.Build.0 = Release|Android
		{E4D373BF-E227-48B9-99E6-84987E8674EC}.Release_NoAudio|Win32.ActiveCfg = Release|Win32
		{E4D373BF-E227-48B9-99E6-84987E8674EC}.Release_NoAudio|Win32.Build.0 = Release|Win32
		{E4D373BF-E227-48B9-99E6-84987E8674EC}.Release_OpenAL|Android.ActiveCfg = Release|Android
		{E4D373BF-E227-48B9-99E6-84987E8674EC}.Release_OpenAL|Android.Build.0 = Release|Android
		{E4D373BF-E227-48B9-99E6-84987E8674EC}.Release_OpenAL|Win32.ActiveCfg = Release|Win32
		{E4D373BF-E227-48B9-99E6-84987E8674EC}.Release_OpenAL|Win32.Build.0 = Release|Win32
		{E4D373BF-E227-48B9-99E6-84987E8674EC}.Release_SDL|Android.ActiveCfg = Release|Android
		{E4D373BF-E227-48B9-99E6-84987E8674EC}.Release_SDL|Android.Build.0 = Release|Android
		{E4D373BF-E227-48B9-99E6-84987E8674EC}.Release_SDL|Win32.ActiveCfg = Release|Win32
		{E4D373BF-E227-48B9-99E6-84987E8674EC}.Release_SDL|Win32.Build.0 = Release|Win32
		{B3E8DF67-FEE1-4660-902C-3D31D1F0735F}.Debug_All|Android.ActiveCfg = Debug|Android
		{B3E8DF67-FEE1-4660-902C-3D31D1F0735F}.Debug_All|Android.Build.0 = Release|Android
		{B3E8DF67-FEE1-4660-902C-3D31D1F0735F}.Debug_All|Win32.ActiveCfg = Debug|Win32
		{B3E8DF67-FEE1-4660-902C-3D31D1F0735F}.Debug_All|Win32.Build.0 = Debug|Win32
		{B3E8DF67-FEE1-4660-902C-3D31D1F0735F}.Debug_Android|Android.ActiveCfg = Debug|Android
		{B3E8DF67-FEE1-4660-902C-3D31D1F0735F}.Debug_Android|Android.Build.0 = Debug|Android
		{B3E8DF67-FEE1-4660-902C-3D31D1F0735F}.Debug_Android|Win32.ActiveCfg = Debug|Win32
		{B3E8DF67-FEE1-4660-902C-3D31D1F0735F}.Debug_Android|Win32.Build.0 = Debug|Win32
		{B3E8DF67-FEE1-4660-902C-3D31D1F0735F}.Debug_DirectSound|Android.ActiveCfg = Debug|Android
		{B3E8DF67-FEE1-4660-902C-3D31D1F0735F}.Debug_DirectSound|Android.Build.0 = Debug|Android
		{B3E8DF67-FEE1-4660-902C-3D31D1F0735F}.Debug_DirectSound|Win32.ActiveCfg = Debug|Win32
		{B3E8DF67-FEE1-4660-902C-3D31D1F0735F}.Debug_DirectSound|Win32.Build.0 = Debug|Win32
		{B3E8DF67-FEE1-4660-902C-3D31D1F0735F}.Debug_NoAudio|Android.ActiveCfg = Debug|Android
		{B3E8DF67-FEE1-4660-902C-3D31D1F0735F}.Debug_NoAudio|Android.Build.0 = Debug|Android
		{B3E8DF67-FEE1-4660-902C-3D31D1F0735F}.Debug_NoAudio|Win32.ActiveCfg = Debug|Win32
		{B3E8DF67-FEE1-4660-902C-3D31D1F0735F}.Debug_NoAudio|Win32.Build.0 = Debug|Win32
		{B3E8DF67-FEE1-4660-902C-3D31D1F0735F}.Debug_OpenAL|Android.ActiveCfg = Debug|Android
		{B3E8DF67-FEE1-4660-902C-3D31D1F0735F}.Debug_OpenAL|Android.Build.0 = Debug|Android
		{B3E8DF67-FEE1-4660-902C-3D31D1F0735F}.Debug_OpenAL|Win32.ActiveCfg = Debug|Win32
		{B3E8DF67-FEE1-4660-902C-3D31D1F0735F}.Debug_OpenAL|Win32.Build.0 = Debug|Win32
		{B3E8DF67-FEE1-4660-902C-3D31D1F0735F}.Debug_SDL|Android.ActiveCfg = Debug|Android
		{B3E8DF67-FEE1-4660-902C-3D31D1F0735F}.Debug_SDL|Android.Build.0 = Debug|Android
		{B3E8DF67-FEE1-4660-902C-3D31D1F0735F}.Debug_SDL|Win32.ActiveCfg = Debug|Win32
		{B3E8DF67-FEE1-4660-902C-3D31D1F0735F}.Debug_SDL|Win32.Build.0 = Debug|Win32
		{B3E8DF67-FEE1-4660-902C-3D31D1F0735F}.Release_All|Android.ActiveCfg = Release|Android
		{B3E8DF67-FEE1-4660-902C-3D31D1F0735F}.Release_All|Android.Build.0 = Release|Android
		{B3E8DF67-FEE1-4660-902C-3D31D1F0735F}.Release_All|Win32.ActiveCfg = Release|Win32
		{B3E8DF67-FEE1-4660-902C-3D31D1F0735F}.Release_All|Win32.Build.0 = Release|Win32
		{B3E8DF67-FEE1-4660-902C-3D31D1F0735F}.Release_Android|Android.ActiveCfg = Release|Android
		{B3E8DF67-FEE1-4660-902C-3D31D1F0735F}.Release_Android|Android.Build.0 = Release|Android
		{B3E8DF67-FEE1-4660-902C-3D31D1F0735F}.Release_Android|Win32.ActiveCfg = Release|Win32
		{B3E8DF67-FEE1-4660-902C-3D31D1F0735F}.Release_Android|Win32.Build.0 = Release|Win32
		{B3E8DF67-FEE1-4660-902C-3D31D1F0735F}.Release_DirectSound|Android.ActiveCfg = Release|Android
		{B3E8DF67-FEE1-4660-902C-3D31D1F0735F}.Release_DirectSound|Android.Build.0 = Release|Android
		{B3E8DF67-FEE1-4660-902C-3D31D1F0735F}.Release_DirectSound|Win32.ActiveCfg = Release|Win32
		{B3E8DF67-FEE1-4660-902C-3D31D1F0735F}.Release_DirectSound|Win32.Build.0 = Release|Win32
		{B3E8DF67-FEE1-4660-902C-3D31D1F0735F}.Release_NoAudio|Android.ActiveCfg = Release|Android
		{B3E8DF67-FEE1-4660-902C-3D31D1F0735F}.Release_NoAudio|Android.Build.0 = Release|Android
		{B3E8DF67-FEE1-4660-902C-3D31D1F0735F}.Release_NoAudio|Win32.ActiveCfg = Release|Win32
		{B3E8DF67-FEE1-4660-902C-3D31D1F0735F}.Release_NoAudio|Win32.Build.0 = Release|Win32
		{B3E8DF67-FEE1-4660-902C-3D31D1F0735F}.Release_OpenAL|Android.ActiveCfg = Release|Android
		{B3E8DF67-FEE1-4660-902C-3D31D1F0735F}.Release_OpenAL|Android.Build.0 = Release|Android
		{B3E8DF67-FEE1-4660-902C-3D31D1F0735F}.Release_OpenAL|Win32.ActiveCfg = Release|Win32
		{B3E8DF67-FEE1-4660-902C-3D31D1F0735F}.Release_OpenAL|Win32.Build.0 = Release|Win32
		{B3E8DF67-FEE1-4660-902C-3D31D1F0735F}.Release_SDL|Android.ActiveCfg = Release|Android
		{B3E8DF67-FEE1-4660-902C-3D31D1F0735F}.Release_SDL|Android.Build.0 = Release|Android
		{B3E8DF67-FEE1-4660-902C-3D31D1F0735F}.Release_SDL|Win32.ActiveCfg = Release|Win32
		{B3E8DF67-FEE1-4660-902C-3D31D1F0735F}.Release_SDL|Win32.Build.0 = Release|Win32
		{8ED4EDB5-7C0E-411F-BCC6-E96882CC73F3}.Debug_All|Android.ActiveCfg = Debug|Android
		{8ED4EDB5-7C0E-411F-BCC6-E96882CC73F3}.Debug_All|Android.Build.0 = Debug|Android
		{8ED4EDB5-7C0E-411F-BCC6-E96882CC73F3}.Debug_All|Win32.ActiveCfg = Debug|Win32
		{8ED4EDB5-7C0E-411F-BCC6-E96882CC73F3}.Debug_All|Win32.Build.0 = Debug|Win32
		{8ED4EDB5-7C0E-411F-BCC6-E96882CC73F3}.Debug_Android|Android.ActiveCfg = Debug|Android
		{8ED4EDB5-7C0E-411F-BCC6-E96882CC73F3}.Debug_Android|Android.Build.0 = Debug|Android
		{8ED4EDB5-7C0E-411F-BCC6-E96882CC73F3}.Debug_Android|Win32.ActiveCfg = Debug|Win32
		{8ED4EDB5-7C0E-411F-BCC6-E96882CC73F3}.Debug_Android|Win32.Build.0 = Debug|Win32
		{8ED4EDB5-7C0E-411F-BCC6-E96882CC73F3}.Debug_DirectSound|Android.ActiveCfg = Debug|Android
		{8ED4EDB5-7C0E-411F-BCC6-E96882CC73F3}.Debug_DirectSound|Android.Build.0 = Debug|Android
		{8ED4EDB5-7C0E-411F-BCC6-E96882CC73F3}.Debug_DirectSound|Win32.ActiveCfg = Debug|Win32
		{8ED4EDB5-7C0E-411F-BCC6-E96882CC73F3}.Debug_DirectSound|Win32.Build.0 = Debug|Win32
		{8ED4EDB5-7C0E-411F-BCC6-E96882CC73F3}.Debug_NoAudio|Android.ActiveCfg = Debug|Android
		{8ED4EDB5-7C0E-411F-BCC6-E96882CC73F3}.Debug_NoAudio|Android.Build.0 = Debug|Android
		{8ED4EDB5-7C0E-411F-BCC6-E96882CC73F3}.Debug_NoAudio|Win32.ActiveCfg = Debug|Win32
		{8ED4EDB5-7C0E-411F-BCC6-E96882CC73F3}.Debug_NoAudio|Win32.Build.0 = Debug|Win32
		{8ED4EDB5-7C0E-411F-BCC6-E96882CC73F3}.Debug_OpenAL|Android.ActiveCfg = Debug|Android
		{8ED4EDB5-7C0E-411F-BCC6-E96882CC73F3}.Debug_OpenAL|Android.Build.0 = Debug|Android
		{8ED4EDB5-7C0E-411F-BCC6-E96882CC73F3}.Debug_OpenAL|Win32.ActiveCfg = Debug|Win32
		{8ED4EDB5-7C0E-411F-BCC6-E96882CC73F3}.Debug_OpenAL|Win32.Build.0 = Debug|Win32
		{8ED4EDB5-7C0E-411F-BCC6-E96882CC73F3}.Debug_SDL|Android.ActiveCfg = Debug|Android
		{8ED4EDB5-7C0E-411F-BCC6-E96882CC73F3}.Debug_SDL|Android.Build.0 = Debug|Android
		{8ED4EDB5-7C0E-411F-BCC6-E96882CC73F3}.Debug_SDL|Win32.ActiveCfg = Debug|Win32
		{8ED4EDB5-7C0E-411F-BCC6-E96882CC73F3}.Debug_SDL|Win32.Build.0 = Debug|Win32
		{8ED4EDB5-7C0E-411F-BCC6-E96882CC73F3}.Release_All|Android.ActiveCfg = Release|Android
		{8ED4EDB5-7C0E-411F-BCC6-E96882CC73F3}.Release_All|Android.Build.0 = Release|Android
		{8ED4EDB5-7C0E-411F-BCC6-E96882CC73F3}.Release_All|Win32.ActiveCfg = Release|Win32
		{8ED4EDB5-7C0E-411F-BCC6-E96882CC73F3}.Release_All|Win32.Build.0 = Release|Win32
		{8ED4EDB5-7C0E-411F-BCC6-E96882CC73F3}.Release_Android|Android.ActiveCfg = Release|Android
		{8ED4EDB5-7C0E-411F-BCC6-E96882CC73F3}.Release_Android|Android.Build.0 = Release|Android
		{8ED4EDB5-7C0E-411F-BCC6-E96882CC73F3}.Release_Android|Win32.ActiveCfg = Release|Win32
		{8ED4EDB5-7C0E-411F-BCC6-E96882CC73F3}.Release_Android|Win32.Build.0 = Release|Win32
		{8ED4EDB5-7C0E-411F-BCC6-E96882CC73F3}.Release_DirectSound|Android.ActiveCfg = Release|Android
		{8ED4EDB5-7C0E-411F-BCC6-E96882CC73F3}.Release_DirectSound|Android.Build.0 = Release|Android
		{8ED4EDB5-7C0E-411F-BCC6-E96882CC73F3}.Release_DirectSound|Win32.ActiveCfg = Release|Win32
		{8ED4EDB5-7C0E-411F-BCC6-E96882CC73F3}.Release_DirectSound|Win32.Build.0 = Release|Win32
		{8ED4EDB5-7C0E-411F-BCC6-E96882CC73F3}.Release_NoAudio|Android.ActiveCfg = Release|Android
		{8ED4EDB5-7C0E-411F-BCC6-E96882CC73F3}.Release_NoAudio|Android.Build.0 = Release|Android
		{8ED4EDB5-7C0E-411F-BCC6-E96882CC73F3}.Release_NoAudio|Win32.ActiveCfg = Release|Win32
		{8ED4EDB5-7C0E-411F-BCC6-E96882CC73F3}.Release_NoAudio|Win32.Build.0 = Release|Win32
		{8ED4EDB5-7C0E-411F-BCC6-E96882CC73F3}.Release_OpenAL|Android.ActiveCfg = Release|Android
		{8ED4EDB5-7C0E-411F-BCC6-E96882CC73F3}.Release_OpenAL|Android.Build.0 = Release|Android
		{8ED4EDB5-7C0E-411F-BCC6-E96882CC73F3}.Release_OpenAL|Win32.ActiveCfg = Release|Win32
		{8ED4EDB5-7C0E-411F-BCC6-E96882CC73F3}.Release_OpenAL|Win32.Build.0 = Release|Win32
		{8ED4EDB5-7C0E-411F-BCC6-E96882CC73F3}.Release_SDL|Android.ActiveCfg = Release|Android
		{8ED4EDB5-7C0E-411F-BCC6-E96882CC73F3}.Release_SDL|Android.Build.0 = Release|Android
		{8ED4EDB5-7C0E-411F-BCC6-E96882CC73F3}.Release_SDL|Win32.ActiveCfg = Release|Win32
		{8ED4EDB5-7C0E-411F-BCC6-E96882CC73F3}.Release_SDL|Win32.Build.0 = Release|Win32
		{4F1CA1B9-AB81-4B23-9A26-DEA67B983744}.Debug_All|Android.ActiveCfg = Debug|Android
		{4F1CA1B9-AB81-4B23-9A26-DEA67B983744}.Debug_All|Android.Build.0 = Debug|Android
		{4F1CA1B9-AB81-4B23-9A26-DEA67B983744}.Debug_All|Win32.ActiveCfg = Debug|Win32
		{4F1CA1B9-AB81-4B23-9A26-DEA67B983744}.Debug_All|Win32.Build.0 = Debug|Win32
		{4F1CA1B9-AB81-4B23-9A26-DEA67B983744}.Debug_Android|Android.ActiveCfg = Debug|Android
		{4F1CA1B9-AB81-4B23-9A26-DEA67B983744}.Debug_Android|Android.Build.0 = Debug|Android
		{4F1CA1B9-AB81-4B23-9A26-DEA67B983744}.Debug_Android|Win32.ActiveCfg = Debug|Win32
		{4F1CA1B9-AB81-4B23-9A26-DEA67B983744}.Debug_Android|Win32.Build.0 = Debug|Win32
		{4F1CA1B9-AB81-4B23-9A26-DEA67B983744}.Debug_DirectSound|Android.ActiveCfg = Debug|Android
		{4F1CA1B9-AB81-4B23-9A26-DEA67B983744}.Debug_DirectSound|Android.Build.0 = Debug|Android
		{4F1CA1B9-AB81-4B23-9A26-DEA67B983744}.Debug_DirectSound|Win32.ActiveCfg = Debug|Win32
		{4F1CA1B9-AB81-4B23-9A26-DEA67B983744}.Debug_DirectSound|Win32.Build.0 = Debug|Win32
		{4F1CA1B9-AB81-4B23-9A26-DEA67B983744}.Debug_NoAudio|Android.ActiveCfg = Debug|Android
		{4F1CA1B9-AB81-4B23-9A26-DEA67B983744}.Debug_NoAudio|Android.Build.0 = Debug|Android
		{4F1CA1B9-AB81-4B23-9A26-DEA67B983744}.Debug_NoAudio|Win32.ActiveCfg = Debug|Win32
		{4F1CA1B9-AB81-4B23-9A26-DEA67B983744}.Debug_NoAudio|Win32.Build.0 = Debug|Win32
		{4F1CA1B9-AB81-4B23-9A26-DEA67B983744}.Debug_OpenAL|Android.ActiveCfg = Debug|Android
		{4F1CA1B9-AB81-4B23-9A26-DEA67B983744}.Debug_OpenAL|Android.Build.0 = Debug|Android
		{4F1CA1B9-AB81-4B23-9A26-DEA67B983744}.Debug_OpenAL|Win32.ActiveCfg = Debug|Win32
		{4F1CA1B9-AB81-4B23-9A26-DEA67B983744}.Debug_OpenAL|Win32.Build.0 = Debug|Win32
		{4F1CA1B9-AB81-4B23-9A26-DEA67B983744}.Debug_SDL|Android.ActiveCfg = Debug|Android
		{4F1CA1B9-AB81-4B23-9A26-DEA67B983744}.Debug_SDL|Android.Build.0 = Debug|Android
		{4F1CA1B9-AB81-4B23-9A26-DEA67B983744}.Debug_SDL|Win32.ActiveCfg = Debug|Win32
		{4F1CA1B9-AB81-4B23-9A26-DEA67B983744}.Debug_SDL|Win32.Build.0 = Debug|Win32
		{4F1CA1B9-AB81-4B23-9A26-DEA67B983744}.Release_All|Android.ActiveCfg = Release|Android
		{4F1CA1B9-AB81-4B23-9A26-DEA67B983744}.Release_All|Android.Build.0 = Release|Android
		{4F1CA1B9-AB81-4B23-9A26-DEA67B983744}.Release_All|Win32.ActiveCfg = Release|Win32
		{4F1CA1B9-AB81-4B23-9A26-DEA67B983744}.Release_All|Win32.Build.0 = Release|Win32
		{4F1CA1B9-AB81-4B23-9A26-DEA67B983744}.Release_Android|Android.ActiveCfg = Release|Android
		{4F1CA1B9-AB81-4B23-9A26-DEA67B983744}.Release_Android|Android.Build.0 = Release|Android
		{4F1CA1B9-AB81-4B23-9A26-DEA67B983744}.Release_Android|Win32.ActiveCfg = Release|Win32
		{4F1CA1B9-AB81-4B23-9A26-DEA67B983744}.Release_Android|Win32.Build.0 = Release|Win32
		{4F1CA1B9-AB81-4B23-9A26-DEA67B983744}.Release_DirectSound|Android.ActiveCfg = Release|Android
		{4F1CA1B9-AB81-4B23-9A26-DEA67B983744}.Release_DirectSound|Android.Build.0 = Release|Android
		{4F1CA1B9-AB81-4B23-9A26-DEA67B983744}.Release_DirectSound|Win32.ActiveCfg = Release|Win32
		{4F1CA1B9-AB81-4B23-9A26-DEA67B983744}.Release_DirectSound|Win32.Build.0 = Release|Win32
		{4F1CA1B9-AB81-4B23-9A26-DEA67B983744}.Release_NoAudio|Android.ActiveCfg = Release|Android
		{4F1CA1B9-AB81-4B23-9A26-DEA67B983744}.Release_NoAudio|Android.Build.0 = Release|Android
		{4F1CA1B9-AB81-4B23-9A26-DEA67B983744}.Release_NoAudio|Win32.ActiveCfg = Release|Win32
		{4F1CA1B9-AB81-4B23-9A26-DEA67B983744}.Release_NoAudio|Win32.Build.0 = Release|Win32
		{4F1CA1B9-AB81-4B23-9A26-DEA67B983744}.Release_OpenAL|Android.ActiveCfg = Release|Android
		{4F1CA1B9-AB81-4B23-9A26-DEA67B983744}.Release_OpenAL|Android.Build.0 = Release|Android
		{4F1CA1B9-AB81-4B23-9A26-DEA67B983744}.Release_OpenAL|Win32.ActiveCfg = Release|Win32
		{4F1CA1B9-AB81-4B23-9A26-DEA67B983744}.Release_OpenAL|Win32.Build.0 = Release|Win32
		{4F1CA1B9-AB81-4B23-9A26-DEA67B983744}.Release_SDL|Android.ActiveCfg = Release|Android
		{4F1CA1B9-AB81-4B23-9A26-DEA67B983744}.Release_SDL|Android.Build.0 = Release|Android
		{4F1CA1B9-AB81-4B23-9A26-DEA67B983744}.Release_SDL|Win32.ActiveCfg = Release|Win32
		{4F1CA1B9-AB81-4B23-9A26-DEA67B983744}.Release_SDL|Win32.Build.0 = Release|Win32
	EndGlobalSection
	GlobalSection(SolutionProperties) = preSolution
		HideSolutionNode = FALSE
	EndGlobalSection
EndGlobal
