
Microsoft Visual Studio Solution File, Format Version 12.00
# Visual Studio Express 2013 for Windows
Project("{8BC9CEB8-8B4A-11D0-8D11-00A0C91BC942}") = "libxal", "msvc\vs2013-winrt\libxal.vcxproj", "{6B6C070B-7DD7-41B9-8DD7-12AFBF0F6C08}"
	ProjectSection(ProjectDependencies) = postProject
		{3A214E06-B95E-4D61-A291-1F8DF2EC10FD} = {3A214E06-B95E-4D61-A291-1F8DF2EC10FD}
		{CEBDE98B-A6AA-46E6-BC79-FAAF823DB9EC} = {CEBDE98B-A6AA-46E6-BC79-FAAF823DB9EC}
		{15CBFEFF-7965-41F5-B4E2-21E8795C9159} = {15CBFEFF-7965-41F5-B4E2-21E8795C9159}
	EndProjectSection
EndProject
Project("{8BC9CEB8-8B4A-11D0-8D11-00A0C91BC942}") = "libhltypes", "..\hltypes\msvc\vs2013-winrt\libhltypes.vcxproj", "{E4D373BF-E227-48B9-99E6-84987E8674EC}"
EndProject
Project("{8BC9CEB8-8B4A-11D0-8D11-00A0C91BC942}") = "libxalutil", "xalutil\msvc\vs2013-winrt\libxalutil.vcxproj", "{B3E8DF67-FEE1-4660-902C-3D31D1F0735F}"
	ProjectSection(ProjectDependencies) = postProject
		{6B6C070B-7DD7-41B9-8DD7-12AFBF0F6C08} = {6B6C070B-7DD7-41B9-8DD7-12AFBF0F6C08}
	EndProjectSection
EndProject
Project("{8BC9CEB8-8B4A-11D0-8D11-00A0C91BC942}") = "demo_simple", "msvc\vs2013-winrt\demo_simple.vcxproj", "{8ED4EDB5-7C0E-411F-BCC6-E96882CC73F3}"
EndProject
Project("{8BC9CEB8-8B4A-11D0-8D11-00A0C91BC942}") = "demo_test", "msvc\vs2013-winrt\demo_test.vcxproj", "{4F1CA1B9-AB81-4B23-9A26-DEA67B983744}"
EndProject
Project("{8BC9CEB8-8B4A-11D0-8D11-00A0C91BC942}") = "libogg", "lib\ogg\msvc\vs2013-winrt\libogg.vcxproj", "{15CBFEFF-7965-41F5-B4E2-21E8795C9159}"
EndProject
Project("{8BC9CEB8-8B4A-11D0-8D11-00A0C91BC942}") = "libvorbis", "lib\vorbis\msvc\vs2013-winrt\libvorbis.vcxproj", "{3A214E06-B95E-4D61-A291-1F8DF2EC10FD}"
	ProjectSection(ProjectDependencies) = postProject
		{15CBFEFF-7965-41F5-B4E2-21E8795C9159} = {15CBFEFF-7965-41F5-B4E2-21E8795C9159}
	EndProjectSection
EndProject
Project("{8BC9CEB8-8B4A-11D0-8D11-00A0C91BC942}") = "libvorbisfile", "lib\vorbis\msvc\vs2013-winrt\libvorbisfile.vcxproj", "{CEBDE98B-A6AA-46E6-BC79-FAAF823DB9EC}"
	ProjectSection(ProjectDependencies) = postProject
		{15CBFEFF-7965-41F5-B4E2-21E8795C9159} = {15CBFEFF-7965-41F5-B4E2-21E8795C9159}
	EndProjectSection
EndProject
Global
	GlobalSection(SolutionConfigurationPlatforms) = preSolution
		Debug_XAudio2|ARM = Debug_XAudio2|ARM
		Debug_XAudio2|Win32 = Debug_XAudio2|Win32
		Debug|ARM = Debug|ARM
		Debug|Win32 = Debug|Win32
		DebugS_XAudio2|ARM = DebugS_XAudio2|ARM
		DebugS_XAudio2|Win32 = DebugS_XAudio2|Win32
		DebugS|ARM = DebugS|ARM
		DebugS|Win32 = DebugS|Win32
		Release_XAudio2|ARM = Release_XAudio2|ARM
		Release_XAudio2|Win32 = Release_XAudio2|Win32
		Release|ARM = Release|ARM
		Release|Win32 = Release|Win32
		ReleaseS_XAudio2|ARM = ReleaseS_XAudio2|ARM
		ReleaseS_XAudio2|Win32 = ReleaseS_XAudio2|Win32
		ReleaseS|ARM = ReleaseS|ARM
		ReleaseS|Win32 = ReleaseS|Win32
	EndGlobalSection
	GlobalSection(ProjectConfigurationPlatforms) = postSolution
		{6B6C070B-7DD7-41B9-8DD7-12AFBF0F6C08}.Debug_XAudio2|ARM.ActiveCfg = Debug_XAudio2|ARM
		{6B6C070B-7DD7-41B9-8DD7-12AFBF0F6C08}.Debug_XAudio2|ARM.Build.0 = Debug_XAudio2|ARM
		{6B6C070B-7DD7-41B9-8DD7-12AFBF0F6C08}.Debug_XAudio2|Win32.ActiveCfg = Debug_XAudio2|Win32
		{6B6C070B-7DD7-41B9-8DD7-12AFBF0F6C08}.Debug_XAudio2|Win32.Build.0 = Debug_XAudio2|Win32
		{6B6C070B-7DD7-41B9-8DD7-12AFBF0F6C08}.Debug|ARM.ActiveCfg = Debug|ARM
		{6B6C070B-7DD7-41B9-8DD7-12AFBF0F6C08}.Debug|ARM.Build.0 = Debug|ARM
		{6B6C070B-7DD7-41B9-8DD7-12AFBF0F6C08}.Debug|Win32.ActiveCfg = Debug|Win32
		{6B6C070B-7DD7-41B9-8DD7-12AFBF0F6C08}.Debug|Win32.Build.0 = Debug|Win32
		{6B6C070B-7DD7-41B9-8DD7-12AFBF0F6C08}.DebugS_XAudio2|ARM.ActiveCfg = DebugS_XAudio2|ARM
		{6B6C070B-7DD7-41B9-8DD7-12AFBF0F6C08}.DebugS_XAudio2|ARM.Build.0 = DebugS_XAudio2|ARM
		{6B6C070B-7DD7-41B9-8DD7-12AFBF0F6C08}.DebugS_XAudio2|ARM.Deploy.0 = DebugS_XAudio2|ARM
		{6B6C070B-7DD7-41B9-8DD7-12AFBF0F6C08}.DebugS_XAudio2|Win32.ActiveCfg = DebugS_XAudio2|Win32
		{6B6C070B-7DD7-41B9-8DD7-12AFBF0F6C08}.DebugS_XAudio2|Win32.Build.0 = DebugS_XAudio2|Win32
		{6B6C070B-7DD7-41B9-8DD7-12AFBF0F6C08}.DebugS|ARM.ActiveCfg = DebugS|ARM
		{6B6C070B-7DD7-41B9-8DD7-12AFBF0F6C08}.DebugS|ARM.Build.0 = DebugS|ARM
		{6B6C070B-7DD7-41B9-8DD7-12AFBF0F6C08}.DebugS|ARM.Deploy.0 = DebugS|ARM
		{6B6C070B-7DD7-41B9-8DD7-12AFBF0F6C08}.DebugS|Win32.ActiveCfg = DebugS|Win32
		{6B6C070B-7DD7-41B9-8DD7-12AFBF0F6C08}.DebugS|Win32.Build.0 = DebugS|Win32
		{6B6C070B-7DD7-41B9-8DD7-12AFBF0F6C08}.Release_XAudio2|ARM.ActiveCfg = Release_XAudio2|ARM
		{6B6C070B-7DD7-41B9-8DD7-12AFBF0F6C08}.Release_XAudio2|ARM.Build.0 = Release_XAudio2|ARM
		{6B6C070B-7DD7-41B9-8DD7-12AFBF0F6C08}.Release_XAudio2|Win32.ActiveCfg = Release_XAudio2|Win32
		{6B6C070B-7DD7-41B9-8DD7-12AFBF0F6C08}.Release_XAudio2|Win32.Build.0 = Release_XAudio2|Win32
		{6B6C070B-7DD7-41B9-8DD7-12AFBF0F6C08}.Release|ARM.ActiveCfg = Release|ARM
		{6B6C070B-7DD7-41B9-8DD7-12AFBF0F6C08}.Release|ARM.Build.0 = Release|ARM
		{6B6C070B-7DD7-41B9-8DD7-12AFBF0F6C08}.Release|Win32.ActiveCfg = Release|Win32
		{6B6C070B-7DD7-41B9-8DD7-12AFBF0F6C08}.Release|Win32.Build.0 = Release|Win32
		{6B6C070B-7DD7-41B9-8DD7-12AFBF0F6C08}.ReleaseS_XAudio2|ARM.ActiveCfg = ReleaseS_XAudio2|ARM
		{6B6C070B-7DD7-41B9-8DD7-12AFBF0F6C08}.ReleaseS_XAudio2|ARM.Build.0 = ReleaseS_XAudio2|ARM
		{6B6C070B-7DD7-41B9-8DD7-12AFBF0F6C08}.ReleaseS_XAudio2|ARM.Deploy.0 = ReleaseS_XAudio2|ARM
		{6B6C070B-7DD7-41B9-8DD7-12AFBF0F6C08}.ReleaseS_XAudio2|Win32.ActiveCfg = ReleaseS_XAudio2|Win32
		{6B6C070B-7DD7-41B9-8DD7-12AFBF0F6C08}.ReleaseS_XAudio2|Win32.Build.0 = ReleaseS_XAudio2|Win32
		{6B6C070B-7DD7-41B9-8DD7-12AFBF0F6C08}.ReleaseS|ARM.ActiveCfg = ReleaseS|ARM
		{6B6C070B-7DD7-41B9-8DD7-12AFBF0F6C08}.ReleaseS|ARM.Build.0 = ReleaseS|ARM
		{6B6C070B-7DD7-41B9-8DD7-12AFBF0F6C08}.ReleaseS|ARM.Deploy.0 = ReleaseS|ARM
		{6B6C070B-7DD7-41B9-8DD7-12AFBF0F6C08}.ReleaseS|Win32.ActiveCfg = ReleaseS|Win32
		{6B6C070B-7DD7-41B9-8DD7-12AFBF0F6C08}.ReleaseS|Win32.Build.0 = ReleaseS|Win32
		{E4D373BF-E227-48B9-99E6-84987E8674EC}.Debug_XAudio2|ARM.ActiveCfg = Debug|ARM
		{E4D373BF-E227-48B9-99E6-84987E8674EC}.Debug_XAudio2|ARM.Build.0 = Debug|ARM
		{E4D373BF-E227-48B9-99E6-84987E8674EC}.Debug_XAudio2|Win32.ActiveCfg = Debug|Win32
		{E4D373BF-E227-48B9-99E6-84987E8674EC}.Debug_XAudio2|Win32.Build.0 = Debug|Win32
		{E4D373BF-E227-48B9-99E6-84987E8674EC}.Debug|ARM.ActiveCfg = Debug|ARM
		{E4D373BF-E227-48B9-99E6-84987E8674EC}.Debug|ARM.Build.0 = Debug|ARM
		{E4D373BF-E227-48B9-99E6-84987E8674EC}.Debug|Win32.ActiveCfg = Debug|Win32
		{E4D373BF-E227-48B9-99E6-84987E8674EC}.Debug|Win32.Build.0 = Debug|Win32
		{E4D373BF-E227-48B9-99E6-84987E8674EC}.DebugS_XAudio2|ARM.ActiveCfg = DebugS|ARM
		{E4D373BF-E227-48B9-99E6-84987E8674EC}.DebugS_XAudio2|ARM.Build.0 = DebugS|ARM
		{E4D373BF-E227-48B9-99E6-84987E8674EC}.DebugS_XAudio2|Win32.ActiveCfg = DebugS|Win32
		{E4D373BF-E227-48B9-99E6-84987E8674EC}.DebugS_XAudio2|Win32.Build.0 = DebugS|Win32
		{E4D373BF-E227-48B9-99E6-84987E8674EC}.DebugS|ARM.ActiveCfg = DebugS|ARM
		{E4D373BF-E227-48B9-99E6-84987E8674EC}.DebugS|ARM.Build.0 = DebugS|ARM
		{E4D373BF-E227-48B9-99E6-84987E8674EC}.DebugS|Win32.ActiveCfg = DebugS|Win32
		{E4D373BF-E227-48B9-99E6-84987E8674EC}.DebugS|Win32.Build.0 = DebugS|Win32
		{E4D373BF-E227-48B9-99E6-84987E8674EC}.Release_XAudio2|ARM.ActiveCfg = Release|ARM
		{E4D373BF-E227-48B9-99E6-84987E8674EC}.Release_XAudio2|ARM.Build.0 = Release|ARM
		{E4D373BF-E227-48B9-99E6-84987E8674EC}.Release_XAudio2|Win32.ActiveCfg = Release|Win32
		{E4D373BF-E227-48B9-99E6-84987E8674EC}.Release_XAudio2|Win32.Build.0 = Release|Win32
		{E4D373BF-E227-48B9-99E6-84987E8674EC}.Release|ARM.ActiveCfg = Release|ARM
		{E4D373BF-E227-48B9-99E6-84987E8674EC}.Release|ARM.Build.0 = Release|ARM
		{E4D373BF-E227-48B9-99E6-84987E8674EC}.Release|Win32.ActiveCfg = Release|Win32
		{E4D373BF-E227-48B9-99E6-84987E8674EC}.Release|Win32.Build.0 = Release|Win32
		{E4D373BF-E227-48B9-99E6-84987E8674EC}.ReleaseS_XAudio2|ARM.ActiveCfg = ReleaseS|ARM
		{E4D373BF-E227-48B9-99E6-84987E8674EC}.ReleaseS_XAudio2|ARM.Build.0 = ReleaseS|ARM
		{E4D373BF-E227-48B9-99E6-84987E8674EC}.ReleaseS_XAudio2|Win32.ActiveCfg = ReleaseS|Win32
		{E4D373BF-E227-48B9-99E6-84987E8674EC}.ReleaseS_XAudio2|Win32.Build.0 = ReleaseS|Win32
		{E4D373BF-E227-48B9-99E6-84987E8674EC}.ReleaseS_XAudio2|Win32.Deploy.0 = ReleaseS|Win32
		{E4D373BF-E227-48B9-99E6-84987E8674EC}.ReleaseS|ARM.ActiveCfg = ReleaseS|ARM
		{E4D373BF-E227-48B9-99E6-84987E8674EC}.ReleaseS|ARM.Build.0 = ReleaseS|ARM
		{E4D373BF-E227-48B9-99E6-84987E8674EC}.ReleaseS|Win32.ActiveCfg = ReleaseS|Win32
		{E4D373BF-E227-48B9-99E6-84987E8674EC}.ReleaseS|Win32.Build.0 = ReleaseS|Win32
		{B3E8DF67-FEE1-4660-902C-3D31D1F0735F}.Debug_XAudio2|ARM.ActiveCfg = Debug|ARM
		{B3E8DF67-FEE1-4660-902C-3D31D1F0735F}.Debug_XAudio2|ARM.Build.0 = Debug|ARM
		{B3E8DF67-FEE1-4660-902C-3D31D1F0735F}.Debug_XAudio2|Win32.ActiveCfg = Debug|Win32
		{B3E8DF67-FEE1-4660-902C-3D31D1F0735F}.Debug_XAudio2|Win32.Build.0 = Debug|Win32
		{B3E8DF67-FEE1-4660-902C-3D31D1F0735F}.Debug|ARM.ActiveCfg = Debug|ARM
		{B3E8DF67-FEE1-4660-902C-3D31D1F0735F}.Debug|ARM.Build.0 = Debug|ARM
		{B3E8DF67-FEE1-4660-902C-3D31D1F0735F}.Debug|Win32.ActiveCfg = Debug|Win32
		{B3E8DF67-FEE1-4660-902C-3D31D1F0735F}.Debug|Win32.Build.0 = Debug|Win32
		{B3E8DF67-FEE1-4660-902C-3D31D1F0735F}.DebugS_XAudio2|ARM.ActiveCfg = DebugS|ARM
		{B3E8DF67-FEE1-4660-902C-3D31D1F0735F}.DebugS_XAudio2|ARM.Build.0 = DebugS|ARM
		{B3E8DF67-FEE1-4660-902C-3D31D1F0735F}.DebugS_XAudio2|ARM.Deploy.0 = DebugS|ARM
		{B3E8DF67-FEE1-4660-902C-3D31D1F0735F}.DebugS_XAudio2|Win32.ActiveCfg = DebugS|Win32
		{B3E8DF67-FEE1-4660-902C-3D31D1F0735F}.DebugS_XAudio2|Win32.Build.0 = DebugS|Win32
		{B3E8DF67-FEE1-4660-902C-3D31D1F0735F}.DebugS|ARM.ActiveCfg = DebugS|ARM
		{B3E8DF67-FEE1-4660-902C-3D31D1F0735F}.DebugS|ARM.Build.0 = DebugS|ARM
		{B3E8DF67-FEE1-4660-902C-3D31D1F0735F}.DebugS|ARM.Deploy.0 = DebugS|ARM
		{B3E8DF67-FEE1-4660-902C-3D31D1F0735F}.DebugS|Win32.ActiveCfg = DebugS|Win32
		{B3E8DF67-FEE1-4660-902C-3D31D1F0735F}.DebugS|Win32.Build.0 = DebugS|Win32
		{B3E8DF67-FEE1-4660-902C-3D31D1F0735F}.Release_XAudio2|ARM.ActiveCfg = Release|ARM
		{B3E8DF67-FEE1-4660-902C-3D31D1F0735F}.Release_XAudio2|ARM.Build.0 = Release|ARM
		{B3E8DF67-FEE1-4660-902C-3D31D1F0735F}.Release_XAudio2|Win32.ActiveCfg = Release|Win32
		{B3E8DF67-FEE1-4660-902C-3D31D1F0735F}.Release_XAudio2|Win32.Build.0 = Release|Win32
		{B3E8DF67-FEE1-4660-902C-3D31D1F0735F}.Release|ARM.ActiveCfg = Release|ARM
		{B3E8DF67-FEE1-4660-902C-3D31D1F0735F}.Release|ARM.Build.0 = Release|ARM
		{B3E8DF67-FEE1-4660-902C-3D31D1F0735F}.Release|Win32.ActiveCfg = Release|Win32
		{B3E8DF67-FEE1-4660-902C-3D31D1F0735F}.Release|Win32.Build.0 = Release|Win32
		{B3E8DF67-FEE1-4660-902C-3D31D1F0735F}.ReleaseS_XAudio2|ARM.ActiveCfg = ReleaseS|ARM
		{B3E8DF67-FEE1-4660-902C-3D31D1F0735F}.ReleaseS_XAudio2|ARM.Build.0 = ReleaseS|ARM
		{B3E8DF67-FEE1-4660-902C-3D31D1F0735F}.ReleaseS_XAudio2|ARM.Deploy.0 = ReleaseS|ARM
		{B3E8DF67-FEE1-4660-902C-3D31D1F0735F}.ReleaseS_XAudio2|Win32.ActiveCfg = ReleaseS|Win32
		{B3E8DF67-FEE1-4660-902C-3D31D1F0735F}.ReleaseS_XAudio2|Win32.Build.0 = ReleaseS|Win32
		{B3E8DF67-FEE1-4660-902C-3D31D1F0735F}.ReleaseS|ARM.ActiveCfg = ReleaseS|ARM
		{B3E8DF67-FEE1-4660-902C-3D31D1F0735F}.ReleaseS|ARM.Build.0 = ReleaseS|ARM
		{B3E8DF67-FEE1-4660-902C-3D31D1F0735F}.ReleaseS|ARM.Deploy.0 = ReleaseS|ARM
		{B3E8DF67-FEE1-4660-902C-3D31D1F0735F}.ReleaseS|Win32.ActiveCfg = ReleaseS|Win32
		{B3E8DF67-FEE1-4660-902C-3D31D1F0735F}.ReleaseS|Win32.Build.0 = ReleaseS|Win32
		{8ED4EDB5-7C0E-411F-BCC6-E96882CC73F3}.Debug_XAudio2|ARM.ActiveCfg = Debug|ARM
		{8ED4EDB5-7C0E-411F-BCC6-E96882CC73F3}.Debug_XAudio2|ARM.Build.0 = Debug|ARM
		{8ED4EDB5-7C0E-411F-BCC6-E96882CC73F3}.Debug_XAudio2|ARM.Deploy.0 = Debug|ARM
		{8ED4EDB5-7C0E-411F-BCC6-E96882CC73F3}.Debug_XAudio2|Win32.ActiveCfg = Debug|Win32
		{8ED4EDB5-7C0E-411F-BCC6-E96882CC73F3}.Debug_XAudio2|Win32.Build.0 = Debug|Win32
		{8ED4EDB5-7C0E-411F-BCC6-E96882CC73F3}.Debug_XAudio2|Win32.Deploy.0 = Debug|Win32
		{8ED4EDB5-7C0E-411F-BCC6-E96882CC73F3}.Debug|ARM.ActiveCfg = Debug|ARM
		{8ED4EDB5-7C0E-411F-BCC6-E96882CC73F3}.Debug|ARM.Build.0 = Debug|ARM
		{8ED4EDB5-7C0E-411F-BCC6-E96882CC73F3}.Debug|ARM.Deploy.0 = Debug|ARM
		{8ED4EDB5-7C0E-411F-BCC6-E96882CC73F3}.Debug|Win32.ActiveCfg = Debug|Win32
		{8ED4EDB5-7C0E-411F-BCC6-E96882CC73F3}.Debug|Win32.Build.0 = Debug|Win32
		{8ED4EDB5-7C0E-411F-BCC6-E96882CC73F3}.Debug|Win32.Deploy.0 = Debug|Win32
		{8ED4EDB5-7C0E-411F-BCC6-E96882CC73F3}.DebugS_XAudio2|ARM.ActiveCfg = DebugS|ARM
		{8ED4EDB5-7C0E-411F-BCC6-E96882CC73F3}.DebugS_XAudio2|ARM.Build.0 = DebugS|ARM
		{8ED4EDB5-7C0E-411F-BCC6-E96882CC73F3}.DebugS_XAudio2|ARM.Deploy.0 = DebugS|ARM
		{8ED4EDB5-7C0E-411F-BCC6-E96882CC73F3}.DebugS_XAudio2|Win32.ActiveCfg = DebugS|Win32
		{8ED4EDB5-7C0E-411F-BCC6-E96882CC73F3}.DebugS_XAudio2|Win32.Build.0 = DebugS|Win32
		{8ED4EDB5-7C0E-411F-BCC6-E96882CC73F3}.DebugS_XAudio2|Win32.Deploy.0 = DebugS|Win32
		{8ED4EDB5-7C0E-411F-BCC6-E96882CC73F3}.DebugS|ARM.ActiveCfg = DebugS|ARM
		{8ED4EDB5-7C0E-411F-BCC6-E96882CC73F3}.DebugS|ARM.Build.0 = DebugS|ARM
		{8ED4EDB5-7C0E-411F-BCC6-E96882CC73F3}.DebugS|ARM.Deploy.0 = DebugS|ARM
		{8ED4EDB5-7C0E-411F-BCC6-E96882CC73F3}.DebugS|Win32.ActiveCfg = DebugS|Win32
		{8ED4EDB5-7C0E-411F-BCC6-E96882CC73F3}.DebugS|Win32.Build.0 = DebugS|Win32
		{8ED4EDB5-7C0E-411F-BCC6-E96882CC73F3}.DebugS|Win32.Deploy.0 = DebugS|Win32
		{8ED4EDB5-7C0E-411F-BCC6-E96882CC73F3}.Release_XAudio2|ARM.ActiveCfg = Release|ARM
		{8ED4EDB5-7C0E-411F-BCC6-E96882CC73F3}.Release_XAudio2|ARM.Build.0 = Release|ARM
		{8ED4EDB5-7C0E-411F-BCC6-E96882CC73F3}.Release_XAudio2|ARM.Deploy.0 = Release|ARM
		{8ED4EDB5-7C0E-411F-BCC6-E96882CC73F3}.Release_XAudio2|Win32.ActiveCfg = Release|Win32
		{8ED4EDB5-7C0E-411F-BCC6-E96882CC73F3}.Release_XAudio2|Win32.Build.0 = Release|Win32
		{8ED4EDB5-7C0E-411F-BCC6-E96882CC73F3}.Release_XAudio2|Win32.Deploy.0 = Release|Win32
		{8ED4EDB5-7C0E-411F-BCC6-E96882CC73F3}.Release|ARM.ActiveCfg = Release|ARM
		{8ED4EDB5-7C0E-411F-BCC6-E96882CC73F3}.Release|ARM.Build.0 = Release|ARM
		{8ED4EDB5-7C0E-411F-BCC6-E96882CC73F3}.Release|ARM.Deploy.0 = Release|ARM
		{8ED4EDB5-7C0E-411F-BCC6-E96882CC73F3}.Release|Win32.ActiveCfg = Release|Win32
		{8ED4EDB5-7C0E-411F-BCC6-E96882CC73F3}.Release|Win32.Build.0 = Release|Win32
		{8ED4EDB5-7C0E-411F-BCC6-E96882CC73F3}.Release|Win32.Deploy.0 = Release|Win32
		{8ED4EDB5-7C0E-411F-BCC6-E96882CC73F3}.ReleaseS_XAudio2|ARM.ActiveCfg = ReleaseS|ARM
		{8ED4EDB5-7C0E-411F-BCC6-E96882CC73F3}.ReleaseS_XAudio2|ARM.Build.0 = ReleaseS|ARM
		{8ED4EDB5-7C0E-411F-BCC6-E96882CC73F3}.ReleaseS_XAudio2|ARM.Deploy.0 = ReleaseS|ARM
		{8ED4EDB5-7C0E-411F-BCC6-E96882CC73F3}.ReleaseS_XAudio2|Win32.ActiveCfg = ReleaseS|Win32
		{8ED4EDB5-7C0E-411F-BCC6-E96882CC73F3}.ReleaseS_XAudio2|Win32.Build.0 = ReleaseS|Win32
		{8ED4EDB5-7C0E-411F-BCC6-E96882CC73F3}.ReleaseS_XAudio2|Win32.Deploy.0 = ReleaseS|Win32
		{8ED4EDB5-7C0E-411F-BCC6-E96882CC73F3}.ReleaseS|ARM.ActiveCfg = ReleaseS|ARM
		{8ED4EDB5-7C0E-411F-BCC6-E96882CC73F3}.ReleaseS|ARM.Build.0 = ReleaseS|ARM
		{8ED4EDB5-7C0E-411F-BCC6-E96882CC73F3}.ReleaseS|ARM.Deploy.0 = ReleaseS|ARM
		{8ED4EDB5-7C0E-411F-BCC6-E96882CC73F3}.ReleaseS|Win32.ActiveCfg = ReleaseS|Win32
		{8ED4EDB5-7C0E-411F-BCC6-E96882CC73F3}.ReleaseS|Win32.Build.0 = ReleaseS|Win32
		{8ED4EDB5-7C0E-411F-BCC6-E96882CC73F3}.ReleaseS|Win32.Deploy.0 = ReleaseS|Win32
		{4F1CA1B9-AB81-4B23-9A26-DEA67B983744}.Debug_XAudio2|ARM.ActiveCfg = Debug|ARM
		{4F1CA1B9-AB81-4B23-9A26-DEA67B983744}.Debug_XAudio2|ARM.Build.0 = Debug|ARM
		{4F1CA1B9-AB81-4B23-9A26-DEA67B983744}.Debug_XAudio2|ARM.Deploy.0 = Debug|ARM
		{4F1CA1B9-AB81-4B23-9A26-DEA67B983744}.Debug_XAudio2|Win32.ActiveCfg = Debug|Win32
		{4F1CA1B9-AB81-4B23-9A26-DEA67B983744}.Debug_XAudio2|Win32.Build.0 = Debug|Win32
		{4F1CA1B9-AB81-4B23-9A26-DEA67B983744}.Debug_XAudio2|Win32.Deploy.0 = Debug|Win32
		{4F1CA1B9-AB81-4B23-9A26-DEA67B983744}.Debug|ARM.ActiveCfg = Debug|ARM
		{4F1CA1B9-AB81-4B23-9A26-DEA67B983744}.Debug|ARM.Build.0 = Debug|ARM
		{4F1CA1B9-AB81-4B23-9A26-DEA67B983744}.Debug|ARM.Deploy.0 = Debug|ARM
		{4F1CA1B9-AB81-4B23-9A26-DEA67B983744}.Debug|Win32.ActiveCfg = Debug|Win32
		{4F1CA1B9-AB81-4B23-9A26-DEA67B983744}.Debug|Win32.Build.0 = Debug|Win32
		{4F1CA1B9-AB81-4B23-9A26-DEA67B983744}.Debug|Win32.Deploy.0 = Debug|Win32
		{4F1CA1B9-AB81-4B23-9A26-DEA67B983744}.DebugS_XAudio2|ARM.ActiveCfg = DebugS|ARM
		{4F1CA1B9-AB81-4B23-9A26-DEA67B983744}.DebugS_XAudio2|ARM.Build.0 = DebugS|ARM
		{4F1CA1B9-AB81-4B23-9A26-DEA67B983744}.DebugS_XAudio2|ARM.Deploy.0 = DebugS|ARM
		{4F1CA1B9-AB81-4B23-9A26-DEA67B983744}.DebugS_XAudio2|Win32.ActiveCfg = DebugS|Win32
		{4F1CA1B9-AB81-4B23-9A26-DEA67B983744}.DebugS_XAudio2|Win32.Build.0 = DebugS|Win32
		{4F1CA1B9-AB81-4B23-9A26-DEA67B983744}.DebugS_XAudio2|Win32.Deploy.0 = DebugS|Win32
		{4F1CA1B9-AB81-4B23-9A26-DEA67B983744}.DebugS|ARM.ActiveCfg = DebugS|ARM
		{4F1CA1B9-AB81-4B23-9A26-DEA67B983744}.DebugS|ARM.Build.0 = DebugS|ARM
		{4F1CA1B9-AB81-4B23-9A26-DEA67B983744}.DebugS|ARM.Deploy.0 = DebugS|ARM
		{4F1CA1B9-AB81-4B23-9A26-DEA67B983744}.DebugS|Win32.ActiveCfg = DebugS|Win32
		{4F1CA1B9-AB81-4B23-9A26-DEA67B983744}.DebugS|Win32.Build.0 = DebugS|Win32
		{4F1CA1B9-AB81-4B23-9A26-DEA67B983744}.DebugS|Win32.Deploy.0 = DebugS|Win32
		{4F1CA1B9-AB81-4B23-9A26-DEA67B983744}.Release_XAudio2|ARM.ActiveCfg = Release|ARM
		{4F1CA1B9-AB81-4B23-9A26-DEA67B983744}.Release_XAudio2|ARM.Build.0 = Release|ARM
		{4F1CA1B9-AB81-4B23-9A26-DEA67B983744}.Release_XAudio2|ARM.Deploy.0 = Release|ARM
		{4F1CA1B9-AB81-4B23-9A26-DEA67B983744}.Release_XAudio2|Win32.ActiveCfg = Release|Win32
		{4F1CA1B9-AB81-4B23-9A26-DEA67B983744}.Release_XAudio2|Win32.Build.0 = Release|Win32
		{4F1CA1B9-AB81-4B23-9A26-DEA67B983744}.Release_XAudio2|Win32.Deploy.0 = Release|Win32
		{4F1CA1B9-AB81-4B23-9A26-DEA67B983744}.Release|ARM.ActiveCfg = Release|ARM
		{4F1CA1B9-AB81-4B23-9A26-DEA67B983744}.Release|ARM.Build.0 = Release|ARM
		{4F1CA1B9-AB81-4B23-9A26-DEA67B983744}.Release|ARM.Deploy.0 = Release|ARM
		{4F1CA1B9-AB81-4B23-9A26-DEA67B983744}.Release|Win32.ActiveCfg = Release|Win32
		{4F1CA1B9-AB81-4B23-9A26-DEA67B983744}.Release|Win32.Build.0 = Release|Win32
		{4F1CA1B9-AB81-4B23-9A26-DEA67B983744}.Release|Win32.Deploy.0 = Release|Win32
		{4F1CA1B9-AB81-4B23-9A26-DEA67B983744}.ReleaseS_XAudio2|ARM.ActiveCfg = ReleaseS|ARM
		{4F1CA1B9-AB81-4B23-9A26-DEA67B983744}.ReleaseS_XAudio2|ARM.Build.0 = ReleaseS|ARM
		{4F1CA1B9-AB81-4B23-9A26-DEA67B983744}.ReleaseS_XAudio2|ARM.Deploy.0 = ReleaseS|ARM
		{4F1CA1B9-AB81-4B23-9A26-DEA67B983744}.ReleaseS_XAudio2|Win32.ActiveCfg = ReleaseS|Win32
		{4F1CA1B9-AB81-4B23-9A26-DEA67B983744}.ReleaseS_XAudio2|Win32.Build.0 = ReleaseS|Win32
		{4F1CA1B9-AB81-4B23-9A26-DEA67B983744}.ReleaseS_XAudio2|Win32.Deploy.0 = ReleaseS|Win32
		{4F1CA1B9-AB81-4B23-9A26-DEA67B983744}.ReleaseS|ARM.ActiveCfg = ReleaseS|ARM
		{4F1CA1B9-AB81-4B23-9A26-DEA67B983744}.ReleaseS|ARM.Build.0 = ReleaseS|ARM
		{4F1CA1B9-AB81-4B23-9A26-DEA67B983744}.ReleaseS|ARM.Deploy.0 = ReleaseS|ARM
		{4F1CA1B9-AB81-4B23-9A26-DEA67B983744}.ReleaseS|Win32.ActiveCfg = ReleaseS|Win32
		{4F1CA1B9-AB81-4B23-9A26-DEA67B983744}.ReleaseS|Win32.Build.0 = ReleaseS|Win32
		{4F1CA1B9-AB81-4B23-9A26-DEA67B983744}.ReleaseS|Win32.Deploy.0 = ReleaseS|Win32
		{15CBFEFF-7965-41F5-B4E2-21E8795C9159}.Debug_XAudio2|ARM.ActiveCfg = Debug|ARM
		{15CBFEFF-7965-41F5-B4E2-21E8795C9159}.Debug_XAudio2|ARM.Build.0 = Debug|ARM
		{15CBFEFF-7965-41F5-B4E2-21E8795C9159}.Debug_XAudio2|ARM.Deploy.0 = Debug|ARM
		{15CBFEFF-7965-41F5-B4E2-21E8795C9159}.Debug_XAudio2|Win32.ActiveCfg = Debug|Win32
		{15CBFEFF-7965-41F5-B4E2-21E8795C9159}.Debug_XAudio2|Win32.Build.0 = Debug|Win32
		{15CBFEFF-7965-41F5-B4E2-21E8795C9159}.Debug|ARM.ActiveCfg = Debug|ARM
		{15CBFEFF-7965-41F5-B4E2-21E8795C9159}.Debug|ARM.Build.0 = Debug|ARM
		{15CBFEFF-7965-41F5-B4E2-21E8795C9159}.Debug|ARM.Deploy.0 = Debug|ARM
		{15CBFEFF-7965-41F5-B4E2-21E8795C9159}.Debug|Win32.ActiveCfg = Debug|Win32
		{15CBFEFF-7965-41F5-B4E2-21E8795C9159}.Debug|Win32.Build.0 = Debug|Win32
		{15CBFEFF-7965-41F5-B4E2-21E8795C9159}.DebugS_XAudio2|ARM.ActiveCfg = DebugS|ARM
		{15CBFEFF-7965-41F5-B4E2-21E8795C9159}.DebugS_XAudio2|ARM.Build.0 = DebugS|ARM
		{15CBFEFF-7965-41F5-B4E2-21E8795C9159}.DebugS_XAudio2|ARM.Deploy.0 = DebugS|ARM
		{15CBFEFF-7965-41F5-B4E2-21E8795C9159}.DebugS_XAudio2|Win32.ActiveCfg = DebugS|Win32
		{15CBFEFF-7965-41F5-B4E2-21E8795C9159}.DebugS_XAudio2|Win32.Build.0 = DebugS|Win32
		{15CBFEFF-7965-41F5-B4E2-21E8795C9159}.DebugS|ARM.ActiveCfg = DebugS|ARM
		{15CBFEFF-7965-41F5-B4E2-21E8795C9159}.DebugS|ARM.Build.0 = DebugS|ARM
		{15CBFEFF-7965-41F5-B4E2-21E8795C9159}.DebugS|ARM.Deploy.0 = DebugS|ARM
		{15CBFEFF-7965-41F5-B4E2-21E8795C9159}.DebugS|Win32.ActiveCfg = DebugS|Win32
		{15CBFEFF-7965-41F5-B4E2-21E8795C9159}.DebugS|Win32.Build.0 = DebugS|Win32
		{15CBFEFF-7965-41F5-B4E2-21E8795C9159}.Release_XAudio2|ARM.ActiveCfg = Release|ARM
		{15CBFEFF-7965-41F5-B4E2-21E8795C9159}.Release_XAudio2|ARM.Build.0 = Release|ARM
		{15CBFEFF-7965-41F5-B4E2-21E8795C9159}.Release_XAudio2|ARM.Deploy.0 = Release|ARM
		{15CBFEFF-7965-41F5-B4E2-21E8795C9159}.Release_XAudio2|Win32.ActiveCfg = Release|Win32
		{15CBFEFF-7965-41F5-B4E2-21E8795C9159}.Release_XAudio2|Win32.Build.0 = Release|Win32
		{15CBFEFF-7965-41F5-B4E2-21E8795C9159}.Release|ARM.ActiveCfg = Release|ARM
		{15CBFEFF-7965-41F5-B4E2-21E8795C9159}.Release|ARM.Build.0 = Release|ARM
		{15CBFEFF-7965-41F5-B4E2-21E8795C9159}.Release|ARM.Deploy.0 = Release|ARM
		{15CBFEFF-7965-41F5-B4E2-21E8795C9159}.Release|Win32.ActiveCfg = Release|Win32
		{15CBFEFF-7965-41F5-B4E2-21E8795C9159}.Release|Win32.Build.0 = Release|Win32
		{15CBFEFF-7965-41F5-B4E2-21E8795C9159}.ReleaseS_XAudio2|ARM.ActiveCfg = ReleaseS|ARM
		{15CBFEFF-7965-41F5-B4E2-21E8795C9159}.ReleaseS_XAudio2|ARM.Build.0 = ReleaseS|ARM
		{15CBFEFF-7965-41F5-B4E2-21E8795C9159}.ReleaseS_XAudio2|ARM.Deploy.0 = ReleaseS|ARM
		{15CBFEFF-7965-41F5-B4E2-21E8795C9159}.ReleaseS_XAudio2|Win32.ActiveCfg = ReleaseS|Win32
		{15CBFEFF-7965-41F5-B4E2-21E8795C9159}.ReleaseS_XAudio2|Win32.Build.0 = ReleaseS|Win32
		{15CBFEFF-7965-41F5-B4E2-21E8795C9159}.ReleaseS|ARM.ActiveCfg = ReleaseS|ARM
		{15CBFEFF-7965-41F5-B4E2-21E8795C9159}.ReleaseS|ARM.Build.0 = ReleaseS|ARM
		{15CBFEFF-7965-41F5-B4E2-21E8795C9159}.ReleaseS|ARM.Deploy.0 = ReleaseS|ARM
		{15CBFEFF-7965-41F5-B4E2-21E8795C9159}.ReleaseS|Win32.ActiveCfg = ReleaseS|Win32
		{15CBFEFF-7965-41F5-B4E2-21E8795C9159}.ReleaseS|Win32.Build.0 = ReleaseS|Win32
		{3A214E06-B95E-4D61-A291-1F8DF2EC10FD}.Debug_XAudio2|ARM.ActiveCfg = Debug|ARM
		{3A214E06-B95E-4D61-A291-1F8DF2EC10FD}.Debug_XAudio2|ARM.Build.0 = Debug|ARM
		{3A214E06-B95E-4D61-A291-1F8DF2EC10FD}.Debug_XAudio2|Win32.ActiveCfg = Debug|Win32
		{3A214E06-B95E-4D61-A291-1F8DF2EC10FD}.Debug_XAudio2|Win32.Build.0 = Debug|Win32
		{3A214E06-B95E-4D61-A291-1F8DF2EC10FD}.Debug|ARM.ActiveCfg = Debug|ARM
		{3A214E06-B95E-4D61-A291-1F8DF2EC10FD}.Debug|ARM.Build.0 = Debug|ARM
		{3A214E06-B95E-4D61-A291-1F8DF2EC10FD}.Debug|Win32.ActiveCfg = Debug|Win32
		{3A214E06-B95E-4D61-A291-1F8DF2EC10FD}.Debug|Win32.Build.0 = Debug|Win32
		{3A214E06-B95E-4D61-A291-1F8DF2EC10FD}.DebugS_XAudio2|ARM.ActiveCfg = DebugS|ARM
		{3A214E06-B95E-4D61-A291-1F8DF2EC10FD}.DebugS_XAudio2|ARM.Build.0 = DebugS|ARM
		{3A214E06-B95E-4D61-A291-1F8DF2EC10FD}.DebugS_XAudio2|Win32.ActiveCfg = DebugS|Win32
		{3A214E06-B95E-4D61-A291-1F8DF2EC10FD}.DebugS_XAudio2|Win32.Build.0 = DebugS|Win32
		{3A214E06-B95E-4D61-A291-1F8DF2EC10FD}.DebugS|ARM.ActiveCfg = DebugS|ARM
		{3A214E06-B95E-4D61-A291-1F8DF2EC10FD}.DebugS|ARM.Build.0 = DebugS|ARM
		{3A214E06-B95E-4D61-A291-1F8DF2EC10FD}.DebugS|Win32.ActiveCfg = DebugS|Win32
		{3A214E06-B95E-4D61-A291-1F8DF2EC10FD}.DebugS|Win32.Build.0 = DebugS|Win32
		{3A214E06-B95E-4D61-A291-1F8DF2EC10FD}.Release_XAudio2|ARM.ActiveCfg = Release|ARM
		{3A214E06-B95E-4D61-A291-1F8DF2EC10FD}.Release_XAudio2|ARM.Build.0 = Release|ARM
		{3A214E06-B95E-4D61-A291-1F8DF2EC10FD}.Release_XAudio2|Win32.ActiveCfg = Release|Win32
		{3A214E06-B95E-4D61-A291-1F8DF2EC10FD}.Release_XAudio2|Win32.Build.0 = Release|Win32
		{3A214E06-B95E-4D61-A291-1F8DF2EC10FD}.Release|ARM.ActiveCfg = Release|ARM
		{3A214E06-B95E-4D61-A291-1F8DF2EC10FD}.Release|ARM.Build.0 = Release|ARM
		{3A214E06-B95E-4D61-A291-1F8DF2EC10FD}.Release|Win32.ActiveCfg = Release|Win32
		{3A214E06-B95E-4D61-A291-1F8DF2EC10FD}.Release|Win32.Build.0 = Release|Win32
		{3A214E06-B95E-4D61-A291-1F8DF2EC10FD}.ReleaseS_XAudio2|ARM.ActiveCfg = ReleaseS|ARM
		{3A214E06-B95E-4D61-A291-1F8DF2EC10FD}.ReleaseS_XAudio2|ARM.Build.0 = ReleaseS|ARM
		{3A214E06-B95E-4D61-A291-1F8DF2EC10FD}.ReleaseS_XAudio2|Win32.ActiveCfg = ReleaseS|Win32
		{3A214E06-B95E-4D61-A291-1F8DF2EC10FD}.ReleaseS_XAudio2|Win32.Build.0 = ReleaseS|Win32
		{3A214E06-B95E-4D61-A291-1F8DF2EC10FD}.ReleaseS|ARM.ActiveCfg = ReleaseS|ARM
		{3A214E06-B95E-4D61-A291-1F8DF2EC10FD}.ReleaseS|ARM.Build.0 = ReleaseS|ARM
		{3A214E06-B95E-4D61-A291-1F8DF2EC10FD}.ReleaseS|Win32.ActiveCfg = ReleaseS|Win32
		{3A214E06-B95E-4D61-A291-1F8DF2EC10FD}.ReleaseS|Win32.Build.0 = ReleaseS|Win32
		{CEBDE98B-A6AA-46E6-BC79-FAAF823DB9EC}.Debug_XAudio2|ARM.ActiveCfg = Debug|ARM
		{CEBDE98B-A6AA-46E6-BC79-FAAF823DB9EC}.Debug_XAudio2|ARM.Build.0 = Debug|ARM
		{CEBDE98B-A6AA-46E6-BC79-FAAF823DB9EC}.Debug_XAudio2|Win32.ActiveCfg = Debug|Win32
		{CEBDE98B-A6AA-46E6-BC79-FAAF823DB9EC}.Debug_XAudio2|Win32.Build.0 = Debug|Win32
		{CEBDE98B-A6AA-46E6-BC79-FAAF823DB9EC}.Debug|ARM.ActiveCfg = Debug|ARM
		{CEBDE98B-A6AA-46E6-BC79-FAAF823DB9EC}.Debug|ARM.Build.0 = Debug|ARM
		{CEBDE98B-A6AA-46E6-BC79-FAAF823DB9EC}.Debug|Win32.ActiveCfg = Debug|Win32
		{CEBDE98B-A6AA-46E6-BC79-FAAF823DB9EC}.Debug|Win32.Build.0 = Debug|Win32
		{CEBDE98B-A6AA-46E6-BC79-FAAF823DB9EC}.DebugS_XAudio2|ARM.ActiveCfg = DebugS|ARM
		{CEBDE98B-A6AA-46E6-BC79-FAAF823DB9EC}.DebugS_XAudio2|ARM.Build.0 = DebugS|ARM
		{CEBDE98B-A6AA-46E6-BC79-FAAF823DB9EC}.DebugS_XAudio2|Win32.ActiveCfg = DebugS|Win32
		{CEBDE98B-A6AA-46E6-BC79-FAAF823DB9EC}.DebugS_XAudio2|Win32.Build.0 = DebugS|Win32
		{CEBDE98B-A6AA-46E6-BC79-FAAF823DB9EC}.DebugS|ARM.ActiveCfg = DebugS|ARM
		{CEBDE98B-A6AA-46E6-BC79-FAAF823DB9EC}.DebugS|ARM.Build.0 = DebugS|ARM
		{CEBDE98B-A6AA-46E6-BC79-FAAF823DB9EC}.DebugS|Win32.ActiveCfg = DebugS|Win32
		{CEBDE98B-A6AA-46E6-BC79-FAAF823DB9EC}.DebugS|Win32.Build.0 = DebugS|Win32
		{CEBDE98B-A6AA-46E6-BC79-FAAF823DB9EC}.Release_XAudio2|ARM.ActiveCfg = Release|ARM
		{CEBDE98B-A6AA-46E6-BC79-FAAF823DB9EC}.Release_XAudio2|ARM.Build.0 = Release|ARM
		{CEBDE98B-A6AA-46E6-BC79-FAAF823DB9EC}.Release_XAudio2|Win32.ActiveCfg = Release|Win32
		{CEBDE98B-A6AA-46E6-BC79-FAAF823DB9EC}.Release_XAudio2|Win32.Build.0 = Release|Win32
		{CEBDE98B-A6AA-46E6-BC79-FAAF823DB9EC}.Release|ARM.ActiveCfg = Release|ARM
		{CEBDE98B-A6AA-46E6-BC79-FAAF823DB9EC}.Release|ARM.Build.0 = Release|ARM
		{CEBDE98B-A6AA-46E6-BC79-FAAF823DB9EC}.Release|Win32.ActiveCfg = Release|Win32
		{CEBDE98B-A6AA-46E6-BC79-FAAF823DB9EC}.Release|Win32.Build.0 = Release|Win32
		{CEBDE98B-A6AA-46E6-BC79-FAAF823DB9EC}.ReleaseS_XAudio2|ARM.ActiveCfg = ReleaseS|ARM
		{CEBDE98B-A6AA-46E6-BC79-FAAF823DB9EC}.ReleaseS_XAudio2|ARM.Build.0 = ReleaseS|ARM
		{CEBDE98B-A6AA-46E6-BC79-FAAF823DB9EC}.ReleaseS_XAudio2|Win32.ActiveCfg = ReleaseS|Win32
		{CEBDE98B-A6AA-46E6-BC79-FAAF823DB9EC}.ReleaseS_XAudio2|Win32.Build.0 = ReleaseS|Win32
		{CEBDE98B-A6AA-46E6-BC79-FAAF823DB9EC}.ReleaseS|ARM.ActiveCfg = ReleaseS|ARM
		{CEBDE98B-A6AA-46E6-BC79-FAAF823DB9EC}.ReleaseS|ARM.Build.0 = ReleaseS|ARM
		{CEBDE98B-A6AA-46E6-BC79-FAAF823DB9EC}.ReleaseS|Win32.ActiveCfg = ReleaseS|Win32
		{CEBDE98B-A6AA-46E6-BC79-FAAF823DB9EC}.ReleaseS|Win32.Build.0 = ReleaseS|Win32
	EndGlobalSection
	GlobalSection(SolutionProperties) = preSolution
		HideSolutionNode = FALSE
	EndGlobalSection
EndGlobal
