
Microsoft Visual Studio Solution File, Format Version 12.00
# Visual Studio Express 2013 for Windows Desktop
VisualStudioVersion = 12.0.30501.0
MinimumVisualStudioVersion = 10.0.40219.1
Project("{8BC9CEB8-8B4A-11D0-8D11-00A0C91BC942}") = "libxal", "msvc\vs2013\libxal.vcxproj", "{6B6C070B-7DD7-41B9-8DD7-12AFBF0F6C08}"
	ProjectSection(ProjectDependencies) = postProject
		{3A214E06-B95E-4D61-A291-1F8DF2EC10FD} = {3A214E06-B95E-4D61-A291-1F8DF2EC10FD}
		{7A8E774E-DD94-43B8-8758-6F9F656CC8D2} = {7A8E774E-DD94-43B8-8758-6F9F656CC8D2}
		{CEBDE98B-A6AA-46E6-BC79-FAAF823DB9EC} = {CEBDE98B-A6AA-46E6-BC79-FAAF823DB9EC}
		{C4A17CD4-6B3C-495C-AF61-961F8F86EA65} = {C4A17CD4-6B3C-495C-AF61-961F8F86EA65}
		{15CBFEFF-7965-41F5-B4E2-21E8795C9159} = {15CBFEFF-7965-41F5-B4E2-21E8795C9159}
	EndProjectSection
EndProject
Project("{8BC9CEB8-8B4A-11D0-8D11-00A0C91BC942}") = "libhltypes", "..\hltypes\msvc\vs2013\libhltypes.vcxproj", "{E4D373BF-E227-48B9-99E6-84987E8674EC}"
EndProject
Project("{8BC9CEB8-8B4A-11D0-8D11-00A0C91BC942}") = "libxalutil", "xalutil\msvc\vs2013\libxalutil.vcxproj", "{B3E8DF67-FEE1-4660-902C-3D31D1F0735F}"
	ProjectSection(ProjectDependencies) = postProject
		{6B6C070B-7DD7-41B9-8DD7-12AFBF0F6C08} = {6B6C070B-7DD7-41B9-8DD7-12AFBF0F6C08}
	EndProjectSection
EndProject
Project("{8BC9CEB8-8B4A-11D0-8D11-00A0C91BC942}") = "demo_simple", "msvc\vs2013\demo_simple.vcxproj", "{8ED4EDB5-7C0E-411F-BCC6-E96882CC73F3}"
EndProject
Project("{8BC9CEB8-8B4A-11D0-8D11-00A0C91BC942}") = "demo_test", "msvc\vs2013\demo_test.vcxproj", "{4F1CA1B9-AB81-4B23-9A26-DEA67B983744}"
EndProject
Project("{8BC9CEB8-8B4A-11D0-8D11-00A0C91BC942}") = "libogg", "lib\ogg\msvc\vs2013\libogg.vcxproj", "{15CBFEFF-7965-41F5-B4E2-21E8795C9159}"
EndProject
Project("{8BC9CEB8-8B4A-11D0-8D11-00A0C91BC942}") = "libtremor", "lib\tremor\msvc\vs2013\libtremor.vcxproj", "{7A8E774E-DD94-43B8-8758-6F9F656CC8D2}"
EndProject
Project("{8BC9CEB8-8B4A-11D0-8D11-00A0C91BC942}") = "libvorbis", "lib\vorbis\msvc\vs2013\libvorbis.vcxproj", "{3A214E06-B95E-4D61-A291-1F8DF2EC10FD}"
	ProjectSection(ProjectDependencies) = postProject
		{15CBFEFF-7965-41F5-B4E2-21E8795C9159} = {15CBFEFF-7965-41F5-B4E2-21E8795C9159}
	EndProjectSection
EndProject
Project("{8BC9CEB8-8B4A-11D0-8D11-00A0C91BC942}") = "libvorbisfile", "lib\vorbis\msvc\vs2013\libvorbisfile.vcxproj", "{CEBDE98B-A6AA-46E6-BC79-FAAF823DB9EC}"
	ProjectSection(ProjectDependencies) = postProject
		{15CBFEFF-7965-41F5-B4E2-21E8795C9159} = {15CBFEFF-7965-41F5-B4E2-21E8795C9159}
	EndProjectSection
EndProject
Project("{8BC9CEB8-8B4A-11D0-8D11-00A0C91BC942}") = "libopenal", "lib\openal-soft-android\msvc\vs2013\libopenal.vcxproj", "{C4A17CD4-6B3C-495C-AF61-961F8F86EA65}"
EndProject
Global
	GlobalSection(SolutionConfigurationPlatforms) = preSolution
		Debug_All|Android = Debug_All|Android
		Debug_All|Win32 = Debug_All|Win32
		Debug_DirectSound|Android = Debug_DirectSound|Android
		Debug_DirectSound|Win32 = Debug_DirectSound|Win32
		Debug_OpenAL|Android = Debug_OpenAL|Android
		Debug_OpenAL|Win32 = Debug_OpenAL|Win32
		Debug_SDL|Android = Debug_SDL|Android
		Debug_SDL|Win32 = Debug_SDL|Win32
		Debug|Android = Debug|Android
		Debug|Win32 = Debug|Win32
		DebugS_All|Android = DebugS_All|Android
		DebugS_All|Win32 = DebugS_All|Win32
		DebugS_DirectSound|Android = DebugS_DirectSound|Android
		DebugS_DirectSound|Win32 = DebugS_DirectSound|Win32
		DebugS_OpenAL|Android = DebugS_OpenAL|Android
		DebugS_OpenAL|Win32 = DebugS_OpenAL|Win32
		DebugS_SDL|Android = DebugS_SDL|Android
		DebugS_SDL|Win32 = DebugS_SDL|Win32
		DebugS|Android = DebugS|Android
		DebugS|Win32 = DebugS|Win32
		Release_All|Android = Release_All|Android
		Release_All|Win32 = Release_All|Win32
		Release_DirectSound|Android = Release_DirectSound|Android
		Release_DirectSound|Win32 = Release_DirectSound|Win32
		Release_OpenAL|Android = Release_OpenAL|Android
		Release_OpenAL|Win32 = Release_OpenAL|Win32
		Release_SDL|Android = Release_SDL|Android
		Release_SDL|Win32 = Release_SDL|Win32
		Release|Android = Release|Android
		Release|Win32 = Release|Win32
		ReleaseS_All|Android = ReleaseS_All|Android
		ReleaseS_All|Win32 = ReleaseS_All|Win32
		ReleaseS_DirectSound|Android = ReleaseS_DirectSound|Android
		ReleaseS_DirectSound|Win32 = ReleaseS_DirectSound|Win32
		ReleaseS_OpenAL|Android = ReleaseS_OpenAL|Android
		ReleaseS_OpenAL|Win32 = ReleaseS_OpenAL|Win32
		ReleaseS_SDL|Android = ReleaseS_SDL|Android
		ReleaseS_SDL|Win32 = ReleaseS_SDL|Win32
		ReleaseS|Android = ReleaseS|Android
		ReleaseS|Win32 = ReleaseS|Win32
	EndGlobalSection
	GlobalSection(ProjectConfigurationPlatforms) = postSolution
		{6B6C070B-7DD7-41B9-8DD7-12AFBF0F6C08}.Debug_All|Android.ActiveCfg = Debug_All|Android
		{6B6C070B-7DD7-41B9-8DD7-12AFBF0F6C08}.Debug_All|Android.Build.0 = Debug_All|Android
		{6B6C070B-7DD7-41B9-8DD7-12AFBF0F6C08}.Debug_All|Win32.ActiveCfg = Debug_All|Win32
		{6B6C070B-7DD7-41B9-8DD7-12AFBF0F6C08}.Debug_All|Win32.Build.0 = Debug_All|Win32
		{6B6C070B-7DD7-41B9-8DD7-12AFBF0F6C08}.Debug_DirectSound|Android.ActiveCfg = Debug_DirectSound|Android
		{6B6C070B-7DD7-41B9-8DD7-12AFBF0F6C08}.Debug_DirectSound|Android.Build.0 = Debug_DirectSound|Android
		{6B6C070B-7DD7-41B9-8DD7-12AFBF0F6C08}.Debug_DirectSound|Win32.ActiveCfg = Debug_DirectSound|Win32
		{6B6C070B-7DD7-41B9-8DD7-12AFBF0F6C08}.Debug_DirectSound|Win32.Build.0 = Debug_DirectSound|Win32
		{6B6C070B-7DD7-41B9-8DD7-12AFBF0F6C08}.Debug_OpenAL|Android.ActiveCfg = Debug_OpenAL|Android
		{6B6C070B-7DD7-41B9-8DD7-12AFBF0F6C08}.Debug_OpenAL|Android.Build.0 = Debug_OpenAL|Android
		{6B6C070B-7DD7-41B9-8DD7-12AFBF0F6C08}.Debug_OpenAL|Win32.ActiveCfg = Debug_OpenAL|Win32
		{6B6C070B-7DD7-41B9-8DD7-12AFBF0F6C08}.Debug_OpenAL|Win32.Build.0 = Debug_OpenAL|Win32
		{6B6C070B-7DD7-41B9-8DD7-12AFBF0F6C08}.Debug_SDL|Android.ActiveCfg = Debug_SDL|Android
		{6B6C070B-7DD7-41B9-8DD7-12AFBF0F6C08}.Debug_SDL|Android.Build.0 = Debug_SDL|Android
		{6B6C070B-7DD7-41B9-8DD7-12AFBF0F6C08}.Debug_SDL|Win32.ActiveCfg = Debug_SDL|Win32
		{6B6C070B-7DD7-41B9-8DD7-12AFBF0F6C08}.Debug_SDL|Win32.Build.0 = Debug_SDL|Win32
		{6B6C070B-7DD7-41B9-8DD7-12AFBF0F6C08}.Debug|Android.ActiveCfg = Debug|Android
		{6B6C070B-7DD7-41B9-8DD7-12AFBF0F6C08}.Debug|Android.Build.0 = Debug|Android
		{6B6C070B-7DD7-41B9-8DD7-12AFBF0F6C08}.Debug|Win32.ActiveCfg = Debug|Win32
		{6B6C070B-7DD7-41B9-8DD7-12AFBF0F6C08}.Debug|Win32.Build.0 = Debug|Win32
		{6B6C070B-7DD7-41B9-8DD7-12AFBF0F6C08}.DebugS_All|Android.ActiveCfg = DebugS_All|Android
		{6B6C070B-7DD7-41B9-8DD7-12AFBF0F6C08}.DebugS_All|Android.Build.0 = DebugS_All|Android
		{6B6C070B-7DD7-41B9-8DD7-12AFBF0F6C08}.DebugS_All|Win32.ActiveCfg = DebugS_All|Win32
		{6B6C070B-7DD7-41B9-8DD7-12AFBF0F6C08}.DebugS_All|Win32.Build.0 = DebugS_All|Win32
		{6B6C070B-7DD7-41B9-8DD7-12AFBF0F6C08}.DebugS_DirectSound|Android.ActiveCfg = DebugS_DirectSound|Android
		{6B6C070B-7DD7-41B9-8DD7-12AFBF0F6C08}.DebugS_DirectSound|Android.Build.0 = DebugS_DirectSound|Android
		{6B6C070B-7DD7-41B9-8DD7-12AFBF0F6C08}.DebugS_DirectSound|Win32.ActiveCfg = DebugS_DirectSound|Win32
		{6B6C070B-7DD7-41B9-8DD7-12AFBF0F6C08}.DebugS_DirectSound|Win32.Build.0 = DebugS_DirectSound|Win32
		{6B6C070B-7DD7-41B9-8DD7-12AFBF0F6C08}.DebugS_OpenAL|Android.ActiveCfg = DebugS_OpenAL|Android
		{6B6C070B-7DD7-41B9-8DD7-12AFBF0F6C08}.DebugS_OpenAL|Android.Build.0 = DebugS_OpenAL|Android
		{6B6C070B-7DD7-41B9-8DD7-12AFBF0F6C08}.DebugS_OpenAL|Win32.ActiveCfg = DebugS_OpenAL|Win32
		{6B6C070B-7DD7-41B9-8DD7-12AFBF0F6C08}.DebugS_OpenAL|Win32.Build.0 = DebugS_OpenAL|Win32
		{6B6C070B-7DD7-41B9-8DD7-12AFBF0F6C08}.DebugS_SDL|Android.ActiveCfg = DebugS_SDL|Android
		{6B6C070B-7DD7-41B9-8DD7-12AFBF0F6C08}.DebugS_SDL|Android.Build.0 = DebugS_SDL|Android
		{6B6C070B-7DD7-41B9-8DD7-12AFBF0F6C08}.DebugS_SDL|Win32.ActiveCfg = DebugS_SDL|Win32
		{6B6C070B-7DD7-41B9-8DD7-12AFBF0F6C08}.DebugS_SDL|Win32.Build.0 = DebugS_SDL|Win32
		{6B6C070B-7DD7-41B9-8DD7-12AFBF0F6C08}.DebugS|Android.ActiveCfg = DebugS|Android
		{6B6C070B-7DD7-41B9-8DD7-12AFBF0F6C08}.DebugS|Android.Build.0 = DebugS|Android
		{6B6C070B-7DD7-41B9-8DD7-12AFBF0F6C08}.DebugS|Win32.ActiveCfg = DebugS|Win32
		{6B6C070B-7DD7-41B9-8DD7-12AFBF0F6C08}.DebugS|Win32.Build.0 = DebugS|Win32
		{6B6C070B-7DD7-41B9-8DD7-12AFBF0F6C08}.Release_All|Android.ActiveCfg = Release_All|Android
		{6B6C070B-7DD7-41B9-8DD7-12AFBF0F6C08}.Release_All|Android.Build.0 = Release_All|Android
		{6B6C070B-7DD7-41B9-8DD7-12AFBF0F6C08}.Release_All|Win32.ActiveCfg = Release_All|Win32
		{6B6C070B-7DD7-41B9-8DD7-12AFBF0F6C08}.Release_All|Win32.Build.0 = Release_All|Win32
		{6B6C070B-7DD7-41B9-8DD7-12AFBF0F6C08}.Release_DirectSound|Android.ActiveCfg = Release_DirectSound|Android
		{6B6C070B-7DD7-41B9-8DD7-12AFBF0F6C08}.Release_DirectSound|Android.Build.0 = Release_DirectSound|Android
		{6B6C070B-7DD7-41B9-8DD7-12AFBF0F6C08}.Release_DirectSound|Win32.ActiveCfg = Release_DirectSound|Win32
		{6B6C070B-7DD7-41B9-8DD7-12AFBF0F6C08}.Release_DirectSound|Win32.Build.0 = Release_DirectSound|Win32
		{6B6C070B-7DD7-41B9-8DD7-12AFBF0F6C08}.Release_OpenAL|Android.ActiveCfg = Release_OpenAL|Android
		{6B6C070B-7DD7-41B9-8DD7-12AFBF0F6C08}.Release_OpenAL|Android.Build.0 = Release_OpenAL|Android
		{6B6C070B-7DD7-41B9-8DD7-12AFBF0F6C08}.Release_OpenAL|Win32.ActiveCfg = Release_OpenAL|Win32
		{6B6C070B-7DD7-41B9-8DD7-12AFBF0F6C08}.Release_OpenAL|Win32.Build.0 = Release_OpenAL|Win32
		{6B6C070B-7DD7-41B9-8DD7-12AFBF0F6C08}.Release_SDL|Android.ActiveCfg = Release_SDL|Android
		{6B6C070B-7DD7-41B9-8DD7-12AFBF0F6C08}.Release_SDL|Android.Build.0 = Release_SDL|Android
		{6B6C070B-7DD7-41B9-8DD7-12AFBF0F6C08}.Release_SDL|Win32.ActiveCfg = Release_SDL|Win32
		{6B6C070B-7DD7-41B9-8DD7-12AFBF0F6C08}.Release_SDL|Win32.Build.0 = Release_SDL|Win32
		{6B6C070B-7DD7-41B9-8DD7-12AFBF0F6C08}.Release|Android.ActiveCfg = Release|Android
		{6B6C070B-7DD7-41B9-8DD7-12AFBF0F6C08}.Release|Android.Build.0 = Release|Android
		{6B6C070B-7DD7-41B9-8DD7-12AFBF0F6C08}.Release|Win32.ActiveCfg = Release|Win32
		{6B6C070B-7DD7-41B9-8DD7-12AFBF0F6C08}.Release|Win32.Build.0 = Release|Win32
		{6B6C070B-7DD7-41B9-8DD7-12AFBF0F6C08}.ReleaseS_All|Android.ActiveCfg = ReleaseS_All|Android
		{6B6C070B-7DD7-41B9-8DD7-12AFBF0F6C08}.ReleaseS_All|Android.Build.0 = ReleaseS_All|Android
		{6B6C070B-7DD7-41B9-8DD7-12AFBF0F6C08}.ReleaseS_All|Win32.ActiveCfg = ReleaseS_All|Win32
		{6B6C070B-7DD7-41B9-8DD7-12AFBF0F6C08}.ReleaseS_All|Win32.Build.0 = ReleaseS_All|Win32
		{6B6C070B-7DD7-41B9-8DD7-12AFBF0F6C08}.ReleaseS_DirectSound|Android.ActiveCfg = ReleaseS_DirectSound|Android
		{6B6C070B-7DD7-41B9-8DD7-12AFBF0F6C08}.ReleaseS_DirectSound|Android.Build.0 = ReleaseS_DirectSound|Android
		{6B6C070B-7DD7-41B9-8DD7-12AFBF0F6C08}.ReleaseS_DirectSound|Win32.ActiveCfg = ReleaseS_DirectSound|Win32
		{6B6C070B-7DD7-41B9-8DD7-12AFBF0F6C08}.ReleaseS_DirectSound|Win32.Build.0 = ReleaseS_DirectSound|Win32
		{6B6C070B-7DD7-41B9-8DD7-12AFBF0F6C08}.ReleaseS_OpenAL|Android.ActiveCfg = ReleaseS_OpenAL|Android
		{6B6C070B-7DD7-41B9-8DD7-12AFBF0F6C08}.ReleaseS_OpenAL|Android.Build.0 = ReleaseS_OpenAL|Android
		{6B6C070B-7DD7-41B9-8DD7-12AFBF0F6C08}.ReleaseS_OpenAL|Win32.ActiveCfg = ReleaseS_OpenAL|Win32
		{6B6C070B-7DD7-41B9-8DD7-12AFBF0F6C08}.ReleaseS_OpenAL|Win32.Build.0 = ReleaseS_OpenAL|Win32
		{6B6C070B-7DD7-41B9-8DD7-12AFBF0F6C08}.ReleaseS_SDL|Android.ActiveCfg = ReleaseS_SDL|Android
		{6B6C070B-7DD7-41B9-8DD7-12AFBF0F6C08}.ReleaseS_SDL|Android.Build.0 = ReleaseS_SDL|Android
		{6B6C070B-7DD7-41B9-8DD7-12AFBF0F6C08}.ReleaseS_SDL|Win32.ActiveCfg = ReleaseS_SDL|Win32
		{6B6C070B-7DD7-41B9-8DD7-12AFBF0F6C08}.ReleaseS_SDL|Win32.Build.0 = ReleaseS_SDL|Win32
		{6B6C070B-7DD7-41B9-8DD7-12AFBF0F6C08}.ReleaseS|Android.ActiveCfg = ReleaseS|Android
		{6B6C070B-7DD7-41B9-8DD7-12AFBF0F6C08}.ReleaseS|Android.Build.0 = ReleaseS|Android
		{6B6C070B-7DD7-41B9-8DD7-12AFBF0F6C08}.ReleaseS|Win32.ActiveCfg = ReleaseS|Win32
		{6B6C070B-7DD7-41B9-8DD7-12AFBF0F6C08}.ReleaseS|Win32.Build.0 = ReleaseS|Win32
		{E4D373BF-E227-48B9-99E6-84987E8674EC}.Debug_All|Android.ActiveCfg = Debug_ZipResource|Android
		{E4D373BF-E227-48B9-99E6-84987E8674EC}.Debug_All|Android.Build.0 = Debug_ZipResource|Android
		{E4D373BF-E227-48B9-99E6-84987E8674EC}.Debug_All|Win32.ActiveCfg = Debug|Win32
		{E4D373BF-E227-48B9-99E6-84987E8674EC}.Debug_All|Win32.Build.0 = Debug|Win32
		{E4D373BF-E227-48B9-99E6-84987E8674EC}.Debug_DirectSound|Android.ActiveCfg = Debug_ZipResource|Android
		{E4D373BF-E227-48B9-99E6-84987E8674EC}.Debug_DirectSound|Android.Build.0 = Debug_ZipResource|Android
		{E4D373BF-E227-48B9-99E6-84987E8674EC}.Debug_DirectSound|Win32.ActiveCfg = Debug|Win32
		{E4D373BF-E227-48B9-99E6-84987E8674EC}.Debug_DirectSound|Win32.Build.0 = Debug|Win32
		{E4D373BF-E227-48B9-99E6-84987E8674EC}.Debug_OpenAL|Android.ActiveCfg = Debug_ZipResource|Android
		{E4D373BF-E227-48B9-99E6-84987E8674EC}.Debug_OpenAL|Android.Build.0 = Debug_ZipResource|Android
		{E4D373BF-E227-48B9-99E6-84987E8674EC}.Debug_OpenAL|Win32.ActiveCfg = Debug|Win32
		{E4D373BF-E227-48B9-99E6-84987E8674EC}.Debug_OpenAL|Win32.Build.0 = Debug|Win32
		{E4D373BF-E227-48B9-99E6-84987E8674EC}.Debug_SDL|Android.ActiveCfg = Debug_ZipResource|Android
		{E4D373BF-E227-48B9-99E6-84987E8674EC}.Debug_SDL|Android.Build.0 = Debug_ZipResource|Android
		{E4D373BF-E227-48B9-99E6-84987E8674EC}.Debug_SDL|Win32.ActiveCfg = Debug|Win32
		{E4D373BF-E227-48B9-99E6-84987E8674EC}.Debug_SDL|Win32.Build.0 = Debug|Win32
		{E4D373BF-E227-48B9-99E6-84987E8674EC}.Debug|Android.ActiveCfg = Debug_ZipResource|Android
		{E4D373BF-E227-48B9-99E6-84987E8674EC}.Debug|Android.Build.0 = Debug_ZipResource|Android
		{E4D373BF-E227-48B9-99E6-84987E8674EC}.Debug|Win32.ActiveCfg = Debug|Win32
		{E4D373BF-E227-48B9-99E6-84987E8674EC}.Debug|Win32.Build.0 = Debug|Win32
		{E4D373BF-E227-48B9-99E6-84987E8674EC}.DebugS_All|Android.ActiveCfg = DebugS_ZipResource|Android
		{E4D373BF-E227-48B9-99E6-84987E8674EC}.DebugS_All|Android.Build.0 = DebugS_ZipResource|Android
		{E4D373BF-E227-48B9-99E6-84987E8674EC}.DebugS_All|Win32.ActiveCfg = DebugS|Win32
		{E4D373BF-E227-48B9-99E6-84987E8674EC}.DebugS_All|Win32.Build.0 = DebugS|Win32
		{E4D373BF-E227-48B9-99E6-84987E8674EC}.DebugS_DirectSound|Android.ActiveCfg = DebugS_ZipResource|Android
		{E4D373BF-E227-48B9-99E6-84987E8674EC}.DebugS_DirectSound|Android.Build.0 = DebugS_ZipResource|Android
		{E4D373BF-E227-48B9-99E6-84987E8674EC}.DebugS_DirectSound|Win32.ActiveCfg = DebugS|Win32
		{E4D373BF-E227-48B9-99E6-84987E8674EC}.DebugS_DirectSound|Win32.Build.0 = DebugS|Win32
		{E4D373BF-E227-48B9-99E6-84987E8674EC}.DebugS_OpenAL|Android.ActiveCfg = DebugS_ZipResource|Android
		{E4D373BF-E227-48B9-99E6-84987E8674EC}.DebugS_OpenAL|Android.Build.0 = DebugS_ZipResource|Android
		{E4D373BF-E227-48B9-99E6-84987E8674EC}.DebugS_OpenAL|Win32.ActiveCfg = DebugS|Win32
		{E4D373BF-E227-48B9-99E6-84987E8674EC}.DebugS_OpenAL|Win32.Build.0 = DebugS|Win32
		{E4D373BF-E227-48B9-99E6-84987E8674EC}.DebugS_SDL|Android.ActiveCfg = DebugS_ZipResource|Android
		{E4D373BF-E227-48B9-99E6-84987E8674EC}.DebugS_SDL|Android.Build.0 = DebugS_ZipResource|Android
		{E4D373BF-E227-48B9-99E6-84987E8674EC}.DebugS_SDL|Win32.ActiveCfg = DebugS|Win32
		{E4D373BF-E227-48B9-99E6-84987E8674EC}.DebugS_SDL|Win32.Build.0 = DebugS|Win32
		{E4D373BF-E227-48B9-99E6-84987E8674EC}.DebugS|Android.ActiveCfg = DebugS_ZipResource|Android
		{E4D373BF-E227-48B9-99E6-84987E8674EC}.DebugS|Android.Build.0 = DebugS_ZipResource|Android
		{E4D373BF-E227-48B9-99E6-84987E8674EC}.DebugS|Win32.ActiveCfg = DebugS|Win32
		{E4D373BF-E227-48B9-99E6-84987E8674EC}.DebugS|Win32.Build.0 = DebugS|Win32
		{E4D373BF-E227-48B9-99E6-84987E8674EC}.Release_All|Android.ActiveCfg = Release_ZipResource|Android
		{E4D373BF-E227-48B9-99E6-84987E8674EC}.Release_All|Android.Build.0 = Release_ZipResource|Android
		{E4D373BF-E227-48B9-99E6-84987E8674EC}.Release_All|Win32.ActiveCfg = Release|Win32
		{E4D373BF-E227-48B9-99E6-84987E8674EC}.Release_All|Win32.Build.0 = Release|Win32
		{E4D373BF-E227-48B9-99E6-84987E8674EC}.Release_DirectSound|Android.ActiveCfg = Release_ZipResource|Android
		{E4D373BF-E227-48B9-99E6-84987E8674EC}.Release_DirectSound|Android.Build.0 = Release_ZipResource|Android
		{E4D373BF-E227-48B9-99E6-84987E8674EC}.Release_DirectSound|Win32.ActiveCfg = Release|Win32
		{E4D373BF-E227-48B9-99E6-84987E8674EC}.Release_DirectSound|Win32.Build.0 = Release|Win32
		{E4D373BF-E227-48B9-99E6-84987E8674EC}.Release_OpenAL|Android.ActiveCfg = Release_ZipResource|Android
		{E4D373BF-E227-48B9-99E6-84987E8674EC}.Release_OpenAL|Android.Build.0 = Release_ZipResource|Android
		{E4D373BF-E227-48B9-99E6-84987E8674EC}.Release_OpenAL|Win32.ActiveCfg = Release|Win32
		{E4D373BF-E227-48B9-99E6-84987E8674EC}.Release_OpenAL|Win32.Build.0 = Release|Win32
		{E4D373BF-E227-48B9-99E6-84987E8674EC}.Release_SDL|Android.ActiveCfg = Release_ZipResource|Android
		{E4D373BF-E227-48B9-99E6-84987E8674EC}.Release_SDL|Android.Build.0 = Release_ZipResource|Android
		{E4D373BF-E227-48B9-99E6-84987E8674EC}.Release_SDL|Win32.ActiveCfg = Release|Win32
		{E4D373BF-E227-48B9-99E6-84987E8674EC}.Release_SDL|Win32.Build.0 = Release|Win32
		{E4D373BF-E227-48B9-99E6-84987E8674EC}.Release|Android.ActiveCfg = Release_ZipResource|Android
		{E4D373BF-E227-48B9-99E6-84987E8674EC}.Release|Android.Build.0 = Release_ZipResource|Android
		{E4D373BF-E227-48B9-99E6-84987E8674EC}.Release|Win32.ActiveCfg = Release|Win32
		{E4D373BF-E227-48B9-99E6-84987E8674EC}.Release|Win32.Build.0 = Release|Win32
		{E4D373BF-E227-48B9-99E6-84987E8674EC}.ReleaseS_All|Android.ActiveCfg = ReleaseS_ZipResource|Android
		{E4D373BF-E227-48B9-99E6-84987E8674EC}.ReleaseS_All|Android.Build.0 = ReleaseS_ZipResource|Android
		{E4D373BF-E227-48B9-99E6-84987E8674EC}.ReleaseS_All|Win32.ActiveCfg = ReleaseS|Win32
		{E4D373BF-E227-48B9-99E6-84987E8674EC}.ReleaseS_All|Win32.Build.0 = ReleaseS|Win32
		{E4D373BF-E227-48B9-99E6-84987E8674EC}.ReleaseS_DirectSound|Android.ActiveCfg = ReleaseS_ZipResource|Android
		{E4D373BF-E227-48B9-99E6-84987E8674EC}.ReleaseS_DirectSound|Android.Build.0 = ReleaseS_ZipResource|Android
		{E4D373BF-E227-48B9-99E6-84987E8674EC}.ReleaseS_DirectSound|Win32.ActiveCfg = ReleaseS|Win32
		{E4D373BF-E227-48B9-99E6-84987E8674EC}.ReleaseS_DirectSound|Win32.Build.0 = ReleaseS|Win32
		{E4D373BF-E227-48B9-99E6-84987E8674EC}.ReleaseS_OpenAL|Android.ActiveCfg = ReleaseS_ZipResource|Android
		{E4D373BF-E227-48B9-99E6-84987E8674EC}.ReleaseS_OpenAL|Android.Build.0 = ReleaseS_ZipResource|Android
		{E4D373BF-E227-48B9-99E6-84987E8674EC}.ReleaseS_OpenAL|Win32.ActiveCfg = ReleaseS|Win32
		{E4D373BF-E227-48B9-99E6-84987E8674EC}.ReleaseS_OpenAL|Win32.Build.0 = ReleaseS|Win32
		{E4D373BF-E227-48B9-99E6-84987E8674EC}.ReleaseS_SDL|Android.ActiveCfg = ReleaseS_ZipResource|Android
		{E4D373BF-E227-48B9-99E6-84987E8674EC}.ReleaseS_SDL|Android.Build.0 = ReleaseS_ZipResource|Android
		{E4D373BF-E227-48B9-99E6-84987E8674EC}.ReleaseS_SDL|Win32.ActiveCfg = ReleaseS|Win32
		{E4D373BF-E227-48B9-99E6-84987E8674EC}.ReleaseS_SDL|Win32.Build.0 = ReleaseS|Win32
		{E4D373BF-E227-48B9-99E6-84987E8674EC}.ReleaseS|Android.ActiveCfg = ReleaseS_ZipResource|Android
		{E4D373BF-E227-48B9-99E6-84987E8674EC}.ReleaseS|Android.Build.0 = ReleaseS_ZipResource|Android
		{E4D373BF-E227-48B9-99E6-84987E8674EC}.ReleaseS|Win32.ActiveCfg = ReleaseS|Win32
		{E4D373BF-E227-48B9-99E6-84987E8674EC}.ReleaseS|Win32.Build.0 = ReleaseS|Win32
		{B3E8DF67-FEE1-4660-902C-3D31D1F0735F}.Debug_All|Android.ActiveCfg = Debug|Android
		{B3E8DF67-FEE1-4660-902C-3D31D1F0735F}.Debug_All|Android.Build.0 = Debug|Android
		{B3E8DF67-FEE1-4660-902C-3D31D1F0735F}.Debug_All|Win32.ActiveCfg = Debug|Win32
		{B3E8DF67-FEE1-4660-902C-3D31D1F0735F}.Debug_All|Win32.Build.0 = Debug|Win32
		{B3E8DF67-FEE1-4660-902C-3D31D1F0735F}.Debug_DirectSound|Android.ActiveCfg = Debug|Android
		{B3E8DF67-FEE1-4660-902C-3D31D1F0735F}.Debug_DirectSound|Android.Build.0 = Debug|Android
		{B3E8DF67-FEE1-4660-902C-3D31D1F0735F}.Debug_DirectSound|Win32.ActiveCfg = Debug|Win32
		{B3E8DF67-FEE1-4660-902C-3D31D1F0735F}.Debug_DirectSound|Win32.Build.0 = Debug|Win32
		{B3E8DF67-FEE1-4660-902C-3D31D1F0735F}.Debug_OpenAL|Android.ActiveCfg = Debug|Android
		{B3E8DF67-FEE1-4660-902C-3D31D1F0735F}.Debug_OpenAL|Android.Build.0 = Debug|Android
		{B3E8DF67-FEE1-4660-902C-3D31D1F0735F}.Debug_OpenAL|Win32.ActiveCfg = Debug|Win32
		{B3E8DF67-FEE1-4660-902C-3D31D1F0735F}.Debug_OpenAL|Win32.Build.0 = Debug|Win32
		{B3E8DF67-FEE1-4660-902C-3D31D1F0735F}.Debug_SDL|Android.ActiveCfg = Debug|Android
		{B3E8DF67-FEE1-4660-902C-3D31D1F0735F}.Debug_SDL|Android.Build.0 = Debug|Android
		{B3E8DF67-FEE1-4660-902C-3D31D1F0735F}.Debug_SDL|Win32.ActiveCfg = Debug|Win32
		{B3E8DF67-FEE1-4660-902C-3D31D1F0735F}.Debug_SDL|Win32.Build.0 = Debug|Win32
		{B3E8DF67-FEE1-4660-902C-3D31D1F0735F}.Debug|Android.ActiveCfg = Debug|Android
		{B3E8DF67-FEE1-4660-902C-3D31D1F0735F}.Debug|Android.Build.0 = Debug|Android
		{B3E8DF67-FEE1-4660-902C-3D31D1F0735F}.Debug|Win32.ActiveCfg = Debug|Win32
		{B3E8DF67-FEE1-4660-902C-3D31D1F0735F}.Debug|Win32.Build.0 = Debug|Win32
		{B3E8DF67-FEE1-4660-902C-3D31D1F0735F}.DebugS_All|Android.ActiveCfg = DebugS|Android
		{B3E8DF67-FEE1-4660-902C-3D31D1F0735F}.DebugS_All|Android.Build.0 = DebugS|Android
		{B3E8DF67-FEE1-4660-902C-3D31D1F0735F}.DebugS_All|Win32.ActiveCfg = DebugS|Win32
		{B3E8DF67-FEE1-4660-902C-3D31D1F0735F}.DebugS_All|Win32.Build.0 = DebugS|Win32
		{B3E8DF67-FEE1-4660-902C-3D31D1F0735F}.DebugS_DirectSound|Android.ActiveCfg = DebugS|Android
		{B3E8DF67-FEE1-4660-902C-3D31D1F0735F}.DebugS_DirectSound|Android.Build.0 = DebugS|Android
		{B3E8DF67-FEE1-4660-902C-3D31D1F0735F}.DebugS_DirectSound|Win32.ActiveCfg = DebugS|Win32
		{B3E8DF67-FEE1-4660-902C-3D31D1F0735F}.DebugS_DirectSound|Win32.Build.0 = DebugS|Win32
		{B3E8DF67-FEE1-4660-902C-3D31D1F0735F}.DebugS_OpenAL|Android.ActiveCfg = DebugS|Android
		{B3E8DF67-FEE1-4660-902C-3D31D1F0735F}.DebugS_OpenAL|Android.Build.0 = DebugS|Android
		{B3E8DF67-FEE1-4660-902C-3D31D1F0735F}.DebugS_OpenAL|Win32.ActiveCfg = DebugS|Win32
		{B3E8DF67-FEE1-4660-902C-3D31D1F0735F}.DebugS_OpenAL|Win32.Build.0 = DebugS|Win32
		{B3E8DF67-FEE1-4660-902C-3D31D1F0735F}.DebugS_SDL|Android.ActiveCfg = DebugS|Android
		{B3E8DF67-FEE1-4660-902C-3D31D1F0735F}.DebugS_SDL|Android.Build.0 = DebugS|Android
		{B3E8DF67-FEE1-4660-902C-3D31D1F0735F}.DebugS_SDL|Win32.ActiveCfg = DebugS|Win32
		{B3E8DF67-FEE1-4660-902C-3D31D1F0735F}.DebugS_SDL|Win32.Build.0 = DebugS|Win32
		{B3E8DF67-FEE1-4660-902C-3D31D1F0735F}.DebugS|Android.ActiveCfg = DebugS|Android
		{B3E8DF67-FEE1-4660-902C-3D31D1F0735F}.DebugS|Android.Build.0 = DebugS|Android
		{B3E8DF67-FEE1-4660-902C-3D31D1F0735F}.DebugS|Win32.ActiveCfg = DebugS|Win32
		{B3E8DF67-FEE1-4660-902C-3D31D1F0735F}.DebugS|Win32.Build.0 = DebugS|Win32
		{B3E8DF67-FEE1-4660-902C-3D31D1F0735F}.Release_All|Android.ActiveCfg = Release|Android
		{B3E8DF67-FEE1-4660-902C-3D31D1F0735F}.Release_All|Android.Build.0 = Release|Android
		{B3E8DF67-FEE1-4660-902C-3D31D1F0735F}.Release_All|Win32.ActiveCfg = Release|Win32
		{B3E8DF67-FEE1-4660-902C-3D31D1F0735F}.Release_All|Win32.Build.0 = Release|Win32
		{B3E8DF67-FEE1-4660-902C-3D31D1F0735F}.Release_DirectSound|Android.ActiveCfg = Release|Android
		{B3E8DF67-FEE1-4660-902C-3D31D1F0735F}.Release_DirectSound|Android.Build.0 = Release|Android
		{B3E8DF67-FEE1-4660-902C-3D31D1F0735F}.Release_DirectSound|Win32.ActiveCfg = Release|Win32
		{B3E8DF67-FEE1-4660-902C-3D31D1F0735F}.Release_DirectSound|Win32.Build.0 = Release|Win32
		{B3E8DF67-FEE1-4660-902C-3D31D1F0735F}.Release_OpenAL|Android.ActiveCfg = Release|Android
		{B3E8DF67-FEE1-4660-902C-3D31D1F0735F}.Release_OpenAL|Android.Build.0 = Release|Android
		{B3E8DF67-FEE1-4660-902C-3D31D1F0735F}.Release_OpenAL|Win32.ActiveCfg = Release|Win32
		{B3E8DF67-FEE1-4660-902C-3D31D1F0735F}.Release_OpenAL|Win32.Build.0 = Release|Win32
		{B3E8DF67-FEE1-4660-902C-3D31D1F0735F}.Release_SDL|Android.ActiveCfg = Release|Android
		{B3E8DF67-FEE1-4660-902C-3D31D1F0735F}.Release_SDL|Android.Build.0 = Release|Android
		{B3E8DF67-FEE1-4660-902C-3D31D1F0735F}.Release_SDL|Win32.ActiveCfg = Release|Win32
		{B3E8DF67-FEE1-4660-902C-3D31D1F0735F}.Release_SDL|Win32.Build.0 = Release|Win32
		{B3E8DF67-FEE1-4660-902C-3D31D1F0735F}.Release|Android.ActiveCfg = Release|Android
		{B3E8DF67-FEE1-4660-902C-3D31D1F0735F}.Release|Android.Build.0 = Release|Android
		{B3E8DF67-FEE1-4660-902C-3D31D1F0735F}.Release|Win32.ActiveCfg = Release|Win32
		{B3E8DF67-FEE1-4660-902C-3D31D1F0735F}.Release|Win32.Build.0 = Release|Win32
		{B3E8DF67-FEE1-4660-902C-3D31D1F0735F}.ReleaseS_All|Android.ActiveCfg = ReleaseS|Android
		{B3E8DF67-FEE1-4660-902C-3D31D1F0735F}.ReleaseS_All|Android.Build.0 = ReleaseS|Android
		{B3E8DF67-FEE1-4660-902C-3D31D1F0735F}.ReleaseS_All|Win32.ActiveCfg = ReleaseS|Win32
		{B3E8DF67-FEE1-4660-902C-3D31D1F0735F}.ReleaseS_All|Win32.Build.0 = ReleaseS|Win32
		{B3E8DF67-FEE1-4660-902C-3D31D1F0735F}.ReleaseS_DirectSound|Android.ActiveCfg = ReleaseS|Android
		{B3E8DF67-FEE1-4660-902C-3D31D1F0735F}.ReleaseS_DirectSound|Android.Build.0 = ReleaseS|Android
		{B3E8DF67-FEE1-4660-902C-3D31D1F0735F}.ReleaseS_DirectSound|Win32.ActiveCfg = ReleaseS|Win32
		{B3E8DF67-FEE1-4660-902C-3D31D1F0735F}.ReleaseS_DirectSound|Win32.Build.0 = ReleaseS|Win32
		{B3E8DF67-FEE1-4660-902C-3D31D1F0735F}.ReleaseS_OpenAL|Android.ActiveCfg = ReleaseS|Android
		{B3E8DF67-FEE1-4660-902C-3D31D1F0735F}.ReleaseS_OpenAL|Android.Build.0 = ReleaseS|Android
		{B3E8DF67-FEE1-4660-902C-3D31D1F0735F}.ReleaseS_OpenAL|Win32.ActiveCfg = ReleaseS|Win32
		{B3E8DF67-FEE1-4660-902C-3D31D1F0735F}.ReleaseS_OpenAL|Win32.Build.0 = ReleaseS|Win32
		{B3E8DF67-FEE1-4660-902C-3D31D1F0735F}.ReleaseS_SDL|Android.ActiveCfg = ReleaseS|Android
		{B3E8DF67-FEE1-4660-902C-3D31D1F0735F}.ReleaseS_SDL|Android.Build.0 = ReleaseS|Android
		{B3E8DF67-FEE1-4660-902C-3D31D1F0735F}.ReleaseS_SDL|Win32.ActiveCfg = ReleaseS|Win32
		{B3E8DF67-FEE1-4660-902C-3D31D1F0735F}.ReleaseS_SDL|Win32.Build.0 = ReleaseS|Win32
		{B3E8DF67-FEE1-4660-902C-3D31D1F0735F}.ReleaseS|Android.ActiveCfg = ReleaseS|Android
		{B3E8DF67-FEE1-4660-902C-3D31D1F0735F}.ReleaseS|Android.Build.0 = ReleaseS|Android
		{B3E8DF67-FEE1-4660-902C-3D31D1F0735F}.ReleaseS|Win32.ActiveCfg = ReleaseS|Win32
		{B3E8DF67-FEE1-4660-902C-3D31D1F0735F}.ReleaseS|Win32.Build.0 = ReleaseS|Win32
		{8ED4EDB5-7C0E-411F-BCC6-E96882CC73F3}.Debug_All|Android.ActiveCfg = Debug|Android
		{8ED4EDB5-7C0E-411F-BCC6-E96882CC73F3}.Debug_All|Android.Build.0 = Debug|Android
		{8ED4EDB5-7C0E-411F-BCC6-E96882CC73F3}.Debug_All|Win32.ActiveCfg = Debug|Win32
		{8ED4EDB5-7C0E-411F-BCC6-E96882CC73F3}.Debug_All|Win32.Build.0 = Debug|Win32
		{8ED4EDB5-7C0E-411F-BCC6-E96882CC73F3}.Debug_DirectSound|Android.ActiveCfg = Debug|Android
		{8ED4EDB5-7C0E-411F-BCC6-E96882CC73F3}.Debug_DirectSound|Android.Build.0 = Debug|Android
		{8ED4EDB5-7C0E-411F-BCC6-E96882CC73F3}.Debug_DirectSound|Win32.ActiveCfg = Debug|Win32
		{8ED4EDB5-7C0E-411F-BCC6-E96882CC73F3}.Debug_DirectSound|Win32.Build.0 = Debug|Win32
		{8ED4EDB5-7C0E-411F-BCC6-E96882CC73F3}.Debug_OpenAL|Android.ActiveCfg = Debug|Android
		{8ED4EDB5-7C0E-411F-BCC6-E96882CC73F3}.Debug_OpenAL|Android.Build.0 = Debug|Android
		{8ED4EDB5-7C0E-411F-BCC6-E96882CC73F3}.Debug_OpenAL|Win32.ActiveCfg = Debug|Win32
		{8ED4EDB5-7C0E-411F-BCC6-E96882CC73F3}.Debug_OpenAL|Win32.Build.0 = Debug|Win32
		{8ED4EDB5-7C0E-411F-BCC6-E96882CC73F3}.Debug_SDL|Android.ActiveCfg = Debug|Android
		{8ED4EDB5-7C0E-411F-BCC6-E96882CC73F3}.Debug_SDL|Android.Build.0 = Debug|Android
		{8ED4EDB5-7C0E-411F-BCC6-E96882CC73F3}.Debug_SDL|Win32.ActiveCfg = Debug|Win32
		{8ED4EDB5-7C0E-411F-BCC6-E96882CC73F3}.Debug_SDL|Win32.Build.0 = Debug|Win32
		{8ED4EDB5-7C0E-411F-BCC6-E96882CC73F3}.Debug|Android.ActiveCfg = Debug|Android
		{8ED4EDB5-7C0E-411F-BCC6-E96882CC73F3}.Debug|Android.Build.0 = Debug|Android
		{8ED4EDB5-7C0E-411F-BCC6-E96882CC73F3}.Debug|Win32.ActiveCfg = Debug|Win32
		{8ED4EDB5-7C0E-411F-BCC6-E96882CC73F3}.Debug|Win32.Build.0 = Debug|Win32
		{8ED4EDB5-7C0E-411F-BCC6-E96882CC73F3}.DebugS_All|Android.ActiveCfg = DebugS|Android
		{8ED4EDB5-7C0E-411F-BCC6-E96882CC73F3}.DebugS_All|Android.Build.0 = DebugS|Android
		{8ED4EDB5-7C0E-411F-BCC6-E96882CC73F3}.DebugS_All|Win32.ActiveCfg = DebugS|Win32
		{8ED4EDB5-7C0E-411F-BCC6-E96882CC73F3}.DebugS_All|Win32.Build.0 = DebugS|Win32
		{8ED4EDB5-7C0E-411F-BCC6-E96882CC73F3}.DebugS_DirectSound|Android.ActiveCfg = DebugS|Android
		{8ED4EDB5-7C0E-411F-BCC6-E96882CC73F3}.DebugS_DirectSound|Android.Build.0 = DebugS|Android
		{8ED4EDB5-7C0E-411F-BCC6-E96882CC73F3}.DebugS_DirectSound|Win32.ActiveCfg = DebugS|Win32
		{8ED4EDB5-7C0E-411F-BCC6-E96882CC73F3}.DebugS_DirectSound|Win32.Build.0 = DebugS|Win32
		{8ED4EDB5-7C0E-411F-BCC6-E96882CC73F3}.DebugS_OpenAL|Android.ActiveCfg = DebugS|Android
		{8ED4EDB5-7C0E-411F-BCC6-E96882CC73F3}.DebugS_OpenAL|Android.Build.0 = DebugS|Android
		{8ED4EDB5-7C0E-411F-BCC6-E96882CC73F3}.DebugS_OpenAL|Win32.ActiveCfg = DebugS|Win32
		{8ED4EDB5-7C0E-411F-BCC6-E96882CC73F3}.DebugS_OpenAL|Win32.Build.0 = DebugS|Win32
		{8ED4EDB5-7C0E-411F-BCC6-E96882CC73F3}.DebugS_SDL|Android.ActiveCfg = DebugS|Android
		{8ED4EDB5-7C0E-411F-BCC6-E96882CC73F3}.DebugS_SDL|Android.Build.0 = DebugS|Android
		{8ED4EDB5-7C0E-411F-BCC6-E96882CC73F3}.DebugS_SDL|Win32.ActiveCfg = DebugS|Win32
		{8ED4EDB5-7C0E-411F-BCC6-E96882CC73F3}.DebugS_SDL|Win32.Build.0 = DebugS|Win32
		{8ED4EDB5-7C0E-411F-BCC6-E96882CC73F3}.DebugS|Android.ActiveCfg = DebugS|Android
		{8ED4EDB5-7C0E-411F-BCC6-E96882CC73F3}.DebugS|Android.Build.0 = DebugS|Android
		{8ED4EDB5-7C0E-411F-BCC6-E96882CC73F3}.DebugS|Win32.ActiveCfg = DebugS|Win32
		{8ED4EDB5-7C0E-411F-BCC6-E96882CC73F3}.DebugS|Win32.Build.0 = DebugS|Win32
		{8ED4EDB5-7C0E-411F-BCC6-E96882CC73F3}.Release_All|Android.ActiveCfg = Release|Android
		{8ED4EDB5-7C0E-411F-BCC6-E96882CC73F3}.Release_All|Android.Build.0 = Release|Android
		{8ED4EDB5-7C0E-411F-BCC6-E96882CC73F3}.Release_All|Win32.ActiveCfg = Release|Win32
		{8ED4EDB5-7C0E-411F-BCC6-E96882CC73F3}.Release_All|Win32.Build.0 = Release|Win32
		{8ED4EDB5-7C0E-411F-BCC6-E96882CC73F3}.Release_DirectSound|Android.ActiveCfg = Release|Android
		{8ED4EDB5-7C0E-411F-BCC6-E96882CC73F3}.Release_DirectSound|Android.Build.0 = Release|Android
		{8ED4EDB5-7C0E-411F-BCC6-E96882CC73F3}.Release_DirectSound|Win32.ActiveCfg = Release|Win32
		{8ED4EDB5-7C0E-411F-BCC6-E96882CC73F3}.Release_DirectSound|Win32.Build.0 = Release|Win32
		{8ED4EDB5-7C0E-411F-BCC6-E96882CC73F3}.Release_OpenAL|Android.ActiveCfg = Release|Android
		{8ED4EDB5-7C0E-411F-BCC6-E96882CC73F3}.Release_OpenAL|Android.Build.0 = Release|Android
		{8ED4EDB5-7C0E-411F-BCC6-E96882CC73F3}.Release_OpenAL|Win32.ActiveCfg = Release|Win32
		{8ED4EDB5-7C0E-411F-BCC6-E96882CC73F3}.Release_OpenAL|Win32.Build.0 = Release|Win32
		{8ED4EDB5-7C0E-411F-BCC6-E96882CC73F3}.Release_SDL|Android.ActiveCfg = Release|Android
		{8ED4EDB5-7C0E-411F-BCC6-E96882CC73F3}.Release_SDL|Android.Build.0 = Release|Android
		{8ED4EDB5-7C0E-411F-BCC6-E96882CC73F3}.Release_SDL|Win32.ActiveCfg = Release|Win32
		{8ED4EDB5-7C0E-411F-BCC6-E96882CC73F3}.Release_SDL|Win32.Build.0 = Release|Win32
		{8ED4EDB5-7C0E-411F-BCC6-E96882CC73F3}.Release_SDL|Win32.Deploy.0 = Release|Win32
		{8ED4EDB5-7C0E-411F-BCC6-E96882CC73F3}.Release|Android.ActiveCfg = Release|Android
		{8ED4EDB5-7C0E-411F-BCC6-E96882CC73F3}.Release|Android.Build.0 = Release|Android
		{8ED4EDB5-7C0E-411F-BCC6-E96882CC73F3}.Release|Win32.ActiveCfg = Release|Win32
		{8ED4EDB5-7C0E-411F-BCC6-E96882CC73F3}.Release|Win32.Build.0 = Release|Win32
		{8ED4EDB5-7C0E-411F-BCC6-E96882CC73F3}.ReleaseS_All|Android.ActiveCfg = ReleaseS|Android
		{8ED4EDB5-7C0E-411F-BCC6-E96882CC73F3}.ReleaseS_All|Android.Build.0 = ReleaseS|Android
		{8ED4EDB5-7C0E-411F-BCC6-E96882CC73F3}.ReleaseS_All|Win32.ActiveCfg = ReleaseS|Win32
		{8ED4EDB5-7C0E-411F-BCC6-E96882CC73F3}.ReleaseS_All|Win32.Build.0 = ReleaseS|Win32
		{8ED4EDB5-7C0E-411F-BCC6-E96882CC73F3}.ReleaseS_DirectSound|Android.ActiveCfg = ReleaseS|Android
		{8ED4EDB5-7C0E-411F-BCC6-E96882CC73F3}.ReleaseS_DirectSound|Android.Build.0 = ReleaseS|Android
		{8ED4EDB5-7C0E-411F-BCC6-E96882CC73F3}.ReleaseS_DirectSound|Win32.ActiveCfg = ReleaseS|Win32
		{8ED4EDB5-7C0E-411F-BCC6-E96882CC73F3}.ReleaseS_DirectSound|Win32.Build.0 = ReleaseS|Win32
		{8ED4EDB5-7C0E-411F-BCC6-E96882CC73F3}.ReleaseS_OpenAL|Android.ActiveCfg = ReleaseS|Android
		{8ED4EDB5-7C0E-411F-BCC6-E96882CC73F3}.ReleaseS_OpenAL|Android.Build.0 = ReleaseS|Android
		{8ED4EDB5-7C0E-411F-BCC6-E96882CC73F3}.ReleaseS_OpenAL|Win32.ActiveCfg = ReleaseS|Win32
		{8ED4EDB5-7C0E-411F-BCC6-E96882CC73F3}.ReleaseS_OpenAL|Win32.Build.0 = ReleaseS|Win32
		{8ED4EDB5-7C0E-411F-BCC6-E96882CC73F3}.ReleaseS_SDL|Android.ActiveCfg = ReleaseS|Android
		{8ED4EDB5-7C0E-411F-BCC6-E96882CC73F3}.ReleaseS_SDL|Android.Build.0 = ReleaseS|Android
		{8ED4EDB5-7C0E-411F-BCC6-E96882CC73F3}.ReleaseS_SDL|Win32.ActiveCfg = ReleaseS|Win32
		{8ED4EDB5-7C0E-411F-BCC6-E96882CC73F3}.ReleaseS_SDL|Win32.Build.0 = ReleaseS|Win32
		{8ED4EDB5-7C0E-411F-BCC6-E96882CC73F3}.ReleaseS|Android.ActiveCfg = ReleaseS|Android
		{8ED4EDB5-7C0E-411F-BCC6-E96882CC73F3}.ReleaseS|Android.Build.0 = ReleaseS|Android
		{8ED4EDB5-7C0E-411F-BCC6-E96882CC73F3}.ReleaseS|Win32.ActiveCfg = ReleaseS|Win32
		{8ED4EDB5-7C0E-411F-BCC6-E96882CC73F3}.ReleaseS|Win32.Build.0 = ReleaseS|Win32
		{4F1CA1B9-AB81-4B23-9A26-DEA67B983744}.Debug_All|Android.ActiveCfg = Debug|Android
		{4F1CA1B9-AB81-4B23-9A26-DEA67B983744}.Debug_All|Android.Build.0 = Debug|Android
		{4F1CA1B9-AB81-4B23-9A26-DEA67B983744}.Debug_All|Win32.ActiveCfg = Debug|Win32
		{4F1CA1B9-AB81-4B23-9A26-DEA67B983744}.Debug_All|Win32.Build.0 = Debug|Win32
		{4F1CA1B9-AB81-4B23-9A26-DEA67B983744}.Debug_DirectSound|Android.ActiveCfg = Debug|Android
		{4F1CA1B9-AB81-4B23-9A26-DEA67B983744}.Debug_DirectSound|Android.Build.0 = Debug|Android
		{4F1CA1B9-AB81-4B23-9A26-DEA67B983744}.Debug_DirectSound|Win32.ActiveCfg = Debug|Win32
		{4F1CA1B9-AB81-4B23-9A26-DEA67B983744}.Debug_DirectSound|Win32.Build.0 = Debug|Win32
		{4F1CA1B9-AB81-4B23-9A26-DEA67B983744}.Debug_OpenAL|Android.ActiveCfg = Debug|Android
		{4F1CA1B9-AB81-4B23-9A26-DEA67B983744}.Debug_OpenAL|Android.Build.0 = Debug|Android
		{4F1CA1B9-AB81-4B23-9A26-DEA67B983744}.Debug_OpenAL|Win32.ActiveCfg = Debug|Win32
		{4F1CA1B9-AB81-4B23-9A26-DEA67B983744}.Debug_OpenAL|Win32.Build.0 = Debug|Win32
		{4F1CA1B9-AB81-4B23-9A26-DEA67B983744}.Debug_SDL|Android.ActiveCfg = Debug|Android
		{4F1CA1B9-AB81-4B23-9A26-DEA67B983744}.Debug_SDL|Android.Build.0 = Debug|Android
		{4F1CA1B9-AB81-4B23-9A26-DEA67B983744}.Debug_SDL|Win32.ActiveCfg = Debug|Win32
		{4F1CA1B9-AB81-4B23-9A26-DEA67B983744}.Debug_SDL|Win32.Build.0 = Debug|Win32
		{4F1CA1B9-AB81-4B23-9A26-DEA67B983744}.Debug|Android.ActiveCfg = Debug|Android
		{4F1CA1B9-AB81-4B23-9A26-DEA67B983744}.Debug|Android.Build.0 = Debug|Android
		{4F1CA1B9-AB81-4B23-9A26-DEA67B983744}.Debug|Win32.ActiveCfg = Debug|Win32
		{4F1CA1B9-AB81-4B23-9A26-DEA67B983744}.Debug|Win32.Build.0 = Debug|Win32
		{4F1CA1B9-AB81-4B23-9A26-DEA67B983744}.DebugS_All|Android.ActiveCfg = DebugS|Android
		{4F1CA1B9-AB81-4B23-9A26-DEA67B983744}.DebugS_All|Android.Build.0 = DebugS|Android
		{4F1CA1B9-AB81-4B23-9A26-DEA67B983744}.DebugS_All|Win32.ActiveCfg = DebugS|Win32
		{4F1CA1B9-AB81-4B23-9A26-DEA67B983744}.DebugS_All|Win32.Build.0 = DebugS|Win32
		{4F1CA1B9-AB81-4B23-9A26-DEA67B983744}.DebugS_DirectSound|Android.ActiveCfg = DebugS|Android
		{4F1CA1B9-AB81-4B23-9A26-DEA67B983744}.DebugS_DirectSound|Android.Build.0 = DebugS|Android
		{4F1CA1B9-AB81-4B23-9A26-DEA67B983744}.DebugS_DirectSound|Win32.ActiveCfg = DebugS|Win32
		{4F1CA1B9-AB81-4B23-9A26-DEA67B983744}.DebugS_DirectSound|Win32.Build.0 = DebugS|Win32
		{4F1CA1B9-AB81-4B23-9A26-DEA67B983744}.DebugS_OpenAL|Android.ActiveCfg = DebugS|Android
		{4F1CA1B9-AB81-4B23-9A26-DEA67B983744}.DebugS_OpenAL|Android.Build.0 = DebugS|Android
		{4F1CA1B9-AB81-4B23-9A26-DEA67B983744}.DebugS_OpenAL|Win32.ActiveCfg = DebugS|Win32
		{4F1CA1B9-AB81-4B23-9A26-DEA67B983744}.DebugS_OpenAL|Win32.Build.0 = DebugS|Win32
		{4F1CA1B9-AB81-4B23-9A26-DEA67B983744}.DebugS_SDL|Android.ActiveCfg = DebugS|Android
		{4F1CA1B9-AB81-4B23-9A26-DEA67B983744}.DebugS_SDL|Android.Build.0 = DebugS|Android
		{4F1CA1B9-AB81-4B23-9A26-DEA67B983744}.DebugS_SDL|Win32.ActiveCfg = DebugS|Win32
		{4F1CA1B9-AB81-4B23-9A26-DEA67B983744}.DebugS_SDL|Win32.Build.0 = DebugS|Win32
		{4F1CA1B9-AB81-4B23-9A26-DEA67B983744}.DebugS|Android.ActiveCfg = DebugS|Android
		{4F1CA1B9-AB81-4B23-9A26-DEA67B983744}.DebugS|Android.Build.0 = DebugS|Android
		{4F1CA1B9-AB81-4B23-9A26-DEA67B983744}.DebugS|Win32.ActiveCfg = DebugS|Win32
		{4F1CA1B9-AB81-4B23-9A26-DEA67B983744}.DebugS|Win32.Build.0 = DebugS|Win32
		{4F1CA1B9-AB81-4B23-9A26-DEA67B983744}.Release_All|Android.ActiveCfg = Release|Android
		{4F1CA1B9-AB81-4B23-9A26-DEA67B983744}.Release_All|Android.Build.0 = Release|Android
		{4F1CA1B9-AB81-4B23-9A26-DEA67B983744}.Release_All|Win32.ActiveCfg = Release|Win32
		{4F1CA1B9-AB81-4B23-9A26-DEA67B983744}.Release_All|Win32.Build.0 = Release|Win32
		{4F1CA1B9-AB81-4B23-9A26-DEA67B983744}.Release_DirectSound|Android.ActiveCfg = Release|Android
		{4F1CA1B9-AB81-4B23-9A26-DEA67B983744}.Release_DirectSound|Android.Build.0 = Release|Android
		{4F1CA1B9-AB81-4B23-9A26-DEA67B983744}.Release_DirectSound|Win32.ActiveCfg = Release|Win32
		{4F1CA1B9-AB81-4B23-9A26-DEA67B983744}.Release_DirectSound|Win32.Build.0 = Release|Win32
		{4F1CA1B9-AB81-4B23-9A26-DEA67B983744}.Release_OpenAL|Android.ActiveCfg = Release|Android
		{4F1CA1B9-AB81-4B23-9A26-DEA67B983744}.Release_OpenAL|Android.Build.0 = Release|Android
		{4F1CA1B9-AB81-4B23-9A26-DEA67B983744}.Release_OpenAL|Win32.ActiveCfg = Release|Win32
		{4F1CA1B9-AB81-4B23-9A26-DEA67B983744}.Release_OpenAL|Win32.Build.0 = Release|Win32
		{4F1CA1B9-AB81-4B23-9A26-DEA67B983744}.Release_SDL|Android.ActiveCfg = Release|Android
		{4F1CA1B9-AB81-4B23-9A26-DEA67B983744}.Release_SDL|Android.Build.0 = Release|Android
		{4F1CA1B9-AB81-4B23-9A26-DEA67B983744}.Release_SDL|Win32.ActiveCfg = Release|Win32
		{4F1CA1B9-AB81-4B23-9A26-DEA67B983744}.Release_SDL|Win32.Build.0 = Release|Win32
		{4F1CA1B9-AB81-4B23-9A26-DEA67B983744}.Release|Android.ActiveCfg = Release|Android
		{4F1CA1B9-AB81-4B23-9A26-DEA67B983744}.Release|Android.Build.0 = Release|Android
		{4F1CA1B9-AB81-4B23-9A26-DEA67B983744}.Release|Win32.ActiveCfg = Release|Win32
		{4F1CA1B9-AB81-4B23-9A26-DEA67B983744}.Release|Win32.Build.0 = Release|Win32
		{4F1CA1B9-AB81-4B23-9A26-DEA67B983744}.ReleaseS_All|Android.ActiveCfg = ReleaseS|Android
		{4F1CA1B9-AB81-4B23-9A26-DEA67B983744}.ReleaseS_All|Android.Build.0 = ReleaseS|Android
		{4F1CA1B9-AB81-4B23-9A26-DEA67B983744}.ReleaseS_All|Win32.ActiveCfg = ReleaseS|Win32
		{4F1CA1B9-AB81-4B23-9A26-DEA67B983744}.ReleaseS_All|Win32.Build.0 = ReleaseS|Win32
		{4F1CA1B9-AB81-4B23-9A26-DEA67B983744}.ReleaseS_DirectSound|Android.ActiveCfg = ReleaseS|Android
		{4F1CA1B9-AB81-4B23-9A26-DEA67B983744}.ReleaseS_DirectSound|Android.Build.0 = ReleaseS|Android
		{4F1CA1B9-AB81-4B23-9A26-DEA67B983744}.ReleaseS_DirectSound|Win32.ActiveCfg = ReleaseS|Win32
		{4F1CA1B9-AB81-4B23-9A26-DEA67B983744}.ReleaseS_DirectSound|Win32.Build.0 = ReleaseS|Win32
		{4F1CA1B9-AB81-4B23-9A26-DEA67B983744}.ReleaseS_OpenAL|Android.ActiveCfg = ReleaseS|Android
		{4F1CA1B9-AB81-4B23-9A26-DEA67B983744}.ReleaseS_OpenAL|Android.Build.0 = ReleaseS|Android
		{4F1CA1B9-AB81-4B23-9A26-DEA67B983744}.ReleaseS_OpenAL|Win32.ActiveCfg = ReleaseS|Win32
		{4F1CA1B9-AB81-4B23-9A26-DEA67B983744}.ReleaseS_OpenAL|Win32.Build.0 = ReleaseS|Win32
		{4F1CA1B9-AB81-4B23-9A26-DEA67B983744}.ReleaseS_SDL|Android.ActiveCfg = ReleaseS|Android
		{4F1CA1B9-AB81-4B23-9A26-DEA67B983744}.ReleaseS_SDL|Android.Build.0 = ReleaseS|Android
		{4F1CA1B9-AB81-4B23-9A26-DEA67B983744}.ReleaseS_SDL|Win32.ActiveCfg = ReleaseS|Win32
		{4F1CA1B9-AB81-4B23-9A26-DEA67B983744}.ReleaseS_SDL|Win32.Build.0 = ReleaseS|Win32
		{4F1CA1B9-AB81-4B23-9A26-DEA67B983744}.ReleaseS|Android.ActiveCfg = ReleaseS|Android
		{4F1CA1B9-AB81-4B23-9A26-DEA67B983744}.ReleaseS|Android.Build.0 = ReleaseS|Android
		{4F1CA1B9-AB81-4B23-9A26-DEA67B983744}.ReleaseS|Win32.ActiveCfg = ReleaseS|Win32
		{4F1CA1B9-AB81-4B23-9A26-DEA67B983744}.ReleaseS|Win32.Build.0 = ReleaseS|Win32
		{15CBFEFF-7965-41F5-B4E2-21E8795C9159}.Debug_All|Android.ActiveCfg = Debug|Android
		{15CBFEFF-7965-41F5-B4E2-21E8795C9159}.Debug_All|Android.Build.0 = Debug|Android
		{15CBFEFF-7965-41F5-B4E2-21E8795C9159}.Debug_All|Win32.ActiveCfg = Debug|Win32
		{15CBFEFF-7965-41F5-B4E2-21E8795C9159}.Debug_All|Win32.Build.0 = Debug|Win32
		{15CBFEFF-7965-41F5-B4E2-21E8795C9159}.Debug_DirectSound|Android.ActiveCfg = Debug|Android
		{15CBFEFF-7965-41F5-B4E2-21E8795C9159}.Debug_DirectSound|Android.Build.0 = Debug|Android
		{15CBFEFF-7965-41F5-B4E2-21E8795C9159}.Debug_DirectSound|Win32.ActiveCfg = Debug|Win32
		{15CBFEFF-7965-41F5-B4E2-21E8795C9159}.Debug_DirectSound|Win32.Build.0 = Debug|Win32
		{15CBFEFF-7965-41F5-B4E2-21E8795C9159}.Debug_OpenAL|Android.ActiveCfg = Debug|Android
		{15CBFEFF-7965-41F5-B4E2-21E8795C9159}.Debug_OpenAL|Android.Build.0 = Debug|Android
		{15CBFEFF-7965-41F5-B4E2-21E8795C9159}.Debug_OpenAL|Win32.ActiveCfg = Debug|Win32
		{15CBFEFF-7965-41F5-B4E2-21E8795C9159}.Debug_OpenAL|Win32.Build.0 = Debug|Win32
		{15CBFEFF-7965-41F5-B4E2-21E8795C9159}.Debug_SDL|Android.ActiveCfg = Debug|Android
		{15CBFEFF-7965-41F5-B4E2-21E8795C9159}.Debug_SDL|Android.Build.0 = Debug|Android
		{15CBFEFF-7965-41F5-B4E2-21E8795C9159}.Debug_SDL|Win32.ActiveCfg = Debug|Win32
		{15CBFEFF-7965-41F5-B4E2-21E8795C9159}.Debug_SDL|Win32.Build.0 = Debug|Win32
		{15CBFEFF-7965-41F5-B4E2-21E8795C9159}.Debug|Android.ActiveCfg = Debug|Android
		{15CBFEFF-7965-41F5-B4E2-21E8795C9159}.Debug|Android.Build.0 = Debug|Android
		{15CBFEFF-7965-41F5-B4E2-21E8795C9159}.Debug|Win32.ActiveCfg = Debug|Win32
		{15CBFEFF-7965-41F5-B4E2-21E8795C9159}.Debug|Win32.Build.0 = Debug|Win32
		{15CBFEFF-7965-41F5-B4E2-21E8795C9159}.DebugS_All|Android.ActiveCfg = DebugS|Android
		{15CBFEFF-7965-41F5-B4E2-21E8795C9159}.DebugS_All|Android.Build.0 = DebugS|Android
		{15CBFEFF-7965-41F5-B4E2-21E8795C9159}.DebugS_All|Win32.ActiveCfg = DebugS|Win32
		{15CBFEFF-7965-41F5-B4E2-21E8795C9159}.DebugS_All|Win32.Build.0 = DebugS|Win32
		{15CBFEFF-7965-41F5-B4E2-21E8795C9159}.DebugS_DirectSound|Android.ActiveCfg = DebugS|Android
		{15CBFEFF-7965-41F5-B4E2-21E8795C9159}.DebugS_DirectSound|Android.Build.0 = DebugS|Android
		{15CBFEFF-7965-41F5-B4E2-21E8795C9159}.DebugS_DirectSound|Win32.ActiveCfg = DebugS|Win32
		{15CBFEFF-7965-41F5-B4E2-21E8795C9159}.DebugS_DirectSound|Win32.Build.0 = DebugS|Win32
		{15CBFEFF-7965-41F5-B4E2-21E8795C9159}.DebugS_OpenAL|Android.ActiveCfg = DebugS|Android
		{15CBFEFF-7965-41F5-B4E2-21E8795C9159}.DebugS_OpenAL|Android.Build.0 = DebugS|Android
		{15CBFEFF-7965-41F5-B4E2-21E8795C9159}.DebugS_OpenAL|Win32.ActiveCfg = DebugS|Win32
		{15CBFEFF-7965-41F5-B4E2-21E8795C9159}.DebugS_OpenAL|Win32.Build.0 = DebugS|Win32
		{15CBFEFF-7965-41F5-B4E2-21E8795C9159}.DebugS_SDL|Android.ActiveCfg = DebugS|Android
		{15CBFEFF-7965-41F5-B4E2-21E8795C9159}.DebugS_SDL|Android.Build.0 = DebugS|Android
		{15CBFEFF-7965-41F5-B4E2-21E8795C9159}.DebugS_SDL|Win32.ActiveCfg = DebugS|Win32
		{15CBFEFF-7965-41F5-B4E2-21E8795C9159}.DebugS_SDL|Win32.Build.0 = DebugS|Win32
		{15CBFEFF-7965-41F5-B4E2-21E8795C9159}.DebugS|Android.ActiveCfg = DebugS|Android
		{15CBFEFF-7965-41F5-B4E2-21E8795C9159}.DebugS|Android.Build.0 = DebugS|Android
		{15CBFEFF-7965-41F5-B4E2-21E8795C9159}.DebugS|Win32.ActiveCfg = DebugS|Win32
		{15CBFEFF-7965-41F5-B4E2-21E8795C9159}.DebugS|Win32.Build.0 = DebugS|Win32
		{15CBFEFF-7965-41F5-B4E2-21E8795C9159}.Release_All|Android.ActiveCfg = Release|Android
		{15CBFEFF-7965-41F5-B4E2-21E8795C9159}.Release_All|Android.Build.0 = Release|Android
		{15CBFEFF-7965-41F5-B4E2-21E8795C9159}.Release_All|Win32.ActiveCfg = Release|Win32
		{15CBFEFF-7965-41F5-B4E2-21E8795C9159}.Release_All|Win32.Build.0 = Release|Win32
		{15CBFEFF-7965-41F5-B4E2-21E8795C9159}.Release_DirectSound|Android.ActiveCfg = Release|Android
		{15CBFEFF-7965-41F5-B4E2-21E8795C9159}.Release_DirectSound|Android.Build.0 = Release|Android
		{15CBFEFF-7965-41F5-B4E2-21E8795C9159}.Release_DirectSound|Win32.ActiveCfg = Release|Win32
		{15CBFEFF-7965-41F5-B4E2-21E8795C9159}.Release_DirectSound|Win32.Build.0 = Release|Win32
		{15CBFEFF-7965-41F5-B4E2-21E8795C9159}.Release_OpenAL|Android.ActiveCfg = Release|Android
		{15CBFEFF-7965-41F5-B4E2-21E8795C9159}.Release_OpenAL|Android.Build.0 = Release|Android
		{15CBFEFF-7965-41F5-B4E2-21E8795C9159}.Release_OpenAL|Win32.ActiveCfg = Release|Win32
		{15CBFEFF-7965-41F5-B4E2-21E8795C9159}.Release_OpenAL|Win32.Build.0 = Release|Win32
		{15CBFEFF-7965-41F5-B4E2-21E8795C9159}.Release_SDL|Android.ActiveCfg = Release|Android
		{15CBFEFF-7965-41F5-B4E2-21E8795C9159}.Release_SDL|Android.Build.0 = Release|Android
		{15CBFEFF-7965-41F5-B4E2-21E8795C9159}.Release_SDL|Win32.ActiveCfg = Release|Win32
		{15CBFEFF-7965-41F5-B4E2-21E8795C9159}.Release_SDL|Win32.Build.0 = Release|Win32
		{15CBFEFF-7965-41F5-B4E2-21E8795C9159}.Release|Android.ActiveCfg = Release|Android
		{15CBFEFF-7965-41F5-B4E2-21E8795C9159}.Release|Android.Build.0 = Release|Android
		{15CBFEFF-7965-41F5-B4E2-21E8795C9159}.Release|Win32.ActiveCfg = Release|Win32
		{15CBFEFF-7965-41F5-B4E2-21E8795C9159}.Release|Win32.Build.0 = Release|Win32
		{15CBFEFF-7965-41F5-B4E2-21E8795C9159}.ReleaseS_All|Android.ActiveCfg = ReleaseS|Android
		{15CBFEFF-7965-41F5-B4E2-21E8795C9159}.ReleaseS_All|Android.Build.0 = ReleaseS|Android
		{15CBFEFF-7965-41F5-B4E2-21E8795C9159}.ReleaseS_All|Win32.ActiveCfg = ReleaseS|Win32
		{15CBFEFF-7965-41F5-B4E2-21E8795C9159}.ReleaseS_All|Win32.Build.0 = ReleaseS|Win32
		{15CBFEFF-7965-41F5-B4E2-21E8795C9159}.ReleaseS_DirectSound|Android.ActiveCfg = ReleaseS|Android
		{15CBFEFF-7965-41F5-B4E2-21E8795C9159}.ReleaseS_DirectSound|Android.Build.0 = ReleaseS|Android
		{15CBFEFF-7965-41F5-B4E2-21E8795C9159}.ReleaseS_DirectSound|Win32.ActiveCfg = ReleaseS|Win32
		{15CBFEFF-7965-41F5-B4E2-21E8795C9159}.ReleaseS_DirectSound|Win32.Build.0 = ReleaseS|Win32
		{15CBFEFF-7965-41F5-B4E2-21E8795C9159}.ReleaseS_OpenAL|Android.ActiveCfg = ReleaseS|Android
		{15CBFEFF-7965-41F5-B4E2-21E8795C9159}.ReleaseS_OpenAL|Android.Build.0 = ReleaseS|Android
		{15CBFEFF-7965-41F5-B4E2-21E8795C9159}.ReleaseS_OpenAL|Win32.ActiveCfg = ReleaseS|Win32
		{15CBFEFF-7965-41F5-B4E2-21E8795C9159}.ReleaseS_OpenAL|Win32.Build.0 = ReleaseS|Win32
		{15CBFEFF-7965-41F5-B4E2-21E8795C9159}.ReleaseS_SDL|Android.ActiveCfg = ReleaseS|Android
		{15CBFEFF-7965-41F5-B4E2-21E8795C9159}.ReleaseS_SDL|Android.Build.0 = ReleaseS|Android
		{15CBFEFF-7965-41F5-B4E2-21E8795C9159}.ReleaseS_SDL|Win32.ActiveCfg = ReleaseS|Win32
		{15CBFEFF-7965-41F5-B4E2-21E8795C9159}.ReleaseS_SDL|Win32.Build.0 = ReleaseS|Win32
		{15CBFEFF-7965-41F5-B4E2-21E8795C9159}.ReleaseS|Android.ActiveCfg = ReleaseS|Android
		{15CBFEFF-7965-41F5-B4E2-21E8795C9159}.ReleaseS|Android.Build.0 = ReleaseS|Android
		{15CBFEFF-7965-41F5-B4E2-21E8795C9159}.ReleaseS|Win32.ActiveCfg = Release|Win32
		{15CBFEFF-7965-41F5-B4E2-21E8795C9159}.ReleaseS|Win32.Build.0 = Release|Win32
		{7A8E774E-DD94-43B8-8758-6F9F656CC8D2}.Debug_All|Android.ActiveCfg = ReleaseS|Android
		{7A8E774E-DD94-43B8-8758-6F9F656CC8D2}.Debug_All|Android.Build.0 = ReleaseS|Android
		{7A8E774E-DD94-43B8-8758-6F9F656CC8D2}.Debug_All|Win32.ActiveCfg = ReleaseS|Android
		{7A8E774E-DD94-43B8-8758-6F9F656CC8D2}.Debug_DirectSound|Android.ActiveCfg = ReleaseS|Android
		{7A8E774E-DD94-43B8-8758-6F9F656CC8D2}.Debug_DirectSound|Android.Build.0 = ReleaseS|Android
		{7A8E774E-DD94-43B8-8758-6F9F656CC8D2}.Debug_DirectSound|Win32.ActiveCfg = ReleaseS|Android
		{7A8E774E-DD94-43B8-8758-6F9F656CC8D2}.Debug_OpenAL|Android.ActiveCfg = ReleaseS|Android
		{7A8E774E-DD94-43B8-8758-6F9F656CC8D2}.Debug_OpenAL|Android.Build.0 = ReleaseS|Android
		{7A8E774E-DD94-43B8-8758-6F9F656CC8D2}.Debug_OpenAL|Win32.ActiveCfg = ReleaseS|Android
		{7A8E774E-DD94-43B8-8758-6F9F656CC8D2}.Debug_SDL|Android.ActiveCfg = ReleaseS|Android
		{7A8E774E-DD94-43B8-8758-6F9F656CC8D2}.Debug_SDL|Android.Build.0 = ReleaseS|Android
		{7A8E774E-DD94-43B8-8758-6F9F656CC8D2}.Debug_SDL|Win32.ActiveCfg = ReleaseS|Android
		{7A8E774E-DD94-43B8-8758-6F9F656CC8D2}.Debug|Android.ActiveCfg = ReleaseS|Android
		{7A8E774E-DD94-43B8-8758-6F9F656CC8D2}.Debug|Android.Build.0 = ReleaseS|Android
		{7A8E774E-DD94-43B8-8758-6F9F656CC8D2}.Debug|Win32.ActiveCfg = ReleaseS|Android
		{7A8E774E-DD94-43B8-8758-6F9F656CC8D2}.DebugS_All|Android.ActiveCfg = ReleaseS|Android
		{7A8E774E-DD94-43B8-8758-6F9F656CC8D2}.DebugS_All|Android.Build.0 = ReleaseS|Android
		{7A8E774E-DD94-43B8-8758-6F9F656CC8D2}.DebugS_All|Win32.ActiveCfg = ReleaseS|Android
		{7A8E774E-DD94-43B8-8758-6F9F656CC8D2}.DebugS_DirectSound|Android.ActiveCfg = ReleaseS|Android
		{7A8E774E-DD94-43B8-8758-6F9F656CC8D2}.DebugS_DirectSound|Android.Build.0 = ReleaseS|Android
		{7A8E774E-DD94-43B8-8758-6F9F656CC8D2}.DebugS_DirectSound|Win32.ActiveCfg = ReleaseS|Android
		{7A8E774E-DD94-43B8-8758-6F9F656CC8D2}.DebugS_OpenAL|Android.ActiveCfg = ReleaseS|Android
		{7A8E774E-DD94-43B8-8758-6F9F656CC8D2}.DebugS_OpenAL|Android.Build.0 = ReleaseS|Android
		{7A8E774E-DD94-43B8-8758-6F9F656CC8D2}.DebugS_OpenAL|Win32.ActiveCfg = ReleaseS|Android
		{7A8E774E-DD94-43B8-8758-6F9F656CC8D2}.DebugS_SDL|Android.ActiveCfg = ReleaseS|Android
		{7A8E774E-DD94-43B8-8758-6F9F656CC8D2}.DebugS_SDL|Android.Build.0 = ReleaseS|Android
		{7A8E774E-DD94-43B8-8758-6F9F656CC8D2}.DebugS_SDL|Win32.ActiveCfg = ReleaseS|Android
		{7A8E774E-DD94-43B8-8758-6F9F656CC8D2}.DebugS|Android.ActiveCfg = ReleaseS|Android
		{7A8E774E-DD94-43B8-8758-6F9F656CC8D2}.DebugS|Android.Build.0 = ReleaseS|Android
		{7A8E774E-DD94-43B8-8758-6F9F656CC8D2}.DebugS|Win32.ActiveCfg = ReleaseS|Android
		{7A8E774E-DD94-43B8-8758-6F9F656CC8D2}.Release_All|Android.ActiveCfg = ReleaseS|Android
		{7A8E774E-DD94-43B8-8758-6F9F656CC8D2}.Release_All|Android.Build.0 = ReleaseS|Android
		{7A8E774E-DD94-43B8-8758-6F9F656CC8D2}.Release_All|Win32.ActiveCfg = ReleaseS|Android
		{7A8E774E-DD94-43B8-8758-6F9F656CC8D2}.Release_DirectSound|Android.ActiveCfg = ReleaseS|Android
		{7A8E774E-DD94-43B8-8758-6F9F656CC8D2}.Release_DirectSound|Android.Build.0 = ReleaseS|Android
		{7A8E774E-DD94-43B8-8758-6F9F656CC8D2}.Release_DirectSound|Win32.ActiveCfg = ReleaseS|Android
		{7A8E774E-DD94-43B8-8758-6F9F656CC8D2}.Release_OpenAL|Android.ActiveCfg = ReleaseS|Android
		{7A8E774E-DD94-43B8-8758-6F9F656CC8D2}.Release_OpenAL|Android.Build.0 = ReleaseS|Android
		{7A8E774E-DD94-43B8-8758-6F9F656CC8D2}.Release_OpenAL|Win32.ActiveCfg = ReleaseS|Android
		{7A8E774E-DD94-43B8-8758-6F9F656CC8D2}.Release_SDL|Android.ActiveCfg = ReleaseS|Android
		{7A8E774E-DD94-43B8-8758-6F9F656CC8D2}.Release_SDL|Android.Build.0 = ReleaseS|Android
		{7A8E774E-DD94-43B8-8758-6F9F656CC8D2}.Release_SDL|Win32.ActiveCfg = ReleaseS|Android
		{7A8E774E-DD94-43B8-8758-6F9F656CC8D2}.Release|Android.ActiveCfg = ReleaseS|Android
		{7A8E774E-DD94-43B8-8758-6F9F656CC8D2}.Release|Android.Build.0 = ReleaseS|Android
		{7A8E774E-DD94-43B8-8758-6F9F656CC8D2}.Release|Win32.ActiveCfg = ReleaseS|Android
		{7A8E774E-DD94-43B8-8758-6F9F656CC8D2}.ReleaseS_All|Android.ActiveCfg = ReleaseS|Android
		{7A8E774E-DD94-43B8-8758-6F9F656CC8D2}.ReleaseS_All|Android.Build.0 = ReleaseS|Android
		{7A8E774E-DD94-43B8-8758-6F9F656CC8D2}.ReleaseS_All|Win32.ActiveCfg = ReleaseS|Android
		{7A8E774E-DD94-43B8-8758-6F9F656CC8D2}.ReleaseS_DirectSound|Android.ActiveCfg = ReleaseS|Android
		{7A8E774E-DD94-43B8-8758-6F9F656CC8D2}.ReleaseS_DirectSound|Android.Build.0 = ReleaseS|Android
		{7A8E774E-DD94-43B8-8758-6F9F656CC8D2}.ReleaseS_DirectSound|Win32.ActiveCfg = ReleaseS|Android
		{7A8E774E-DD94-43B8-8758-6F9F656CC8D2}.ReleaseS_OpenAL|Android.ActiveCfg = ReleaseS|Android
		{7A8E774E-DD94-43B8-8758-6F9F656CC8D2}.ReleaseS_OpenAL|Android.Build.0 = ReleaseS|Android
		{7A8E774E-DD94-43B8-8758-6F9F656CC8D2}.ReleaseS_OpenAL|Win32.ActiveCfg = ReleaseS|Android
		{7A8E774E-DD94-43B8-8758-6F9F656CC8D2}.ReleaseS_SDL|Android.ActiveCfg = ReleaseS|Android
		{7A8E774E-DD94-43B8-8758-6F9F656CC8D2}.ReleaseS_SDL|Android.Build.0 = ReleaseS|Android
		{7A8E774E-DD94-43B8-8758-6F9F656CC8D2}.ReleaseS_SDL|Win32.ActiveCfg = ReleaseS|Android
		{7A8E774E-DD94-43B8-8758-6F9F656CC8D2}.ReleaseS|Android.ActiveCfg = ReleaseS|Android
		{7A8E774E-DD94-43B8-8758-6F9F656CC8D2}.ReleaseS|Android.Build.0 = ReleaseS|Android
		{7A8E774E-DD94-43B8-8758-6F9F656CC8D2}.ReleaseS|Win32.ActiveCfg = ReleaseS|Android
		{3A214E06-B95E-4D61-A291-1F8DF2EC10FD}.Debug_All|Android.ActiveCfg = Debug|Win32
		{3A214E06-B95E-4D61-A291-1F8DF2EC10FD}.Debug_All|Win32.ActiveCfg = Debug|Win32
		{3A214E06-B95E-4D61-A291-1F8DF2EC10FD}.Debug_All|Win32.Build.0 = Debug|Win32
		{3A214E06-B95E-4D61-A291-1F8DF2EC10FD}.Debug_DirectSound|Android.ActiveCfg = Debug|Win32
		{3A214E06-B95E-4D61-A291-1F8DF2EC10FD}.Debug_DirectSound|Win32.ActiveCfg = Debug|Win32
		{3A214E06-B95E-4D61-A291-1F8DF2EC10FD}.Debug_DirectSound|Win32.Build.0 = Debug|Win32
		{3A214E06-B95E-4D61-A291-1F8DF2EC10FD}.Debug_OpenAL|Android.ActiveCfg = Debug|Win32
		{3A214E06-B95E-4D61-A291-1F8DF2EC10FD}.Debug_OpenAL|Win32.ActiveCfg = Debug|Win32
		{3A214E06-B95E-4D61-A291-1F8DF2EC10FD}.Debug_OpenAL|Win32.Build.0 = Debug|Win32
		{3A214E06-B95E-4D61-A291-1F8DF2EC10FD}.Debug_SDL|Android.ActiveCfg = Debug|Win32
		{3A214E06-B95E-4D61-A291-1F8DF2EC10FD}.Debug_SDL|Win32.ActiveCfg = Debug|Win32
		{3A214E06-B95E-4D61-A291-1F8DF2EC10FD}.Debug_SDL|Win32.Build.0 = Debug|Win32
		{3A214E06-B95E-4D61-A291-1F8DF2EC10FD}.Debug|Android.ActiveCfg = Debug|Win32
		{3A214E06-B95E-4D61-A291-1F8DF2EC10FD}.Debug|Win32.ActiveCfg = Debug|Win32
		{3A214E06-B95E-4D61-A291-1F8DF2EC10FD}.Debug|Win32.Build.0 = Debug|Win32
		{3A214E06-B95E-4D61-A291-1F8DF2EC10FD}.DebugS_All|Android.ActiveCfg = DebugS|Win32
		{3A214E06-B95E-4D61-A291-1F8DF2EC10FD}.DebugS_All|Win32.ActiveCfg = DebugS|Win32
		{3A214E06-B95E-4D61-A291-1F8DF2EC10FD}.DebugS_All|Win32.Build.0 = DebugS|Win32
		{3A214E06-B95E-4D61-A291-1F8DF2EC10FD}.DebugS_DirectSound|Android.ActiveCfg = DebugS|Win32
		{3A214E06-B95E-4D61-A291-1F8DF2EC10FD}.DebugS_DirectSound|Win32.ActiveCfg = DebugS|Win32
		{3A214E06-B95E-4D61-A291-1F8DF2EC10FD}.DebugS_DirectSound|Win32.Build.0 = DebugS|Win32
		{3A214E06-B95E-4D61-A291-1F8DF2EC10FD}.DebugS_OpenAL|Android.ActiveCfg = DebugS|Win32
		{3A214E06-B95E-4D61-A291-1F8DF2EC10FD}.DebugS_OpenAL|Win32.ActiveCfg = DebugS|Win32
		{3A214E06-B95E-4D61-A291-1F8DF2EC10FD}.DebugS_OpenAL|Win32.Build.0 = DebugS|Win32
		{3A214E06-B95E-4D61-A291-1F8DF2EC10FD}.DebugS_SDL|Android.ActiveCfg = DebugS|Win32
		{3A214E06-B95E-4D61-A291-1F8DF2EC10FD}.DebugS_SDL|Win32.ActiveCfg = DebugS|Win32
		{3A214E06-B95E-4D61-A291-1F8DF2EC10FD}.DebugS_SDL|Win32.Build.0 = DebugS|Win32
		{3A214E06-B95E-4D61-A291-1F8DF2EC10FD}.DebugS|Android.ActiveCfg = DebugS|Win32
		{3A214E06-B95E-4D61-A291-1F8DF2EC10FD}.DebugS|Win32.ActiveCfg = DebugS|Win32
		{3A214E06-B95E-4D61-A291-1F8DF2EC10FD}.DebugS|Win32.Build.0 = DebugS|Win32
		{3A214E06-B95E-4D61-A291-1F8DF2EC10FD}.Release_All|Android.ActiveCfg = Release|Win32
		{3A214E06-B95E-4D61-A291-1F8DF2EC10FD}.Release_All|Win32.ActiveCfg = Release|Win32
		{3A214E06-B95E-4D61-A291-1F8DF2EC10FD}.Release_All|Win32.Build.0 = Release|Win32
		{3A214E06-B95E-4D61-A291-1F8DF2EC10FD}.Release_DirectSound|Android.ActiveCfg = Release|Win32
		{3A214E06-B95E-4D61-A291-1F8DF2EC10FD}.Release_DirectSound|Win32.ActiveCfg = Release|Win32
		{3A214E06-B95E-4D61-A291-1F8DF2EC10FD}.Release_DirectSound|Win32.Build.0 = Release|Win32
		{3A214E06-B95E-4D61-A291-1F8DF2EC10FD}.Release_OpenAL|Android.ActiveCfg = Release|Win32
		{3A214E06-B95E-4D61-A291-1F8DF2EC10FD}.Release_OpenAL|Win32.ActiveCfg = Release|Win32
		{3A214E06-B95E-4D61-A291-1F8DF2EC10FD}.Release_OpenAL|Win32.Build.0 = Release|Win32
		{3A214E06-B95E-4D61-A291-1F8DF2EC10FD}.Release_SDL|Android.ActiveCfg = Release|Win32
		{3A214E06-B95E-4D61-A291-1F8DF2EC10FD}.Release_SDL|Win32.ActiveCfg = Release|Win32
		{3A214E06-B95E-4D61-A291-1F8DF2EC10FD}.Release_SDL|Win32.Build.0 = Release|Win32
		{3A214E06-B95E-4D61-A291-1F8DF2EC10FD}.Release|Android.ActiveCfg = Release|Win32
		{3A214E06-B95E-4D61-A291-1F8DF2EC10FD}.Release|Win32.ActiveCfg = Release|Win32
		{3A214E06-B95E-4D61-A291-1F8DF2EC10FD}.Release|Win32.Build.0 = Release|Win32
		{3A214E06-B95E-4D61-A291-1F8DF2EC10FD}.ReleaseS_All|Android.ActiveCfg = ReleaseS|Win32
		{3A214E06-B95E-4D61-A291-1F8DF2EC10FD}.ReleaseS_All|Win32.ActiveCfg = ReleaseS|Win32
		{3A214E06-B95E-4D61-A291-1F8DF2EC10FD}.ReleaseS_All|Win32.Build.0 = ReleaseS|Win32
		{3A214E06-B95E-4D61-A291-1F8DF2EC10FD}.ReleaseS_DirectSound|Android.ActiveCfg = ReleaseS|Win32
		{3A214E06-B95E-4D61-A291-1F8DF2EC10FD}.ReleaseS_DirectSound|Win32.ActiveCfg = ReleaseS|Win32
		{3A214E06-B95E-4D61-A291-1F8DF2EC10FD}.ReleaseS_DirectSound|Win32.Build.0 = ReleaseS|Win32
		{3A214E06-B95E-4D61-A291-1F8DF2EC10FD}.ReleaseS_OpenAL|Android.ActiveCfg = ReleaseS|Win32
		{3A214E06-B95E-4D61-A291-1F8DF2EC10FD}.ReleaseS_OpenAL|Win32.ActiveCfg = ReleaseS|Win32
		{3A214E06-B95E-4D61-A291-1F8DF2EC10FD}.ReleaseS_OpenAL|Win32.Build.0 = ReleaseS|Win32
		{3A214E06-B95E-4D61-A291-1F8DF2EC10FD}.ReleaseS_SDL|Android.ActiveCfg = ReleaseS|Win32
		{3A214E06-B95E-4D61-A291-1F8DF2EC10FD}.ReleaseS_SDL|Win32.ActiveCfg = ReleaseS|Win32
		{3A214E06-B95E-4D61-A291-1F8DF2EC10FD}.ReleaseS_SDL|Win32.Build.0 = ReleaseS|Win32
		{3A214E06-B95E-4D61-A291-1F8DF2EC10FD}.ReleaseS|Android.ActiveCfg = ReleaseS|Win32
		{3A214E06-B95E-4D61-A291-1F8DF2EC10FD}.ReleaseS|Win32.ActiveCfg = ReleaseS|Win32
		{3A214E06-B95E-4D61-A291-1F8DF2EC10FD}.ReleaseS|Win32.Build.0 = ReleaseS|Win32
		{CEBDE98B-A6AA-46E6-BC79-FAAF823DB9EC}.Debug_All|Android.ActiveCfg = Debug|Win32
		{CEBDE98B-A6AA-46E6-BC79-FAAF823DB9EC}.Debug_All|Win32.ActiveCfg = Debug|Win32
		{CEBDE98B-A6AA-46E6-BC79-FAAF823DB9EC}.Debug_All|Win32.Build.0 = Debug|Win32
		{CEBDE98B-A6AA-46E6-BC79-FAAF823DB9EC}.Debug_DirectSound|Android.ActiveCfg = Debug|Win32
		{CEBDE98B-A6AA-46E6-BC79-FAAF823DB9EC}.Debug_DirectSound|Win32.ActiveCfg = Debug|Win32
		{CEBDE98B-A6AA-46E6-BC79-FAAF823DB9EC}.Debug_DirectSound|Win32.Build.0 = Debug|Win32
		{CEBDE98B-A6AA-46E6-BC79-FAAF823DB9EC}.Debug_OpenAL|Android.ActiveCfg = Debug|Win32
		{CEBDE98B-A6AA-46E6-BC79-FAAF823DB9EC}.Debug_OpenAL|Win32.ActiveCfg = Debug|Win32
		{CEBDE98B-A6AA-46E6-BC79-FAAF823DB9EC}.Debug_OpenAL|Win32.Build.0 = Debug|Win32
		{CEBDE98B-A6AA-46E6-BC79-FAAF823DB9EC}.Debug_SDL|Android.ActiveCfg = Debug|Win32
		{CEBDE98B-A6AA-46E6-BC79-FAAF823DB9EC}.Debug_SDL|Win32.ActiveCfg = Debug|Win32
		{CEBDE98B-A6AA-46E6-BC79-FAAF823DB9EC}.Debug_SDL|Win32.Build.0 = Debug|Win32
		{CEBDE98B-A6AA-46E6-BC79-FAAF823DB9EC}.Debug|Android.ActiveCfg = Debug|Win32
		{CEBDE98B-A6AA-46E6-BC79-FAAF823DB9EC}.Debug|Win32.ActiveCfg = Debug|Win32
		{CEBDE98B-A6AA-46E6-BC79-FAAF823DB9EC}.Debug|Win32.Build.0 = Debug|Win32
		{CEBDE98B-A6AA-46E6-BC79-FAAF823DB9EC}.DebugS_All|Android.ActiveCfg = DebugS|Win32
		{CEBDE98B-A6AA-46E6-BC79-FAAF823DB9EC}.DebugS_All|Win32.ActiveCfg = DebugS|Win32
		{CEBDE98B-A6AA-46E6-BC79-FAAF823DB9EC}.DebugS_All|Win32.Build.0 = DebugS|Win32
		{CEBDE98B-A6AA-46E6-BC79-FAAF823DB9EC}.DebugS_DirectSound|Android.ActiveCfg = DebugS|Win32
		{CEBDE98B-A6AA-46E6-BC79-FAAF823DB9EC}.DebugS_DirectSound|Win32.ActiveCfg = DebugS|Win32
		{CEBDE98B-A6AA-46E6-BC79-FAAF823DB9EC}.DebugS_DirectSound|Win32.Build.0 = DebugS|Win32
		{CEBDE98B-A6AA-46E6-BC79-FAAF823DB9EC}.DebugS_OpenAL|Android.ActiveCfg = DebugS|Win32
		{CEBDE98B-A6AA-46E6-BC79-FAAF823DB9EC}.DebugS_OpenAL|Win32.ActiveCfg = DebugS|Win32
		{CEBDE98B-A6AA-46E6-BC79-FAAF823DB9EC}.DebugS_OpenAL|Win32.Build.0 = DebugS|Win32
		{CEBDE98B-A6AA-46E6-BC79-FAAF823DB9EC}.DebugS_SDL|Android.ActiveCfg = DebugS|Win32
		{CEBDE98B-A6AA-46E6-BC79-FAAF823DB9EC}.DebugS_SDL|Win32.ActiveCfg = DebugS|Win32
		{CEBDE98B-A6AA-46E6-BC79-FAAF823DB9EC}.DebugS_SDL|Win32.Build.0 = DebugS|Win32
		{CEBDE98B-A6AA-46E6-BC79-FAAF823DB9EC}.DebugS|Android.ActiveCfg = DebugS|Win32
		{CEBDE98B-A6AA-46E6-BC79-FAAF823DB9EC}.DebugS|Win32.ActiveCfg = DebugS|Win32
		{CEBDE98B-A6AA-46E6-BC79-FAAF823DB9EC}.DebugS|Win32.Build.0 = DebugS|Win32
		{CEBDE98B-A6AA-46E6-BC79-FAAF823DB9EC}.Release_All|Android.ActiveCfg = Release|Win32
		{CEBDE98B-A6AA-46E6-BC79-FAAF823DB9EC}.Release_All|Win32.ActiveCfg = Release|Win32
		{CEBDE98B-A6AA-46E6-BC79-FAAF823DB9EC}.Release_All|Win32.Build.0 = Release|Win32
		{CEBDE98B-A6AA-46E6-BC79-FAAF823DB9EC}.Release_DirectSound|Android.ActiveCfg = Release|Win32
		{CEBDE98B-A6AA-46E6-BC79-FAAF823DB9EC}.Release_DirectSound|Win32.ActiveCfg = Release|Win32
		{CEBDE98B-A6AA-46E6-BC79-FAAF823DB9EC}.Release_DirectSound|Win32.Build.0 = Release|Win32
		{CEBDE98B-A6AA-46E6-BC79-FAAF823DB9EC}.Release_OpenAL|Android.ActiveCfg = Release|Win32
		{CEBDE98B-A6AA-46E6-BC79-FAAF823DB9EC}.Release_OpenAL|Win32.ActiveCfg = Release|Win32
		{CEBDE98B-A6AA-46E6-BC79-FAAF823DB9EC}.Release_OpenAL|Win32.Build.0 = Release|Win32
		{CEBDE98B-A6AA-46E6-BC79-FAAF823DB9EC}.Release_SDL|Android.ActiveCfg = Release|Win32
		{CEBDE98B-A6AA-46E6-BC79-FAAF823DB9EC}.Release_SDL|Win32.ActiveCfg = Release|Win32
		{CEBDE98B-A6AA-46E6-BC79-FAAF823DB9EC}.Release_SDL|Win32.Build.0 = Release|Win32
		{CEBDE98B-A6AA-46E6-BC79-FAAF823DB9EC}.Release|Android.ActiveCfg = Release|Win32
		{CEBDE98B-A6AA-46E6-BC79-FAAF823DB9EC}.Release|Win32.ActiveCfg = Release|Win32
		{CEBDE98B-A6AA-46E6-BC79-FAAF823DB9EC}.Release|Win32.Build.0 = Release|Win32
		{CEBDE98B-A6AA-46E6-BC79-FAAF823DB9EC}.ReleaseS_All|Android.ActiveCfg = ReleaseS|Win32
		{CEBDE98B-A6AA-46E6-BC79-FAAF823DB9EC}.ReleaseS_All|Win32.ActiveCfg = ReleaseS|Win32
		{CEBDE98B-A6AA-46E6-BC79-FAAF823DB9EC}.ReleaseS_All|Win32.Build.0 = ReleaseS|Win32
		{CEBDE98B-A6AA-46E6-BC79-FAAF823DB9EC}.ReleaseS_DirectSound|Android.ActiveCfg = ReleaseS|Win32
		{CEBDE98B-A6AA-46E6-BC79-FAAF823DB9EC}.ReleaseS_DirectSound|Win32.ActiveCfg = ReleaseS|Win32
		{CEBDE98B-A6AA-46E6-BC79-FAAF823DB9EC}.ReleaseS_DirectSound|Win32.Build.0 = ReleaseS|Win32
		{CEBDE98B-A6AA-46E6-BC79-FAAF823DB9EC}.ReleaseS_OpenAL|Android.ActiveCfg = ReleaseS|Win32
		{CEBDE98B-A6AA-46E6-BC79-FAAF823DB9EC}.ReleaseS_OpenAL|Win32.ActiveCfg = ReleaseS|Win32
		{CEBDE98B-A6AA-46E6-BC79-FAAF823DB9EC}.ReleaseS_OpenAL|Win32.Build.0 = ReleaseS|Win32
		{CEBDE98B-A6AA-46E6-BC79-FAAF823DB9EC}.ReleaseS_SDL|Android.ActiveCfg = ReleaseS|Win32
		{CEBDE98B-A6AA-46E6-BC79-FAAF823DB9EC}.ReleaseS_SDL|Win32.ActiveCfg = ReleaseS|Win32
		{CEBDE98B-A6AA-46E6-BC79-FAAF823DB9EC}.ReleaseS_SDL|Win32.Build.0 = ReleaseS|Win32
		{CEBDE98B-A6AA-46E6-BC79-FAAF823DB9EC}.ReleaseS|Android.ActiveCfg = ReleaseS|Win32
		{CEBDE98B-A6AA-46E6-BC79-FAAF823DB9EC}.ReleaseS|Win32.ActiveCfg = ReleaseS|Win32
		{CEBDE98B-A6AA-46E6-BC79-FAAF823DB9EC}.ReleaseS|Win32.Build.0 = ReleaseS|Win32
		{C4A17CD4-6B3C-495C-AF61-961F8F86EA65}.Debug_All|Android.ActiveCfg = ReleaseS|Android
		{C4A17CD4-6B3C-495C-AF61-961F8F86EA65}.Debug_All|Android.Build.0 = ReleaseS|Android
		{C4A17CD4-6B3C-495C-AF61-961F8F86EA65}.Debug_All|Win32.ActiveCfg = ReleaseS|Android
		{C4A17CD4-6B3C-495C-AF61-961F8F86EA65}.Debug_DirectSound|Android.ActiveCfg = ReleaseS|Android
		{C4A17CD4-6B3C-495C-AF61-961F8F86EA65}.Debug_DirectSound|Android.Build.0 = ReleaseS|Android
		{C4A17CD4-6B3C-495C-AF61-961F8F86EA65}.Debug_DirectSound|Win32.ActiveCfg = ReleaseS|Android
		{C4A17CD4-6B3C-495C-AF61-961F8F86EA65}.Debug_OpenAL|Android.ActiveCfg = ReleaseS|Android
		{C4A17CD4-6B3C-495C-AF61-961F8F86EA65}.Debug_OpenAL|Android.Build.0 = ReleaseS|Android
		{C4A17CD4-6B3C-495C-AF61-961F8F86EA65}.Debug_OpenAL|Win32.ActiveCfg = ReleaseS|Android
		{C4A17CD4-6B3C-495C-AF61-961F8F86EA65}.Debug_SDL|Android.ActiveCfg = ReleaseS|Android
		{C4A17CD4-6B3C-495C-AF61-961F8F86EA65}.Debug_SDL|Android.Build.0 = ReleaseS|Android
		{C4A17CD4-6B3C-495C-AF61-961F8F86EA65}.Debug_SDL|Win32.ActiveCfg = ReleaseS|Android
		{C4A17CD4-6B3C-495C-AF61-961F8F86EA65}.Debug|Android.ActiveCfg = ReleaseS|Android
		{C4A17CD4-6B3C-495C-AF61-961F8F86EA65}.Debug|Android.Build.0 = ReleaseS|Android
		{C4A17CD4-6B3C-495C-AF61-961F8F86EA65}.Debug|Win32.ActiveCfg = ReleaseS|Android
		{C4A17CD4-6B3C-495C-AF61-961F8F86EA65}.DebugS_All|Android.ActiveCfg = ReleaseS|Android
		{C4A17CD4-6B3C-495C-AF61-961F8F86EA65}.DebugS_All|Android.Build.0 = ReleaseS|Android
		{C4A17CD4-6B3C-495C-AF61-961F8F86EA65}.DebugS_All|Win32.ActiveCfg = ReleaseS|Android
		{C4A17CD4-6B3C-495C-AF61-961F8F86EA65}.DebugS_DirectSound|Android.ActiveCfg = ReleaseS|Android
		{C4A17CD4-6B3C-495C-AF61-961F8F86EA65}.DebugS_DirectSound|Android.Build.0 = ReleaseS|Android
		{C4A17CD4-6B3C-495C-AF61-961F8F86EA65}.DebugS_DirectSound|Win32.ActiveCfg = ReleaseS|Android
		{C4A17CD4-6B3C-495C-AF61-961F8F86EA65}.DebugS_OpenAL|Android.ActiveCfg = ReleaseS|Android
		{C4A17CD4-6B3C-495C-AF61-961F8F86EA65}.DebugS_OpenAL|Android.Build.0 = ReleaseS|Android
		{C4A17CD4-6B3C-495C-AF61-961F8F86EA65}.DebugS_OpenAL|Win32.ActiveCfg = ReleaseS|Android
		{C4A17CD4-6B3C-495C-AF61-961F8F86EA65}.DebugS_SDL|Android.ActiveCfg = ReleaseS|Android
		{C4A17CD4-6B3C-495C-AF61-961F8F86EA65}.DebugS_SDL|Android.Build.0 = ReleaseS|Android
		{C4A17CD4-6B3C-495C-AF61-961F8F86EA65}.DebugS_SDL|Win32.ActiveCfg = ReleaseS|Android
		{C4A17CD4-6B3C-495C-AF61-961F8F86EA65}.DebugS|Android.ActiveCfg = ReleaseS|Android
		{C4A17CD4-6B3C-495C-AF61-961F8F86EA65}.DebugS|Android.Build.0 = ReleaseS|Android
		{C4A17CD4-6B3C-495C-AF61-961F8F86EA65}.DebugS|Win32.ActiveCfg = ReleaseS|Android
		{C4A17CD4-6B3C-495C-AF61-961F8F86EA65}.Release_All|Android.ActiveCfg = ReleaseS|Android
		{C4A17CD4-6B3C-495C-AF61-961F8F86EA65}.Release_All|Android.Build.0 = ReleaseS|Android
		{C4A17CD4-6B3C-495C-AF61-961F8F86EA65}.Release_All|Win32.ActiveCfg = ReleaseS|Android
		{C4A17CD4-6B3C-495C-AF61-961F8F86EA65}.Release_DirectSound|Android.ActiveCfg = ReleaseS|Android
		{C4A17CD4-6B3C-495C-AF61-961F8F86EA65}.Release_DirectSound|Android.Build.0 = ReleaseS|Android
		{C4A17CD4-6B3C-495C-AF61-961F8F86EA65}.Release_DirectSound|Win32.ActiveCfg = ReleaseS|Android
		{C4A17CD4-6B3C-495C-AF61-961F8F86EA65}.Release_OpenAL|Android.ActiveCfg = ReleaseS|Android
		{C4A17CD4-6B3C-495C-AF61-961F8F86EA65}.Release_OpenAL|Android.Build.0 = ReleaseS|Android
		{C4A17CD4-6B3C-495C-AF61-961F8F86EA65}.Release_OpenAL|Win32.ActiveCfg = ReleaseS|Android
		{C4A17CD4-6B3C-495C-AF61-961F8F86EA65}.Release_SDL|Android.ActiveCfg = ReleaseS|Android
		{C4A17CD4-6B3C-495C-AF61-961F8F86EA65}.Release_SDL|Android.Build.0 = ReleaseS|Android
		{C4A17CD4-6B3C-495C-AF61-961F8F86EA65}.Release_SDL|Win32.ActiveCfg = ReleaseS|Android
		{C4A17CD4-6B3C-495C-AF61-961F8F86EA65}.Release|Android.ActiveCfg = ReleaseS|Android
		{C4A17CD4-6B3C-495C-AF61-961F8F86EA65}.Release|Android.Build.0 = ReleaseS|Android
		{C4A17CD4-6B3C-495C-AF61-961F8F86EA65}.Release|Win32.ActiveCfg = ReleaseS|Android
		{C4A17CD4-6B3C-495C-AF61-961F8F86EA65}.ReleaseS_All|Android.ActiveCfg = ReleaseS|Android
		{C4A17CD4-6B3C-495C-AF61-961F8F86EA65}.ReleaseS_All|Android.Build.0 = ReleaseS|Android
		{C4A17CD4-6B3C-495C-AF61-961F8F86EA65}.ReleaseS_All|Win32.ActiveCfg = ReleaseS|Android
		{C4A17CD4-6B3C-495C-AF61-961F8F86EA65}.ReleaseS_DirectSound|Android.ActiveCfg = ReleaseS|Android
		{C4A17CD4-6B3C-495C-AF61-961F8F86EA65}.ReleaseS_DirectSound|Android.Build.0 = ReleaseS|Android
		{C4A17CD4-6B3C-495C-AF61-961F8F86EA65}.ReleaseS_DirectSound|Win32.ActiveCfg = ReleaseS|Android
		{C4A17CD4-6B3C-495C-AF61-961F8F86EA65}.ReleaseS_OpenAL|Android.ActiveCfg = ReleaseS|Android
		{C4A17CD4-6B3C-495C-AF61-961F8F86EA65}.ReleaseS_OpenAL|Android.Build.0 = ReleaseS|Android
		{C4A17CD4-6B3C-495C-AF61-961F8F86EA65}.ReleaseS_OpenAL|Win32.ActiveCfg = ReleaseS|Android
		{C4A17CD4-6B3C-495C-AF61-961F8F86EA65}.ReleaseS_SDL|Android.ActiveCfg = ReleaseS|Android
		{C4A17CD4-6B3C-495C-AF61-961F8F86EA65}.ReleaseS_SDL|Android.Build.0 = ReleaseS|Android
		{C4A17CD4-6B3C-495C-AF61-961F8F86EA65}.ReleaseS_SDL|Win32.ActiveCfg = ReleaseS|Android
		{C4A17CD4-6B3C-495C-AF61-961F8F86EA65}.ReleaseS|Android.ActiveCfg = ReleaseS|Android
		{C4A17CD4-6B3C-495C-AF61-961F8F86EA65}.ReleaseS|Android.Build.0 = ReleaseS|Android
		{C4A17CD4-6B3C-495C-AF61-961F8F86EA65}.ReleaseS|Win32.ActiveCfg = ReleaseS|Android
	EndGlobalSection
	GlobalSection(SolutionProperties) = preSolution
		HideSolutionNode = FALSE
	EndGlobalSection
EndGlobal
